// !$*UTF8*$!
{
	archiveVersion = 1;
	classes = {
	};
	objectVersion = 50;
	objects = {

/* Begin PBXBuildFile section */
		1A061DC32A165E6B00980D41 /* MSLCompModeScene.h in Headers */ = {isa = PBXBuildFile; fileRef = 1A061DC12A165E6B00980D41 /* MSLCompModeScene.h */; settings = {ATTRIBUTES = (Public, ); }; };
		1A061DC42A165E6B00980D41 /* MSLCompModeScene.m in Sources */ = {isa = PBXBuildFile; fileRef = 1A061DC22A165E6B00980D41 /* MSLCompModeScene.m */; };
		1A061DC82A165E8800980D41 /* MSLCompModeSceneShaderTypes.h in Headers */ = {isa = PBXBuildFile; fileRef = 1A061DC72A165E8500980D41 /* MSLCompModeSceneShaderTypes.h */; settings = {ATTRIBUTES = (Public, ); }; };
		1A061DCB2A165EDB00980D41 /* VVMetalKit.framework in Frameworks */ = {isa = PBXBuildFile; fileRef = 1A0FBE8D260E1C2E00FF39BB /* VVMetalKit.framework */; };
		1A0FBE92260E1C2E00FF39BB /* VVMetalKit.h in Headers */ = {isa = PBXBuildFile; fileRef = 1A0FBE90260E1C2E00FF39BB /* VVMetalKit.h */; settings = {ATTRIBUTES = (Public, ); }; };
		1A0FBEB2260E1F5000FF39BB /* SizingTool_metal.metal in Sources */ = {isa = PBXBuildFile; fileRef = 1A0FBE9B260E1F4F00FF39BB /* SizingTool_metal.metal */; };
		1A0FBEB5260E1F5000FF39BB /* CopierMTLScene.h in Headers */ = {isa = PBXBuildFile; fileRef = 1A0FBE9E260E1F4F00FF39BB /* CopierMTLScene.h */; settings = {ATTRIBUTES = (Public, ); }; };
		1A0FBEB9260E1F5000FF39BB /* CustomMetalView.h in Headers */ = {isa = PBXBuildFile; fileRef = 1A0FBEA2260E1F4F00FF39BB /* CustomMetalView.h */; settings = {ATTRIBUTES = (Public, ); }; };
		1A0FBEBE260E1F5000FF39BB /* SizingToolTypes.h in Headers */ = {isa = PBXBuildFile; fileRef = 1A0FBEA7260E1F5000FF39BB /* SizingToolTypes.h */; settings = {ATTRIBUTES = (Public, ); }; };
		1A0FBEC1260E1F5000FF39BB /* SizingTool_metal.h in Headers */ = {isa = PBXBuildFile; fileRef = 1A0FBEAA260E1F5000FF39BB /* SizingTool_metal.h */; settings = {ATTRIBUTES = (Public, ); }; };
		1A0FBEC3260E1F5000FF39BB /* CopierMTLScene.m in Sources */ = {isa = PBXBuildFile; fileRef = 1A0FBEAC260E1F5000FF39BB /* CopierMTLScene.m */; };
		1A0FBEC4260E1F5000FF39BB /* CustomMetalView.m in Sources */ = {isa = PBXBuildFile; fileRef = 1A0FBEAD260E1F5000FF39BB /* CustomMetalView.m */; };
		1A0FBEC5260E1F5000FF39BB /* CopierMTLScene.metal in Sources */ = {isa = PBXBuildFile; fileRef = 1A0FBEAE260E1F5000FF39BB /* CopierMTLScene.metal */; };
		1A0FBED7260E243500FF39BB /* SwizzleMTLScene.h in Headers */ = {isa = PBXBuildFile; fileRef = 1A0FBED5260E243500FF39BB /* SwizzleMTLScene.h */; settings = {ATTRIBUTES = (Public, ); }; };
		1A0FBED8260E243500FF39BB /* SwizzleMTLScene.mm in Sources */ = {isa = PBXBuildFile; fileRef = 1A0FBED6260E243500FF39BB /* SwizzleMTLScene.mm */; };
		1A0FBEDB260E244000FF39BB /* SwizzleMTLScene.metal in Sources */ = {isa = PBXBuildFile; fileRef = 1A0FBEDA260E244000FF39BB /* SwizzleMTLScene.metal */; };
		1A0FBEDF260E257600FF39BB /* RenderProperties.h in Headers */ = {isa = PBXBuildFile; fileRef = 1A0FBEDD260E257600FF39BB /* RenderProperties.h */; settings = {ATTRIBUTES = (Public, ); }; };
		1A0FBEE0260E257600FF39BB /* RenderProperties.m in Sources */ = {isa = PBXBuildFile; fileRef = 1A0FBEDE260E257600FF39BB /* RenderProperties.m */; };
		1A199DF0279F6A1F00EE9ACB /* VVColorConversions.h in Headers */ = {isa = PBXBuildFile; fileRef = 1A199DEF279F6A1F00EE9ACB /* VVColorConversions.h */; settings = {ATTRIBUTES = (Public, ); }; };
		1A199DF2279F6A2B00EE9ACB /* VVColorConversions.metal in Sources */ = {isa = PBXBuildFile; fileRef = 1A199DF1279F6A2B00EE9ACB /* VVColorConversions.metal */; };
		1A20CF012A46213B00F2EDBB /* VVMTLRecyclingPool.h in Headers */ = {isa = PBXBuildFile; fileRef = 1A20CF002A46213B00F2EDBB /* VVMTLRecyclingPool.h */; settings = {ATTRIBUTES = (Public, ); }; };
		1A20CF032A46225D00F2EDBB /* VVMTLRecycleableDescriptor.h in Headers */ = {isa = PBXBuildFile; fileRef = 1A20CF022A46225D00F2EDBB /* VVMTLRecycleableDescriptor.h */; settings = {ATTRIBUTES = (Public, ); }; };
		1A20CF062A499BC300F2EDBB /* VVMTLBufferDescriptor.h in Headers */ = {isa = PBXBuildFile; fileRef = 1A20CF042A499BC300F2EDBB /* VVMTLBufferDescriptor.h */; settings = {ATTRIBUTES = (Public, ); }; };
		1A20CF072A499BC300F2EDBB /* VVMTLBufferDescriptor.m in Sources */ = {isa = PBXBuildFile; fileRef = 1A20CF052A499BC300F2EDBB /* VVMTLBufferDescriptor.m */; };
		1A20CF0A2A499BCF00F2EDBB /* VVMTLTextureImageDescriptor.h in Headers */ = {isa = PBXBuildFile; fileRef = 1A20CF082A499BCF00F2EDBB /* VVMTLTextureImageDescriptor.h */; settings = {ATTRIBUTES = (Public, ); }; };
		1A20CF0B2A499BCF00F2EDBB /* VVMTLTextureImageDescriptor.m in Sources */ = {isa = PBXBuildFile; fileRef = 1A20CF092A499BCF00F2EDBB /* VVMTLTextureImageDescriptor.m */; };
		1A20CF0E2A4A1A3700F2EDBB /* VVMTLPool.h in Headers */ = {isa = PBXBuildFile; fileRef = 1A20CF0C2A4A1A3700F2EDBB /* VVMTLPool.h */; settings = {ATTRIBUTES = (Public, ); }; };
		1A20CF0F2A4A1A3700F2EDBB /* VVMTLPool.m in Sources */ = {isa = PBXBuildFile; fileRef = 1A20CF0D2A4A1A3700F2EDBB /* VVMTLPool.m */; };
		1A2149DA2638526B007AD273 /* SizingTool_objc.h in Headers */ = {isa = PBXBuildFile; fileRef = 1A2149D7263851BA007AD273 /* SizingTool_objc.h */; settings = {ATTRIBUTES = (Public, ); }; };
		1A2906652A16CAB700DD24AB /* MSLCompModeControllerResource.h in Headers */ = {isa = PBXBuildFile; fileRef = 1A2906632A16CAB700DD24AB /* MSLCompModeControllerResource.h */; settings = {ATTRIBUTES = (Public, ); }; };
		1A2906662A16CAB700DD24AB /* MSLCompModeControllerResource.m in Sources */ = {isa = PBXBuildFile; fileRef = 1A2906642A16CAB700DD24AB /* MSLCompModeControllerResource.m */; };
		1A3BB7852A13E94D003CDAE8 /* ISFMSLNSStringAdditions.mm in Sources */ = {isa = PBXBuildFile; fileRef = 1A3BB76D2A13E94C003CDAE8 /* ISFMSLNSStringAdditions.mm */; };
		1A3BB7862A13E94D003CDAE8 /* ISFMSLCache.h in Headers */ = {isa = PBXBuildFile; fileRef = 1A3BB76E2A13E94C003CDAE8 /* ISFMSLCache.h */; settings = {ATTRIBUTES = (Public, ); }; };
		1A3BB7872A13E94D003CDAE8 /* ISFMSLBinCacheObject.h in Headers */ = {isa = PBXBuildFile; fileRef = 1A3BB76F2A13E94C003CDAE8 /* ISFMSLBinCacheObject.h */; settings = {ATTRIBUTES = (Public, ); }; };
		1A3BB7882A13E94D003CDAE8 /* ISFMSLScene.h in Headers */ = {isa = PBXBuildFile; fileRef = 1A3BB7702A13E94C003CDAE8 /* ISFMSLScene.h */; settings = {ATTRIBUTES = (Public, ); }; };
		1A3BB7892A13E94D003CDAE8 /* ISFMSLCache.mm in Sources */ = {isa = PBXBuildFile; fileRef = 1A3BB7712A13E94C003CDAE8 /* ISFMSLCache.mm */; };
		1A3BB78A2A13E94D003CDAE8 /* ISFMSLSceneAttrib_priv.h in Headers */ = {isa = PBXBuildFile; fileRef = 1A3BB7722A13E94C003CDAE8 /* ISFMSLSceneAttrib_priv.h */; };
		1A3BB78B2A13E94D003CDAE8 /* ISFMSLSceneImgRef.h in Headers */ = {isa = PBXBuildFile; fileRef = 1A3BB7732A13E94C003CDAE8 /* ISFMSLSceneImgRef.h */; settings = {ATTRIBUTES = (Public, ); }; };
		1A3BB78C2A13E94D003CDAE8 /* ISFMSLSceneVal_priv.mm in Sources */ = {isa = PBXBuildFile; fileRef = 1A3BB7742A13E94C003CDAE8 /* ISFMSLSceneVal_priv.mm */; };
		1A3BB78D2A13E94D003CDAE8 /* ISFMSLScenePassTarget.h in Headers */ = {isa = PBXBuildFile; fileRef = 1A3BB7752A13E94C003CDAE8 /* ISFMSLScenePassTarget.h */; settings = {ATTRIBUTES = (Public, ); }; };
		1A3BB78E2A13E94D003CDAE8 /* ISFMSLSceneVal_priv.h in Headers */ = {isa = PBXBuildFile; fileRef = 1A3BB7762A13E94C003CDAE8 /* ISFMSLSceneVal_priv.h */; };
		1A3BB78F2A13E94D003CDAE8 /* ISFMSLSceneAttrib_priv.mm in Sources */ = {isa = PBXBuildFile; fileRef = 1A3BB7772A13E94D003CDAE8 /* ISFMSLSceneAttrib_priv.mm */; };
		1A3BB7902A13E94D003CDAE8 /* ISFMSLSceneAttrib.h in Headers */ = {isa = PBXBuildFile; fileRef = 1A3BB7782A13E94D003CDAE8 /* ISFMSLSceneAttrib.h */; settings = {ATTRIBUTES = (Public, ); }; };
		1A3BB7912A13E94D003CDAE8 /* ISFMSLNSStringAdditions.h in Headers */ = {isa = PBXBuildFile; fileRef = 1A3BB7792A13E94D003CDAE8 /* ISFMSLNSStringAdditions.h */; settings = {ATTRIBUTES = (Public, ); }; };
		1A3BB7922A13E94D003CDAE8 /* ISFMSLCacheObject.h in Headers */ = {isa = PBXBuildFile; fileRef = 1A3BB77A2A13E94D003CDAE8 /* ISFMSLCacheObject.h */; settings = {ATTRIBUTES = (Public, ); }; };
		1A3BB7932A13E94D003CDAE8 /* ISFMSLSceneImgRef_priv.h in Headers */ = {isa = PBXBuildFile; fileRef = 1A3BB77B2A13E94D003CDAE8 /* ISFMSLSceneImgRef_priv.h */; };
		1A3BB7942A13E94D003CDAE8 /* ISFMSLBinCacheObject.mm in Sources */ = {isa = PBXBuildFile; fileRef = 1A3BB77C2A13E94D003CDAE8 /* ISFMSLBinCacheObject.mm */; };
		1A3BB7952A13E94D003CDAE8 /* ISFMSLScene.mm in Sources */ = {isa = PBXBuildFile; fileRef = 1A3BB77D2A13E94D003CDAE8 /* ISFMSLScene.mm */; };
		1A3BB7962A13E94D003CDAE8 /* ISFMSLCacheObject.mm in Sources */ = {isa = PBXBuildFile; fileRef = 1A3BB77E2A13E94D003CDAE8 /* ISFMSLCacheObject.mm */; };
		1A3BB7972A13E94D003CDAE8 /* ISFMSLSceneImgRef_priv.mm in Sources */ = {isa = PBXBuildFile; fileRef = 1A3BB77F2A13E94D003CDAE8 /* ISFMSLSceneImgRef_priv.mm */; };
		1A3BB7982A13E94D003CDAE8 /* ISFMSLScenePassTarget_priv.mm in Sources */ = {isa = PBXBuildFile; fileRef = 1A3BB7802A13E94D003CDAE8 /* ISFMSLScenePassTarget_priv.mm */; };
		1A3BB7992A13E94D003CDAE8 /* ISFImage.h in Headers */ = {isa = PBXBuildFile; fileRef = 1A3BB7812A13E94D003CDAE8 /* ISFImage.h */; settings = {ATTRIBUTES = (Public, ); }; };
		1A3BB79A2A13E94D003CDAE8 /* ISFMSLKit.h in Headers */ = {isa = PBXBuildFile; fileRef = 1A3BB7822A13E94D003CDAE8 /* ISFMSLKit.h */; settings = {ATTRIBUTES = (Public, ); }; };
		1A3BB79B2A13E94D003CDAE8 /* ISFMSLScenePassTarget_priv.h in Headers */ = {isa = PBXBuildFile; fileRef = 1A3BB7832A13E94D003CDAE8 /* ISFMSLScenePassTarget_priv.h */; };
		1A3BB79C2A13E94D003CDAE8 /* ISFMSLSceneVal.h in Headers */ = {isa = PBXBuildFile; fileRef = 1A3BB7842A13E94D003CDAE8 /* ISFMSLSceneVal.h */; settings = {ATTRIBUTES = (Public, ); }; };
		1A3BB79F2A13E9E9003CDAE8 /* VVMetalKit.framework in Frameworks */ = {isa = PBXBuildFile; fileRef = 1A0FBE8D260E1C2E00FF39BB /* VVMetalKit.framework */; };
		1A3BB7BA2A13EA97003CDAE8 /* PINCache.framework in Frameworks */ = {isa = PBXBuildFile; fileRef = 1A3BB7B32A13EA79003CDAE8 /* PINCache.framework */; };
		1A3BB7D52A13EAEE003CDAE8 /* PINOperation.framework in Frameworks */ = {isa = PBXBuildFile; fileRef = 1A3BB7CE2A13EACF003CDAE8 /* PINOperation.framework */; };
		1A3BB7E72A13EBC4003CDAE8 /* libGLSLangValidatorLib.dylib in Frameworks */ = {isa = PBXBuildFile; fileRef = 1A3BB7E62A13EBC4003CDAE8 /* libGLSLangValidatorLib.dylib */; };
		1A3BB7E92A13EBC8003CDAE8 /* libSPIRVCrossLib.dylib in Frameworks */ = {isa = PBXBuildFile; fileRef = 1A3BB7E82A13EBC8003CDAE8 /* libSPIRVCrossLib.dylib */; };
		1A3BB7EA2A13EBCC003CDAE8 /* libGLSLangValidatorLib.dylib in Embed Frameworks */ = {isa = PBXBuildFile; fileRef = 1A3BB7E62A13EBC4003CDAE8 /* libGLSLangValidatorLib.dylib */; settings = {ATTRIBUTES = (CodeSignOnCopy, ); }; };
		1A3BB7EB2A13EBCE003CDAE8 /* libSPIRVCrossLib.dylib in Embed Frameworks */ = {isa = PBXBuildFile; fileRef = 1A3BB7E82A13EBC8003CDAE8 /* libSPIRVCrossLib.dylib */; settings = {ATTRIBUTES = (CodeSignOnCopy, ); }; };
		1A4819732816C7AD00CE2D00 /* BilinearInterpolation.h in Headers */ = {isa = PBXBuildFile; fileRef = 1A4819722816C7AD00CE2D00 /* BilinearInterpolation.h */; settings = {ATTRIBUTES = (Public, ); }; };
		1A4819742816C7AD00CE2D00 /* BilinearInterpolation.h in Headers */ = {isa = PBXBuildFile; fileRef = 1A4819722816C7AD00CE2D00 /* BilinearInterpolation.h */; settings = {ATTRIBUTES = (Public, ); }; };
		1A4819762816C7C800CE2D00 /* BilinearInterpolation.metal in Sources */ = {isa = PBXBuildFile; fileRef = 1A4819752816C7C800CE2D00 /* BilinearInterpolation.metal */; };
		1A4819772816C7C800CE2D00 /* BilinearInterpolation.metal in Sources */ = {isa = PBXBuildFile; fileRef = 1A4819752816C7C800CE2D00 /* BilinearInterpolation.metal */; };
		1A4819792816C7D600CE2D00 /* BicubicInterpolation.h in Headers */ = {isa = PBXBuildFile; fileRef = 1A4819782816C7D600CE2D00 /* BicubicInterpolation.h */; settings = {ATTRIBUTES = (Public, ); }; };
		1A48197A2816C7D600CE2D00 /* BicubicInterpolation.h in Headers */ = {isa = PBXBuildFile; fileRef = 1A4819782816C7D600CE2D00 /* BicubicInterpolation.h */; settings = {ATTRIBUTES = (Public, ); }; };
		1A48197C2816C7E100CE2D00 /* BicubicInterpolation.metal in Sources */ = {isa = PBXBuildFile; fileRef = 1A48197B2816C7E100CE2D00 /* BicubicInterpolation.metal */; };
		1A48197D2816C7E100CE2D00 /* BicubicInterpolation.metal in Sources */ = {isa = PBXBuildFile; fileRef = 1A48197B2816C7E100CE2D00 /* BicubicInterpolation.metal */; };
		1A4D50DA2A14320B008F1E7C /* ISFMSLKit.mm in Sources */ = {isa = PBXBuildFile; fileRef = 1A4D50D92A14320B008F1E7C /* ISFMSLKit.mm */; };
		1A89211E2A0BDDED00C19DE3 /* CustomMetalViewShaderTypes.h in Headers */ = {isa = PBXBuildFile; fileRef = 1A89211D2A0BDDED00C19DE3 /* CustomMetalViewShaderTypes.h */; settings = {ATTRIBUTES = (Public, ); }; };
		1A9174AB2A12D7D9005274B4 /* MTLEncodedDrawObject.h in Headers */ = {isa = PBXBuildFile; fileRef = 1A9174A92A12D7D9005274B4 /* MTLEncodedDrawObject.h */; settings = {ATTRIBUTES = (Public, ); }; };
		1A9174AC2A12D7D9005274B4 /* MTLEncodedDrawObject.h in Headers */ = {isa = PBXBuildFile; fileRef = 1A9174A92A12D7D9005274B4 /* MTLEncodedDrawObject.h */; };
		1A9174AD2A12D7D9005274B4 /* MTLEncodedDrawObject.m in Sources */ = {isa = PBXBuildFile; fileRef = 1A9174AA2A12D7D9005274B4 /* MTLEncodedDrawObject.m */; };
		1A9174AE2A12D7D9005274B4 /* MTLEncodedDrawObject.m in Sources */ = {isa = PBXBuildFile; fileRef = 1A9174AA2A12D7D9005274B4 /* MTLEncodedDrawObject.m */; };
		1A976B6A2A461D4C00C654FA /* VVMTLImage.h in Headers */ = {isa = PBXBuildFile; fileRef = 1A976B612A461D4C00C654FA /* VVMTLImage.h */; settings = {ATTRIBUTES = (Public, ); }; };
		1A976B6D2A461D4C00C654FA /* VVMTLRecycleable.h in Headers */ = {isa = PBXBuildFile; fileRef = 1A976B642A461D4C00C654FA /* VVMTLRecycleable.h */; settings = {ATTRIBUTES = (Public, ); }; };
		1A976B6E2A461D4C00C654FA /* VVMTLBuffer.h in Headers */ = {isa = PBXBuildFile; fileRef = 1A976B652A461D4C00C654FA /* VVMTLBuffer.h */; settings = {ATTRIBUTES = (Public, ); }; };
		1A976B6F2A461D4C00C654FA /* VVMTLTimestamp.h in Headers */ = {isa = PBXBuildFile; fileRef = 1A976B662A461D4C00C654FA /* VVMTLTimestamp.h */; settings = {ATTRIBUTES = (Public, ); }; };
		1A976B712A461D4C00C654FA /* VVMTLTextureImage.h in Headers */ = {isa = PBXBuildFile; fileRef = 1A976B682A461D4C00C654FA /* VVMTLTextureImage.h */; settings = {ATTRIBUTES = (Public, ); }; };
		1A9924052A4DA41F00F5094D /* VVMTLBuffer.m in Sources */ = {isa = PBXBuildFile; fileRef = 1A9924042A4DA41F00F5094D /* VVMTLBuffer.m */; };
		1A9924132A4DA43400F5094D /* VVMTLTextureImage.m in Sources */ = {isa = PBXBuildFile; fileRef = 1A9924122A4DA43400F5094D /* VVMTLTextureImage.m */; };
		1AAF56C92A14237200626430 /* CoreGraphics.framework in Frameworks */ = {isa = PBXBuildFile; fileRef = 1AAF56C82A14237200626430 /* CoreGraphics.framework */; };
		1AAF56CC2A14238400626430 /* MetalKit.framework in Frameworks */ = {isa = PBXBuildFile; fileRef = 1AAF56CA2A14238400626430 /* MetalKit.framework */; };
		1AAF56CD2A14238400626430 /* Metal.framework in Frameworks */ = {isa = PBXBuildFile; fileRef = 1AAF56CB2A14238400626430 /* Metal.framework */; };
		1ABAD0DC27CEB41100466A69 /* SwizzleMTLSceneTypes.m in Sources */ = {isa = PBXBuildFile; fileRef = 1ABAD0DB27CEB41100466A69 /* SwizzleMTLSceneTypes.m */; };
		1ABDF7AE2A214E3D00EE8708 /* VVMacros.h in Headers */ = {isa = PBXBuildFile; fileRef = 1ABDF7A12A214E3D00EE8708 /* VVMacros.h */; };
		1ABE244F2A4DE87400317187 /* VVMTLScene.h in Headers */ = {isa = PBXBuildFile; fileRef = 1ABE244D2A4DE87400317187 /* VVMTLScene.h */; settings = {ATTRIBUTES = (Public, ); }; };
		1ABE24502A4DE87500317187 /* VVMTLScene.m in Sources */ = {isa = PBXBuildFile; fileRef = 1ABE244E2A4DE87400317187 /* VVMTLScene.m */; };
		1ABE24532A4DE88200317187 /* VVMTLComputeScene.h in Headers */ = {isa = PBXBuildFile; fileRef = 1ABE24512A4DE88200317187 /* VVMTLComputeScene.h */; settings = {ATTRIBUTES = (Public, ); }; };
		1ABE24542A4DE88200317187 /* VVMTLComputeScene.m in Sources */ = {isa = PBXBuildFile; fileRef = 1ABE24522A4DE88200317187 /* VVMTLComputeScene.m */; };
		1ABE24572A4DE88B00317187 /* VVMTLRenderScene.h in Headers */ = {isa = PBXBuildFile; fileRef = 1ABE24552A4DE88B00317187 /* VVMTLRenderScene.h */; settings = {ATTRIBUTES = (Public, ); }; };
		1ABE24582A4DE88B00317187 /* VVMTLRenderScene.m in Sources */ = {isa = PBXBuildFile; fileRef = 1ABE24562A4DE88B00317187 /* VVMTLRenderScene.m */; };
		1ABE245B2A4DE8A500317187 /* VVMTLTextureImageRectView.h in Headers */ = {isa = PBXBuildFile; fileRef = 1ABE24592A4DE8A500317187 /* VVMTLTextureImageRectView.h */; settings = {ATTRIBUTES = (Public, ); }; };
		1ABE245C2A4DE8A500317187 /* VVMTLTextureImageRectView.m in Sources */ = {isa = PBXBuildFile; fileRef = 1ABE245A2A4DE8A500317187 /* VVMTLTextureImageRectView.m */; };
		1ABE245F2A4DE8B400317187 /* VVMTLTextureImageView.h in Headers */ = {isa = PBXBuildFile; fileRef = 1ABE245D2A4DE8B400317187 /* VVMTLTextureImageView.h */; settings = {ATTRIBUTES = (Public, ); }; };
		1ABE24602A4DE8B400317187 /* VVMTLTextureImageView.m in Sources */ = {isa = PBXBuildFile; fileRef = 1ABE245E2A4DE8B400317187 /* VVMTLTextureImageView.m */; };
		1ABE24632A4DE8E600317187 /* VVMTLTextureImageRectView.metal in Sources */ = {isa = PBXBuildFile; fileRef = 1ABE24622A4DE8E600317187 /* VVMTLTextureImageRectView.metal */; };
		1ABE24652A4DE90400317187 /* VVMTLTextureImageShaderTypes.h in Headers */ = {isa = PBXBuildFile; fileRef = 1ABE24642A4DE90000317187 /* VVMTLTextureImageShaderTypes.h */; settings = {ATTRIBUTES = (Public, ); }; };
		1ABE24662A4DE90A00317187 /* VVMTLTextureImageRectViewShaderTypes.h in Headers */ = {isa = PBXBuildFile; fileRef = 1ABE24612A4DE8CC00317187 /* VVMTLTextureImageRectViewShaderTypes.h */; settings = {ATTRIBUTES = (Public, ); }; };
		1ABE24682A4DF47200317187 /* VVMTLScene_priv.h in Headers */ = {isa = PBXBuildFile; fileRef = 1ABE24672A4DF47200317187 /* VVMTLScene_priv.h */; };
		1AC82CC927FF2901009A9989 /* SwizzleMTLSceneTypes.h in Headers */ = {isa = PBXBuildFile; fileRef = 1ADE965F26FBB12200148612 /* SwizzleMTLSceneTypes.h */; settings = {ATTRIBUTES = (Public, ); }; };
		1AC82CCA27FF2901009A9989 /* CustomMetalView.h in Headers */ = {isa = PBXBuildFile; fileRef = 1A0FBEA2260E1F4F00FF39BB /* CustomMetalView.h */; settings = {ATTRIBUTES = (Public, ); }; };
		1AC82CCB27FF2901009A9989 /* SwizzleMTLScene.h in Headers */ = {isa = PBXBuildFile; fileRef = 1A0FBED5260E243500FF39BB /* SwizzleMTLScene.h */; settings = {ATTRIBUTES = (Public, ); }; };
		1AC82CD127FF2901009A9989 /* RenderProperties.h in Headers */ = {isa = PBXBuildFile; fileRef = 1A0FBEDD260E257600FF39BB /* RenderProperties.h */; settings = {ATTRIBUTES = (Public, ); }; };
		1AC82CD227FF2901009A9989 /* CopierMTLScene.h in Headers */ = {isa = PBXBuildFile; fileRef = 1A0FBE9E260E1F4F00FF39BB /* CopierMTLScene.h */; settings = {ATTRIBUTES = (Public, ); }; };
		1AC82CD327FF2901009A9989 /* VVMetalKit.h in Headers */ = {isa = PBXBuildFile; fileRef = 1A0FBE90260E1C2E00FF39BB /* VVMetalKit.h */; settings = {ATTRIBUTES = (Public, ); }; };
		1AC82CD427FF2901009A9989 /* SizingTool_objc.h in Headers */ = {isa = PBXBuildFile; fileRef = 1A2149D7263851BA007AD273 /* SizingTool_objc.h */; settings = {ATTRIBUTES = (Public, ); }; };
		1AC82CD827FF2901009A9989 /* SizingTool_c.h in Headers */ = {isa = PBXBuildFile; fileRef = 1AE5D72326165A470064DC1C /* SizingTool_c.h */; settings = {ATTRIBUTES = (Public, ); }; };
		1AC82CDA27FF2901009A9989 /* SizingToolTypes.h in Headers */ = {isa = PBXBuildFile; fileRef = 1A0FBEA7260E1F5000FF39BB /* SizingToolTypes.h */; settings = {ATTRIBUTES = (Public, ); }; };
		1AC82CDB27FF2901009A9989 /* VVColorConversions.h in Headers */ = {isa = PBXBuildFile; fileRef = 1A199DEF279F6A1F00EE9ACB /* VVColorConversions.h */; settings = {ATTRIBUTES = (Public, ); }; };
		1AC82CDC27FF2901009A9989 /* SizingTool_metal.h in Headers */ = {isa = PBXBuildFile; fileRef = 1A0FBEAA260E1F5000FF39BB /* SizingTool_metal.h */; settings = {ATTRIBUTES = (Public, ); }; };
		1AC82CE227FF2901009A9989 /* SwizzleMTLSceneTypes.m in Sources */ = {isa = PBXBuildFile; fileRef = 1ABAD0DB27CEB41100466A69 /* SwizzleMTLSceneTypes.m */; };
		1AC82CE327FF2901009A9989 /* CopierMTLScene.metal in Sources */ = {isa = PBXBuildFile; fileRef = 1A0FBEAE260E1F5000FF39BB /* CopierMTLScene.metal */; };
		1AC82CE427FF2901009A9989 /* CopierMTLScene.m in Sources */ = {isa = PBXBuildFile; fileRef = 1A0FBEAC260E1F5000FF39BB /* CopierMTLScene.m */; };
		1AC82CE727FF2901009A9989 /* SizingTool_metal.metal in Sources */ = {isa = PBXBuildFile; fileRef = 1A0FBE9B260E1F4F00FF39BB /* SizingTool_metal.metal */; };
		1AC82CE927FF2901009A9989 /* SwizzleMTLScene.mm in Sources */ = {isa = PBXBuildFile; fileRef = 1A0FBED6260E243500FF39BB /* SwizzleMTLScene.mm */; };
		1AC82CEB27FF2901009A9989 /* CustomMetalView.m in Sources */ = {isa = PBXBuildFile; fileRef = 1A0FBEAD260E1F5000FF39BB /* CustomMetalView.m */; };
		1AC82CED27FF2901009A9989 /* RenderProperties.m in Sources */ = {isa = PBXBuildFile; fileRef = 1A0FBEDE260E257600FF39BB /* RenderProperties.m */; };
		1AC82CEE27FF2901009A9989 /* VVColorConversions.metal in Sources */ = {isa = PBXBuildFile; fileRef = 1A199DF1279F6A2B00EE9ACB /* VVColorConversions.metal */; };
		1AC82CEF27FF2901009A9989 /* SwizzleMTLScene.metal in Sources */ = {isa = PBXBuildFile; fileRef = 1A0FBEDA260E244000FF39BB /* SwizzleMTLScene.metal */; };
		1ADBC7502A141CAB008FB1CA /* libISFGLSLGenerator.dylib in Frameworks */ = {isa = PBXBuildFile; fileRef = 1ADBC74F2A141CAB008FB1CA /* libISFGLSLGenerator.dylib */; };
		1ADBC7512A141CB6008FB1CA /* libISFGLSLGenerator.dylib in Embed Frameworks */ = {isa = PBXBuildFile; fileRef = 1ADBC74F2A141CAB008FB1CA /* libISFGLSLGenerator.dylib */; settings = {ATTRIBUTES = (CodeSignOnCopy, ); }; };
		1AE5D72526165A470064DC1C /* SizingTool_c.h in Headers */ = {isa = PBXBuildFile; fileRef = 1AE5D72326165A470064DC1C /* SizingTool_c.h */; settings = {ATTRIBUTES = (Public, ); }; };
		1AED790E2A1524D6004C0126 /* MSLCompModes.h in Headers */ = {isa = PBXBuildFile; fileRef = 1AED790D2A1524D6004C0126 /* MSLCompModes.h */; settings = {ATTRIBUTES = (Public, ); }; };
		1AED79202A152510004C0126 /* MSLCompMode.h in Headers */ = {isa = PBXBuildFile; fileRef = 1AED791E2A152510004C0126 /* MSLCompMode.h */; settings = {ATTRIBUTES = (Public, ); }; };
		1AED79212A152510004C0126 /* MSLCompMode.mm in Sources */ = {isa = PBXBuildFile; fileRef = 1AED791F2A152510004C0126 /* MSLCompMode.mm */; };
		1AED79242A152517004C0126 /* MSLCompModeController.h in Headers */ = {isa = PBXBuildFile; fileRef = 1AED79222A152517004C0126 /* MSLCompModeController.h */; settings = {ATTRIBUTES = (Public, ); }; };
		1AED79252A152517004C0126 /* MSLCompModeController.mm in Sources */ = {isa = PBXBuildFile; fileRef = 1AED79232A152517004C0126 /* MSLCompModeController.mm */; };
		1AED79282A15252C004C0126 /* MSLCompModeRecipeStep.h in Headers */ = {isa = PBXBuildFile; fileRef = 1AED79262A15252C004C0126 /* MSLCompModeRecipeStep.h */; settings = {ATTRIBUTES = (Public, ); }; };
		1AED79292A15252C004C0126 /* MSLCompModeRecipeStep.m in Sources */ = {isa = PBXBuildFile; fileRef = 1AED79272A15252C004C0126 /* MSLCompModeRecipeStep.m */; };
		1AED792C2A152539004C0126 /* MSLCompModeRecipe.h in Headers */ = {isa = PBXBuildFile; fileRef = 1AED792A2A152539004C0126 /* MSLCompModeRecipe.h */; settings = {ATTRIBUTES = (Public, ); }; };
		1AED792D2A152539004C0126 /* MSLCompModeRecipe.m in Sources */ = {isa = PBXBuildFile; fileRef = 1AED792B2A152539004C0126 /* MSLCompModeRecipe.m */; };
		1AED793C2A152BC0004C0126 /* MSLCompModeNSStringAdditions.h in Headers */ = {isa = PBXBuildFile; fileRef = 1AED793A2A152BC0004C0126 /* MSLCompModeNSStringAdditions.h */; };
		1AED793D2A152BC0004C0126 /* MSLCompModeNSStringAdditions.m in Sources */ = {isa = PBXBuildFile; fileRef = 1AED793B2A152BC0004C0126 /* MSLCompModeNSStringAdditions.m */; };
		1AFBC01326FBD021002D7995 /* SwizzleMTLSceneTypes.h in Headers */ = {isa = PBXBuildFile; fileRef = 1ADE965F26FBB12200148612 /* SwizzleMTLSceneTypes.h */; settings = {ATTRIBUTES = (Public, ); }; };
/* End PBXBuildFile section */

/* Begin PBXContainerItemProxy section */
		1A061DC92A165ED600980D41 /* PBXContainerItemProxy */ = {
			isa = PBXContainerItemProxy;
			containerPortal = 1A0FBE84260E1C2E00FF39BB /* Project object */;
			proxyType = 1;
			remoteGlobalIDString = 1A0FBE8C260E1C2E00FF39BB;
			remoteInfo = VVMetalKit;
		};
		1A276F462A1408A7002E3795 /* PBXContainerItemProxy */ = {
			isa = PBXContainerItemProxy;
			containerPortal = 1A0FBE84260E1C2E00FF39BB /* Project object */;
			proxyType = 1;
			remoteGlobalIDString = 1A276F422A1407EF002E3795;
			remoteInfo = ISFGLSLGenerator;
		};
		1A3BB79D2A13E9E0003CDAE8 /* PBXContainerItemProxy */ = {
			isa = PBXContainerItemProxy;
			containerPortal = 1A0FBE84260E1C2E00FF39BB /* Project object */;
			proxyType = 1;
			remoteGlobalIDString = 1A0FBE8C260E1C2E00FF39BB;
			remoteInfo = VVMetalKit;
		};
		1A3BB7AA2A13EA79003CDAE8 /* PBXContainerItemProxy */ = {
			isa = PBXContainerItemProxy;
			containerPortal = 1A3BB7A02A13EA78003CDAE8 /* PINCache.xcodeproj */;
			proxyType = 2;
			remoteGlobalIDString = CC0105B11E271A1600890935;
			remoteInfo = PINCache;
		};
		1A3BB7AC2A13EA79003CDAE8 /* PBXContainerItemProxy */ = {
			isa = PBXContainerItemProxy;
			containerPortal = 1A3BB7A02A13EA78003CDAE8 /* PINCache.xcodeproj */;
			proxyType = 2;
			remoteGlobalIDString = CC0105DA1E271A5C00890935;
			remoteInfo = PINCacheTests;
		};
		1A3BB7AE2A13EA79003CDAE8 /* PBXContainerItemProxy */ = {
			isa = PBXContainerItemProxy;
			containerPortal = 1A3BB7A02A13EA78003CDAE8 /* PINCache.xcodeproj */;
			proxyType = 2;
			remoteGlobalIDString = CC0105C11E271A4000890935;
			remoteInfo = "PINCache-tvOS";
		};
		1A3BB7B02A13EA79003CDAE8 /* PBXContainerItemProxy */ = {
			isa = PBXContainerItemProxy;
			containerPortal = 1A3BB7A02A13EA78003CDAE8 /* PINCache.xcodeproj */;
			proxyType = 2;
			remoteGlobalIDString = CC0105E91E271A6400890935;
			remoteInfo = "PINCache-tvOSTests";
		};
		1A3BB7B22A13EA79003CDAE8 /* PBXContainerItemProxy */ = {
			isa = PBXContainerItemProxy;
			containerPortal = 1A3BB7A02A13EA78003CDAE8 /* PINCache.xcodeproj */;
			proxyType = 2;
			remoteGlobalIDString = CC0105CE1E271A4900890935;
			remoteInfo = "PINCache-macOS";
		};
		1A3BB7B42A13EA79003CDAE8 /* PBXContainerItemProxy */ = {
			isa = PBXContainerItemProxy;
			containerPortal = 1A3BB7A02A13EA78003CDAE8 /* PINCache.xcodeproj */;
			proxyType = 2;
			remoteGlobalIDString = CC0105F81E271A7300890935;
			remoteInfo = "PINCache-macOSTests";
		};
		1A3BB7B62A13EA79003CDAE8 /* PBXContainerItemProxy */ = {
			isa = PBXContainerItemProxy;
			containerPortal = 1A3BB7A02A13EA78003CDAE8 /* PINCache.xcodeproj */;
			proxyType = 2;
			remoteGlobalIDString = 320117A124444DF7004FD783;
			remoteInfo = "PINCache-watchOS";
		};
		1A3BB7B82A13EA8A003CDAE8 /* PBXContainerItemProxy */ = {
			isa = PBXContainerItemProxy;
			containerPortal = 1A3BB7A02A13EA78003CDAE8 /* PINCache.xcodeproj */;
			proxyType = 1;
			remoteGlobalIDString = CC0105CD1E271A4900890935;
			remoteInfo = "PINCache-macOS";
		};
		1A3BB7C52A13EACF003CDAE8 /* PBXContainerItemProxy */ = {
			isa = PBXContainerItemProxy;
			containerPortal = 1A3BB7BB2A13EACF003CDAE8 /* PINOperation.xcodeproj */;
			proxyType = 2;
			remoteGlobalIDString = CC01052D1E27110D00890935;
			remoteInfo = PINOperation;
		};
		1A3BB7C72A13EACF003CDAE8 /* PBXContainerItemProxy */ = {
			isa = PBXContainerItemProxy;
			containerPortal = 1A3BB7BB2A13EACF003CDAE8 /* PINOperation.xcodeproj */;
			proxyType = 2;
			remoteGlobalIDString = CC0105561E27116600890935;
			remoteInfo = PINOperationTests;
		};
		1A3BB7C92A13EACF003CDAE8 /* PBXContainerItemProxy */ = {
			isa = PBXContainerItemProxy;
			containerPortal = 1A3BB7BB2A13EACF003CDAE8 /* PINOperation.xcodeproj */;
			proxyType = 2;
			remoteGlobalIDString = CC01053D1E27113700890935;
			remoteInfo = "PINOperation-tvOS";
		};
		1A3BB7CB2A13EACF003CDAE8 /* PBXContainerItemProxy */ = {
			isa = PBXContainerItemProxy;
			containerPortal = 1A3BB7BB2A13EACF003CDAE8 /* PINOperation.xcodeproj */;
			proxyType = 2;
			remoteGlobalIDString = CC0105651E27117300890935;
			remoteInfo = "PINOperation-tvOSTests";
		};
		1A3BB7CD2A13EACF003CDAE8 /* PBXContainerItemProxy */ = {
			isa = PBXContainerItemProxy;
			containerPortal = 1A3BB7BB2A13EACF003CDAE8 /* PINOperation.xcodeproj */;
			proxyType = 2;
			remoteGlobalIDString = CC01054A1E27114300890935;
			remoteInfo = "PINOperation-macOS";
		};
		1A3BB7CF2A13EACF003CDAE8 /* PBXContainerItemProxy */ = {
			isa = PBXContainerItemProxy;
			containerPortal = 1A3BB7BB2A13EACF003CDAE8 /* PINOperation.xcodeproj */;
			proxyType = 2;
			remoteGlobalIDString = CC0105741E27117F00890935;
			remoteInfo = "PINOperation-macOSTests";
		};
		1A3BB7D12A13EACF003CDAE8 /* PBXContainerItemProxy */ = {
			isa = PBXContainerItemProxy;
			containerPortal = 1A3BB7BB2A13EACF003CDAE8 /* PINOperation.xcodeproj */;
			proxyType = 2;
			remoteGlobalIDString = 3201178C24444859004FD783;
			remoteInfo = "PINOperation-watchOS";
		};
		1A3BB7D32A13EAE6003CDAE8 /* PBXContainerItemProxy */ = {
			isa = PBXContainerItemProxy;
			containerPortal = 1A3BB7BB2A13EACF003CDAE8 /* PINOperation.xcodeproj */;
			proxyType = 1;
			remoteGlobalIDString = CC0105491E27114300890935;
			remoteInfo = "PINOperation-macOS";
		};
/* End PBXContainerItemProxy section */

/* Begin PBXCopyFilesBuildPhase section */
		1A3BB7E42A13EB8A003CDAE8 /* Embed Frameworks */ = {
			isa = PBXCopyFilesBuildPhase;
			buildActionMask = 2147483647;
			dstPath = "";
			dstSubfolderSpec = 10;
			files = (
				1A3BB7EA2A13EBCC003CDAE8 /* libGLSLangValidatorLib.dylib in Embed Frameworks */,
				1A3BB7EB2A13EBCE003CDAE8 /* libSPIRVCrossLib.dylib in Embed Frameworks */,
				1ADBC7512A141CB6008FB1CA /* libISFGLSLGenerator.dylib in Embed Frameworks */,
			);
			name = "Embed Frameworks";
			runOnlyForDeploymentPostprocessing = 0;
		};
/* End PBXCopyFilesBuildPhase section */

/* Begin PBXFileReference section */
		1A061DC12A165E6B00980D41 /* MSLCompModeScene.h */ = {isa = PBXFileReference; lastKnownFileType = sourcecode.c.h; path = MSLCompModeScene.h; sourceTree = "<group>"; };
		1A061DC22A165E6B00980D41 /* MSLCompModeScene.m */ = {isa = PBXFileReference; lastKnownFileType = sourcecode.c.objc; path = MSLCompModeScene.m; sourceTree = "<group>"; };
		1A061DC72A165E8500980D41 /* MSLCompModeSceneShaderTypes.h */ = {isa = PBXFileReference; lastKnownFileType = sourcecode.c.h; path = MSLCompModeSceneShaderTypes.h; sourceTree = "<group>"; };
		1A0FBE8D260E1C2E00FF39BB /* VVMetalKit.framework */ = {isa = PBXFileReference; explicitFileType = wrapper.framework; includeInIndex = 0; path = VVMetalKit.framework; sourceTree = BUILT_PRODUCTS_DIR; };
		1A0FBE90260E1C2E00FF39BB /* VVMetalKit.h */ = {isa = PBXFileReference; lastKnownFileType = sourcecode.c.h; path = VVMetalKit.h; sourceTree = "<group>"; };
		1A0FBE91260E1C2E00FF39BB /* Info.plist */ = {isa = PBXFileReference; lastKnownFileType = text.plist.xml; path = Info.plist; sourceTree = "<group>"; };
		1A0FBE9B260E1F4F00FF39BB /* SizingTool_metal.metal */ = {isa = PBXFileReference; fileEncoding = 4; lastKnownFileType = sourcecode.metal; path = SizingTool_metal.metal; sourceTree = "<group>"; };
		1A0FBE9E260E1F4F00FF39BB /* CopierMTLScene.h */ = {isa = PBXFileReference; fileEncoding = 4; lastKnownFileType = sourcecode.c.h; path = CopierMTLScene.h; sourceTree = "<group>"; };
		1A0FBEA2260E1F4F00FF39BB /* CustomMetalView.h */ = {isa = PBXFileReference; fileEncoding = 4; lastKnownFileType = sourcecode.c.h; path = CustomMetalView.h; sourceTree = "<group>"; };
		1A0FBEA7260E1F5000FF39BB /* SizingToolTypes.h */ = {isa = PBXFileReference; fileEncoding = 4; lastKnownFileType = sourcecode.c.h; path = SizingToolTypes.h; sourceTree = "<group>"; };
		1A0FBEAA260E1F5000FF39BB /* SizingTool_metal.h */ = {isa = PBXFileReference; fileEncoding = 4; lastKnownFileType = sourcecode.c.h; path = SizingTool_metal.h; sourceTree = "<group>"; };
		1A0FBEAC260E1F5000FF39BB /* CopierMTLScene.m */ = {isa = PBXFileReference; fileEncoding = 4; lastKnownFileType = sourcecode.c.objc; path = CopierMTLScene.m; sourceTree = "<group>"; };
		1A0FBEAD260E1F5000FF39BB /* CustomMetalView.m */ = {isa = PBXFileReference; fileEncoding = 4; lastKnownFileType = sourcecode.c.objc; path = CustomMetalView.m; sourceTree = "<group>"; };
		1A0FBEAE260E1F5000FF39BB /* CopierMTLScene.metal */ = {isa = PBXFileReference; fileEncoding = 4; lastKnownFileType = sourcecode.metal; path = CopierMTLScene.metal; sourceTree = "<group>"; };
		1A0FBED5260E243500FF39BB /* SwizzleMTLScene.h */ = {isa = PBXFileReference; lastKnownFileType = sourcecode.c.h; path = SwizzleMTLScene.h; sourceTree = "<group>"; };
		1A0FBED6260E243500FF39BB /* SwizzleMTLScene.mm */ = {isa = PBXFileReference; lastKnownFileType = sourcecode.cpp.objcpp; path = SwizzleMTLScene.mm; sourceTree = "<group>"; };
		1A0FBEDA260E244000FF39BB /* SwizzleMTLScene.metal */ = {isa = PBXFileReference; lastKnownFileType = sourcecode.metal; path = SwizzleMTLScene.metal; sourceTree = "<group>"; };
		1A0FBEDD260E257600FF39BB /* RenderProperties.h */ = {isa = PBXFileReference; fileEncoding = 4; lastKnownFileType = sourcecode.c.h; path = RenderProperties.h; sourceTree = "<group>"; };
		1A0FBEDE260E257600FF39BB /* RenderProperties.m */ = {isa = PBXFileReference; fileEncoding = 4; lastKnownFileType = sourcecode.c.objc; path = RenderProperties.m; sourceTree = "<group>"; };
		1A199DEF279F6A1F00EE9ACB /* VVColorConversions.h */ = {isa = PBXFileReference; lastKnownFileType = sourcecode.c.h; path = VVColorConversions.h; sourceTree = "<group>"; };
		1A199DF1279F6A2B00EE9ACB /* VVColorConversions.metal */ = {isa = PBXFileReference; lastKnownFileType = sourcecode.metal; path = VVColorConversions.metal; sourceTree = "<group>"; };
		1A20CF002A46213B00F2EDBB /* VVMTLRecyclingPool.h */ = {isa = PBXFileReference; lastKnownFileType = sourcecode.c.h; path = VVMTLRecyclingPool.h; sourceTree = "<group>"; };
		1A20CF022A46225D00F2EDBB /* VVMTLRecycleableDescriptor.h */ = {isa = PBXFileReference; lastKnownFileType = sourcecode.c.h; path = VVMTLRecycleableDescriptor.h; sourceTree = "<group>"; };
		1A20CF042A499BC300F2EDBB /* VVMTLBufferDescriptor.h */ = {isa = PBXFileReference; lastKnownFileType = sourcecode.c.h; path = VVMTLBufferDescriptor.h; sourceTree = "<group>"; };
		1A20CF052A499BC300F2EDBB /* VVMTLBufferDescriptor.m */ = {isa = PBXFileReference; lastKnownFileType = sourcecode.c.objc; path = VVMTLBufferDescriptor.m; sourceTree = "<group>"; };
		1A20CF082A499BCF00F2EDBB /* VVMTLTextureImageDescriptor.h */ = {isa = PBXFileReference; lastKnownFileType = sourcecode.c.h; path = VVMTLTextureImageDescriptor.h; sourceTree = "<group>"; };
		1A20CF092A499BCF00F2EDBB /* VVMTLTextureImageDescriptor.m */ = {isa = PBXFileReference; lastKnownFileType = sourcecode.c.objc; path = VVMTLTextureImageDescriptor.m; sourceTree = "<group>"; };
		1A20CF0C2A4A1A3700F2EDBB /* VVMTLPool.h */ = {isa = PBXFileReference; lastKnownFileType = sourcecode.c.h; path = VVMTLPool.h; sourceTree = "<group>"; };
		1A20CF0D2A4A1A3700F2EDBB /* VVMTLPool.m */ = {isa = PBXFileReference; lastKnownFileType = sourcecode.c.objc; path = VVMTLPool.m; sourceTree = "<group>"; };
		1A2149D7263851BA007AD273 /* SizingTool_objc.h */ = {isa = PBXFileReference; lastKnownFileType = sourcecode.c.h; path = SizingTool_objc.h; sourceTree = "<group>"; };
		1A2906632A16CAB700DD24AB /* MSLCompModeControllerResource.h */ = {isa = PBXFileReference; lastKnownFileType = sourcecode.c.h; path = MSLCompModeControllerResource.h; sourceTree = "<group>"; };
		1A2906642A16CAB700DD24AB /* MSLCompModeControllerResource.m */ = {isa = PBXFileReference; lastKnownFileType = sourcecode.c.objc; path = MSLCompModeControllerResource.m; sourceTree = "<group>"; };
		1A3BB7662A13E783003CDAE8 /* ISFMSLKit.framework */ = {isa = PBXFileReference; explicitFileType = wrapper.framework; includeInIndex = 0; path = ISFMSLKit.framework; sourceTree = BUILT_PRODUCTS_DIR; };
		1A3BB76D2A13E94C003CDAE8 /* ISFMSLNSStringAdditions.mm */ = {isa = PBXFileReference; fileEncoding = 4; lastKnownFileType = sourcecode.cpp.objcpp; name = ISFMSLNSStringAdditions.mm; path = submodules/ISFMSLKit/ISFMSLKit/ISFMSLNSStringAdditions.mm; sourceTree = SOURCE_ROOT; };
		1A3BB76E2A13E94C003CDAE8 /* ISFMSLCache.h */ = {isa = PBXFileReference; fileEncoding = 4; lastKnownFileType = sourcecode.c.h; name = ISFMSLCache.h; path = submodules/ISFMSLKit/ISFMSLKit/ISFMSLCache.h; sourceTree = SOURCE_ROOT; };
		1A3BB76F2A13E94C003CDAE8 /* ISFMSLBinCacheObject.h */ = {isa = PBXFileReference; fileEncoding = 4; lastKnownFileType = sourcecode.c.h; name = ISFMSLBinCacheObject.h; path = submodules/ISFMSLKit/ISFMSLKit/ISFMSLBinCacheObject.h; sourceTree = SOURCE_ROOT; };
		1A3BB7702A13E94C003CDAE8 /* ISFMSLScene.h */ = {isa = PBXFileReference; fileEncoding = 4; lastKnownFileType = sourcecode.c.h; name = ISFMSLScene.h; path = submodules/ISFMSLKit/ISFMSLKit/ISFMSLScene.h; sourceTree = SOURCE_ROOT; };
		1A3BB7712A13E94C003CDAE8 /* ISFMSLCache.mm */ = {isa = PBXFileReference; fileEncoding = 4; lastKnownFileType = sourcecode.cpp.objcpp; name = ISFMSLCache.mm; path = submodules/ISFMSLKit/ISFMSLKit/ISFMSLCache.mm; sourceTree = SOURCE_ROOT; };
		1A3BB7722A13E94C003CDAE8 /* ISFMSLSceneAttrib_priv.h */ = {isa = PBXFileReference; fileEncoding = 4; lastKnownFileType = sourcecode.c.h; name = ISFMSLSceneAttrib_priv.h; path = submodules/ISFMSLKit/ISFMSLKit/ISFMSLSceneAttrib_priv.h; sourceTree = SOURCE_ROOT; };
		1A3BB7732A13E94C003CDAE8 /* ISFMSLSceneImgRef.h */ = {isa = PBXFileReference; fileEncoding = 4; lastKnownFileType = sourcecode.c.h; name = ISFMSLSceneImgRef.h; path = submodules/ISFMSLKit/ISFMSLKit/ISFMSLSceneImgRef.h; sourceTree = SOURCE_ROOT; };
		1A3BB7742A13E94C003CDAE8 /* ISFMSLSceneVal_priv.mm */ = {isa = PBXFileReference; fileEncoding = 4; lastKnownFileType = sourcecode.cpp.objcpp; name = ISFMSLSceneVal_priv.mm; path = submodules/ISFMSLKit/ISFMSLKit/ISFMSLSceneVal_priv.mm; sourceTree = SOURCE_ROOT; };
		1A3BB7752A13E94C003CDAE8 /* ISFMSLScenePassTarget.h */ = {isa = PBXFileReference; fileEncoding = 4; lastKnownFileType = sourcecode.c.h; name = ISFMSLScenePassTarget.h; path = submodules/ISFMSLKit/ISFMSLKit/ISFMSLScenePassTarget.h; sourceTree = SOURCE_ROOT; };
		1A3BB7762A13E94C003CDAE8 /* ISFMSLSceneVal_priv.h */ = {isa = PBXFileReference; fileEncoding = 4; lastKnownFileType = sourcecode.c.h; name = ISFMSLSceneVal_priv.h; path = submodules/ISFMSLKit/ISFMSLKit/ISFMSLSceneVal_priv.h; sourceTree = SOURCE_ROOT; };
		1A3BB7772A13E94D003CDAE8 /* ISFMSLSceneAttrib_priv.mm */ = {isa = PBXFileReference; fileEncoding = 4; lastKnownFileType = sourcecode.cpp.objcpp; name = ISFMSLSceneAttrib_priv.mm; path = submodules/ISFMSLKit/ISFMSLKit/ISFMSLSceneAttrib_priv.mm; sourceTree = SOURCE_ROOT; };
		1A3BB7782A13E94D003CDAE8 /* ISFMSLSceneAttrib.h */ = {isa = PBXFileReference; fileEncoding = 4; lastKnownFileType = sourcecode.c.h; name = ISFMSLSceneAttrib.h; path = submodules/ISFMSLKit/ISFMSLKit/ISFMSLSceneAttrib.h; sourceTree = SOURCE_ROOT; };
		1A3BB7792A13E94D003CDAE8 /* ISFMSLNSStringAdditions.h */ = {isa = PBXFileReference; fileEncoding = 4; lastKnownFileType = sourcecode.c.h; name = ISFMSLNSStringAdditions.h; path = submodules/ISFMSLKit/ISFMSLKit/ISFMSLNSStringAdditions.h; sourceTree = SOURCE_ROOT; };
		1A3BB77A2A13E94D003CDAE8 /* ISFMSLCacheObject.h */ = {isa = PBXFileReference; fileEncoding = 4; lastKnownFileType = sourcecode.c.h; name = ISFMSLCacheObject.h; path = submodules/ISFMSLKit/ISFMSLKit/ISFMSLCacheObject.h; sourceTree = SOURCE_ROOT; };
		1A3BB77B2A13E94D003CDAE8 /* ISFMSLSceneImgRef_priv.h */ = {isa = PBXFileReference; fileEncoding = 4; lastKnownFileType = sourcecode.c.h; name = ISFMSLSceneImgRef_priv.h; path = submodules/ISFMSLKit/ISFMSLKit/ISFMSLSceneImgRef_priv.h; sourceTree = SOURCE_ROOT; };
		1A3BB77C2A13E94D003CDAE8 /* ISFMSLBinCacheObject.mm */ = {isa = PBXFileReference; fileEncoding = 4; lastKnownFileType = sourcecode.cpp.objcpp; name = ISFMSLBinCacheObject.mm; path = submodules/ISFMSLKit/ISFMSLKit/ISFMSLBinCacheObject.mm; sourceTree = SOURCE_ROOT; };
		1A3BB77D2A13E94D003CDAE8 /* ISFMSLScene.mm */ = {isa = PBXFileReference; fileEncoding = 4; lastKnownFileType = sourcecode.cpp.objcpp; name = ISFMSLScene.mm; path = submodules/ISFMSLKit/ISFMSLKit/ISFMSLScene.mm; sourceTree = SOURCE_ROOT; };
		1A3BB77E2A13E94D003CDAE8 /* ISFMSLCacheObject.mm */ = {isa = PBXFileReference; fileEncoding = 4; lastKnownFileType = sourcecode.cpp.objcpp; name = ISFMSLCacheObject.mm; path = submodules/ISFMSLKit/ISFMSLKit/ISFMSLCacheObject.mm; sourceTree = SOURCE_ROOT; };
		1A3BB77F2A13E94D003CDAE8 /* ISFMSLSceneImgRef_priv.mm */ = {isa = PBXFileReference; fileEncoding = 4; lastKnownFileType = sourcecode.cpp.objcpp; name = ISFMSLSceneImgRef_priv.mm; path = submodules/ISFMSLKit/ISFMSLKit/ISFMSLSceneImgRef_priv.mm; sourceTree = SOURCE_ROOT; };
		1A3BB7802A13E94D003CDAE8 /* ISFMSLScenePassTarget_priv.mm */ = {isa = PBXFileReference; fileEncoding = 4; lastKnownFileType = sourcecode.cpp.objcpp; name = ISFMSLScenePassTarget_priv.mm; path = submodules/ISFMSLKit/ISFMSLKit/ISFMSLScenePassTarget_priv.mm; sourceTree = SOURCE_ROOT; };
		1A3BB7812A13E94D003CDAE8 /* ISFImage.h */ = {isa = PBXFileReference; fileEncoding = 4; lastKnownFileType = sourcecode.c.h; name = ISFImage.h; path = submodules/ISFMSLKit/ISFMSLKit/ISFImage.h; sourceTree = SOURCE_ROOT; };
		1A3BB7822A13E94D003CDAE8 /* ISFMSLKit.h */ = {isa = PBXFileReference; fileEncoding = 4; lastKnownFileType = sourcecode.c.h; name = ISFMSLKit.h; path = submodules/ISFMSLKit/ISFMSLKit/ISFMSLKit.h; sourceTree = SOURCE_ROOT; };
		1A3BB7832A13E94D003CDAE8 /* ISFMSLScenePassTarget_priv.h */ = {isa = PBXFileReference; fileEncoding = 4; lastKnownFileType = sourcecode.c.h; name = ISFMSLScenePassTarget_priv.h; path = submodules/ISFMSLKit/ISFMSLKit/ISFMSLScenePassTarget_priv.h; sourceTree = SOURCE_ROOT; };
		1A3BB7842A13E94D003CDAE8 /* ISFMSLSceneVal.h */ = {isa = PBXFileReference; fileEncoding = 4; lastKnownFileType = sourcecode.c.h; name = ISFMSLSceneVal.h; path = submodules/ISFMSLKit/ISFMSLKit/ISFMSLSceneVal.h; sourceTree = SOURCE_ROOT; };
		1A3BB7A02A13EA78003CDAE8 /* PINCache.xcodeproj */ = {isa = PBXFileReference; lastKnownFileType = "wrapper.pb-project"; name = PINCache.xcodeproj; path = submodules/ISFMSLKit/ISFMSLKit/PINCache/PINCache.xcodeproj; sourceTree = "<group>"; };
		1A3BB7BB2A13EACF003CDAE8 /* PINOperation.xcodeproj */ = {isa = PBXFileReference; lastKnownFileType = "wrapper.pb-project"; name = PINOperation.xcodeproj; path = submodules/ISFMSLKit/ISFMSLKit/PINCache/Carthage/Checkouts/PINOperation/PINOperation.xcodeproj; sourceTree = "<group>"; };
		1A3BB7E62A13EBC4003CDAE8 /* libGLSLangValidatorLib.dylib */ = {isa = PBXFileReference; lastKnownFileType = "compiled.mach-o.dylib"; name = libGLSLangValidatorLib.dylib; path = submodules/ISFMSLKit/extern/GLSLangValidatorLib/bin/libGLSLangValidatorLib.dylib; sourceTree = SOURCE_ROOT; };
		1A3BB7E82A13EBC8003CDAE8 /* libSPIRVCrossLib.dylib */ = {isa = PBXFileReference; lastKnownFileType = "compiled.mach-o.dylib"; name = libSPIRVCrossLib.dylib; path = submodules/ISFMSLKit/extern/SPIRVCrossLib/bin/libSPIRVCrossLib.dylib; sourceTree = SOURCE_ROOT; };
		1A4819722816C7AD00CE2D00 /* BilinearInterpolation.h */ = {isa = PBXFileReference; lastKnownFileType = sourcecode.c.h; path = BilinearInterpolation.h; sourceTree = "<group>"; };
		1A4819752816C7C800CE2D00 /* BilinearInterpolation.metal */ = {isa = PBXFileReference; lastKnownFileType = sourcecode.metal; path = BilinearInterpolation.metal; sourceTree = "<group>"; };
		1A4819782816C7D600CE2D00 /* BicubicInterpolation.h */ = {isa = PBXFileReference; lastKnownFileType = sourcecode.c.h; path = BicubicInterpolation.h; sourceTree = "<group>"; };
		1A48197B2816C7E100CE2D00 /* BicubicInterpolation.metal */ = {isa = PBXFileReference; lastKnownFileType = sourcecode.metal; path = BicubicInterpolation.metal; sourceTree = "<group>"; };
		1A4D50D92A14320B008F1E7C /* ISFMSLKit.mm */ = {isa = PBXFileReference; lastKnownFileType = sourcecode.cpp.objcpp; name = ISFMSLKit.mm; path = submodules/ISFMSLKit/ISFMSLKit/ISFMSLKit.mm; sourceTree = SOURCE_ROOT; };
		1A89211D2A0BDDED00C19DE3 /* CustomMetalViewShaderTypes.h */ = {isa = PBXFileReference; lastKnownFileType = sourcecode.c.h; path = CustomMetalViewShaderTypes.h; sourceTree = "<group>"; };
		1A9174A92A12D7D9005274B4 /* MTLEncodedDrawObject.h */ = {isa = PBXFileReference; lastKnownFileType = sourcecode.c.h; path = MTLEncodedDrawObject.h; sourceTree = "<group>"; };
		1A9174AA2A12D7D9005274B4 /* MTLEncodedDrawObject.m */ = {isa = PBXFileReference; lastKnownFileType = sourcecode.c.objc; path = MTLEncodedDrawObject.m; sourceTree = "<group>"; };
		1A976B612A461D4C00C654FA /* VVMTLImage.h */ = {isa = PBXFileReference; fileEncoding = 4; lastKnownFileType = sourcecode.c.h; path = VVMTLImage.h; sourceTree = "<group>"; };
		1A976B642A461D4C00C654FA /* VVMTLRecycleable.h */ = {isa = PBXFileReference; fileEncoding = 4; lastKnownFileType = sourcecode.c.h; path = VVMTLRecycleable.h; sourceTree = "<group>"; };
		1A976B652A461D4C00C654FA /* VVMTLBuffer.h */ = {isa = PBXFileReference; fileEncoding = 4; lastKnownFileType = sourcecode.c.h; path = VVMTLBuffer.h; sourceTree = "<group>"; };
		1A976B662A461D4C00C654FA /* VVMTLTimestamp.h */ = {isa = PBXFileReference; fileEncoding = 4; lastKnownFileType = sourcecode.c.h; path = VVMTLTimestamp.h; sourceTree = "<group>"; };
		1A976B682A461D4C00C654FA /* VVMTLTextureImage.h */ = {isa = PBXFileReference; fileEncoding = 4; lastKnownFileType = sourcecode.c.h; path = VVMTLTextureImage.h; sourceTree = "<group>"; };
		1A9924042A4DA41F00F5094D /* VVMTLBuffer.m */ = {isa = PBXFileReference; lastKnownFileType = sourcecode.c.objc; path = VVMTLBuffer.m; sourceTree = "<group>"; };
		1A9924122A4DA43400F5094D /* VVMTLTextureImage.m */ = {isa = PBXFileReference; lastKnownFileType = sourcecode.c.objc; path = VVMTLTextureImage.m; sourceTree = "<group>"; };
		1AAF56C82A14237200626430 /* CoreGraphics.framework */ = {isa = PBXFileReference; lastKnownFileType = wrapper.framework; name = CoreGraphics.framework; path = System/Library/Frameworks/CoreGraphics.framework; sourceTree = SDKROOT; };
		1AAF56CA2A14238400626430 /* MetalKit.framework */ = {isa = PBXFileReference; lastKnownFileType = wrapper.framework; name = MetalKit.framework; path = System/Library/Frameworks/MetalKit.framework; sourceTree = SDKROOT; };
		1AAF56CB2A14238400626430 /* Metal.framework */ = {isa = PBXFileReference; lastKnownFileType = wrapper.framework; name = Metal.framework; path = System/Library/Frameworks/Metal.framework; sourceTree = SDKROOT; };
		1ABAD0DB27CEB41100466A69 /* SwizzleMTLSceneTypes.m */ = {isa = PBXFileReference; lastKnownFileType = sourcecode.c.objc; path = SwizzleMTLSceneTypes.m; sourceTree = "<group>"; };
		1ABDF7A12A214E3D00EE8708 /* VVMacros.h */ = {isa = PBXFileReference; fileEncoding = 4; lastKnownFileType = sourcecode.c.h; path = VVMacros.h; sourceTree = "<group>"; };
		1ABE244D2A4DE87400317187 /* VVMTLScene.h */ = {isa = PBXFileReference; lastKnownFileType = sourcecode.c.h; path = VVMTLScene.h; sourceTree = "<group>"; };
		1ABE244E2A4DE87400317187 /* VVMTLScene.m */ = {isa = PBXFileReference; lastKnownFileType = sourcecode.c.objc; path = VVMTLScene.m; sourceTree = "<group>"; };
		1ABE24512A4DE88200317187 /* VVMTLComputeScene.h */ = {isa = PBXFileReference; lastKnownFileType = sourcecode.c.h; path = VVMTLComputeScene.h; sourceTree = "<group>"; };
		1ABE24522A4DE88200317187 /* VVMTLComputeScene.m */ = {isa = PBXFileReference; lastKnownFileType = sourcecode.c.objc; path = VVMTLComputeScene.m; sourceTree = "<group>"; };
		1ABE24552A4DE88B00317187 /* VVMTLRenderScene.h */ = {isa = PBXFileReference; lastKnownFileType = sourcecode.c.h; path = VVMTLRenderScene.h; sourceTree = "<group>"; };
		1ABE24562A4DE88B00317187 /* VVMTLRenderScene.m */ = {isa = PBXFileReference; lastKnownFileType = sourcecode.c.objc; path = VVMTLRenderScene.m; sourceTree = "<group>"; };
		1ABE24592A4DE8A500317187 /* VVMTLTextureImageRectView.h */ = {isa = PBXFileReference; lastKnownFileType = sourcecode.c.h; path = VVMTLTextureImageRectView.h; sourceTree = "<group>"; };
		1ABE245A2A4DE8A500317187 /* VVMTLTextureImageRectView.m */ = {isa = PBXFileReference; lastKnownFileType = sourcecode.c.objc; path = VVMTLTextureImageRectView.m; sourceTree = "<group>"; };
		1ABE245D2A4DE8B400317187 /* VVMTLTextureImageView.h */ = {isa = PBXFileReference; lastKnownFileType = sourcecode.c.h; path = VVMTLTextureImageView.h; sourceTree = "<group>"; };
		1ABE245E2A4DE8B400317187 /* VVMTLTextureImageView.m */ = {isa = PBXFileReference; lastKnownFileType = sourcecode.c.objc; path = VVMTLTextureImageView.m; sourceTree = "<group>"; };
		1ABE24612A4DE8CC00317187 /* VVMTLTextureImageRectViewShaderTypes.h */ = {isa = PBXFileReference; lastKnownFileType = sourcecode.c.h; path = VVMTLTextureImageRectViewShaderTypes.h; sourceTree = "<group>"; };
		1ABE24622A4DE8E600317187 /* VVMTLTextureImageRectView.metal */ = {isa = PBXFileReference; lastKnownFileType = sourcecode.metal; path = VVMTLTextureImageRectView.metal; sourceTree = "<group>"; };
		1ABE24642A4DE90000317187 /* VVMTLTextureImageShaderTypes.h */ = {isa = PBXFileReference; lastKnownFileType = sourcecode.c.h; path = VVMTLTextureImageShaderTypes.h; sourceTree = "<group>"; };
		1ABE24672A4DF47200317187 /* VVMTLScene_priv.h */ = {isa = PBXFileReference; lastKnownFileType = sourcecode.c.h; path = VVMTLScene_priv.h; sourceTree = "<group>"; };
		1AC82CF827FF2901009A9989 /* VVMetalKitTouch.framework */ = {isa = PBXFileReference; explicitFileType = wrapper.framework; includeInIndex = 0; path = VVMetalKitTouch.framework; sourceTree = BUILT_PRODUCTS_DIR; };
		1ADBC74F2A141CAB008FB1CA /* libISFGLSLGenerator.dylib */ = {isa = PBXFileReference; lastKnownFileType = "compiled.mach-o.dylib"; name = libISFGLSLGenerator.dylib; path = submodules/ISFMSLKit/submodules/ISFGLSLGenerator/build/install/lib/libISFGLSLGenerator.dylib; sourceTree = SOURCE_ROOT; };
		1ADE965F26FBB12200148612 /* SwizzleMTLSceneTypes.h */ = {isa = PBXFileReference; lastKnownFileType = sourcecode.c.h; path = SwizzleMTLSceneTypes.h; sourceTree = "<group>"; };
		1AE5D72326165A470064DC1C /* SizingTool_c.h */ = {isa = PBXFileReference; lastKnownFileType = sourcecode.c.h; path = SizingTool_c.h; sourceTree = "<group>"; };
		1AED790B2A1524D6004C0126 /* MSLCompModes.framework */ = {isa = PBXFileReference; explicitFileType = wrapper.framework; includeInIndex = 0; path = MSLCompModes.framework; sourceTree = BUILT_PRODUCTS_DIR; };
		1AED790D2A1524D6004C0126 /* MSLCompModes.h */ = {isa = PBXFileReference; lastKnownFileType = sourcecode.c.h; path = MSLCompModes.h; sourceTree = "<group>"; };
		1AED791E2A152510004C0126 /* MSLCompMode.h */ = {isa = PBXFileReference; lastKnownFileType = sourcecode.c.h; path = MSLCompMode.h; sourceTree = "<group>"; };
		1AED791F2A152510004C0126 /* MSLCompMode.mm */ = {isa = PBXFileReference; lastKnownFileType = sourcecode.cpp.objcpp; path = MSLCompMode.mm; sourceTree = "<group>"; };
		1AED79222A152517004C0126 /* MSLCompModeController.h */ = {isa = PBXFileReference; lastKnownFileType = sourcecode.c.h; path = MSLCompModeController.h; sourceTree = "<group>"; };
		1AED79232A152517004C0126 /* MSLCompModeController.mm */ = {isa = PBXFileReference; lastKnownFileType = sourcecode.cpp.objcpp; path = MSLCompModeController.mm; sourceTree = "<group>"; };
		1AED79262A15252C004C0126 /* MSLCompModeRecipeStep.h */ = {isa = PBXFileReference; lastKnownFileType = sourcecode.c.h; path = MSLCompModeRecipeStep.h; sourceTree = "<group>"; };
		1AED79272A15252C004C0126 /* MSLCompModeRecipeStep.m */ = {isa = PBXFileReference; lastKnownFileType = sourcecode.c.objc; path = MSLCompModeRecipeStep.m; sourceTree = "<group>"; };
		1AED792A2A152539004C0126 /* MSLCompModeRecipe.h */ = {isa = PBXFileReference; lastKnownFileType = sourcecode.c.h; path = MSLCompModeRecipe.h; sourceTree = "<group>"; };
		1AED792B2A152539004C0126 /* MSLCompModeRecipe.m */ = {isa = PBXFileReference; lastKnownFileType = sourcecode.c.objc; path = MSLCompModeRecipe.m; sourceTree = "<group>"; };
		1AED793A2A152BC0004C0126 /* MSLCompModeNSStringAdditions.h */ = {isa = PBXFileReference; lastKnownFileType = sourcecode.c.h; path = MSLCompModeNSStringAdditions.h; sourceTree = "<group>"; };
		1AED793B2A152BC0004C0126 /* MSLCompModeNSStringAdditions.m */ = {isa = PBXFileReference; lastKnownFileType = sourcecode.c.objc; path = MSLCompModeNSStringAdditions.m; sourceTree = "<group>"; };
/* End PBXFileReference section */

/* Begin PBXFrameworksBuildPhase section */
		1A0FBE8A260E1C2E00FF39BB /* Frameworks */ = {
			isa = PBXFrameworksBuildPhase;
			buildActionMask = 2147483647;
			files = (
			);
			runOnlyForDeploymentPostprocessing = 0;
		};
		1A3BB7632A13E783003CDAE8 /* Frameworks */ = {
			isa = PBXFrameworksBuildPhase;
			buildActionMask = 2147483647;
			files = (
				1AAF56CC2A14238400626430 /* MetalKit.framework in Frameworks */,
				1AAF56CD2A14238400626430 /* Metal.framework in Frameworks */,
				1AAF56C92A14237200626430 /* CoreGraphics.framework in Frameworks */,
				1A3BB7D52A13EAEE003CDAE8 /* PINOperation.framework in Frameworks */,
				1ADBC7502A141CAB008FB1CA /* libISFGLSLGenerator.dylib in Frameworks */,
				1A3BB7E92A13EBC8003CDAE8 /* libSPIRVCrossLib.dylib in Frameworks */,
				1A3BB7E72A13EBC4003CDAE8 /* libGLSLangValidatorLib.dylib in Frameworks */,
				1A3BB7BA2A13EA97003CDAE8 /* PINCache.framework in Frameworks */,
				1A3BB79F2A13E9E9003CDAE8 /* VVMetalKit.framework in Frameworks */,
			);
			runOnlyForDeploymentPostprocessing = 0;
		};
		1AC82CF327FF2901009A9989 /* Frameworks */ = {
			isa = PBXFrameworksBuildPhase;
			buildActionMask = 2147483647;
			files = (
			);
			runOnlyForDeploymentPostprocessing = 0;
		};
		1AED79082A1524D6004C0126 /* Frameworks */ = {
			isa = PBXFrameworksBuildPhase;
			buildActionMask = 2147483647;
			files = (
				1A061DCB2A165EDB00980D41 /* VVMetalKit.framework in Frameworks */,
			);
			runOnlyForDeploymentPostprocessing = 0;
		};
/* End PBXFrameworksBuildPhase section */

/* Begin PBXGroup section */
		1A0FBE83260E1C2E00FF39BB = {
			isa = PBXGroup;
			children = (
				1A0FBE8F260E1C2E00FF39BB /* VVMetalKit */,
				1AED790C2A1524D6004C0126 /* MSLCompModes */,
				1A3BB7672A13E783003CDAE8 /* ISFMSLKit */,
				1A8C0409261631FC00038DC9 /* Frameworks */,
				1A3BB7A02A13EA78003CDAE8 /* PINCache.xcodeproj */,
				1A3BB7BB2A13EACF003CDAE8 /* PINOperation.xcodeproj */,
				1A0FBE8E260E1C2E00FF39BB /* Products */,
			);
			sourceTree = "<group>";
		};
		1A0FBE8E260E1C2E00FF39BB /* Products */ = {
			isa = PBXGroup;
			children = (
				1A0FBE8D260E1C2E00FF39BB /* VVMetalKit.framework */,
				1AC82CF827FF2901009A9989 /* VVMetalKitTouch.framework */,
				1A3BB7662A13E783003CDAE8 /* ISFMSLKit.framework */,
				1AED790B2A1524D6004C0126 /* MSLCompModes.framework */,
			);
			name = Products;
			sourceTree = "<group>";
		};
		1A0FBE8F260E1C2E00FF39BB /* VVMetalKit */ = {
			isa = PBXGroup;
			children = (
				1A976B652A461D4C00C654FA /* VVMTLBuffer.h */,
				1A9924042A4DA41F00F5094D /* VVMTLBuffer.m */,
				1A20CF042A499BC300F2EDBB /* VVMTLBufferDescriptor.h */,
				1A20CF052A499BC300F2EDBB /* VVMTLBufferDescriptor.m */,
				1A976B682A461D4C00C654FA /* VVMTLTextureImage.h */,
				1A9924122A4DA43400F5094D /* VVMTLTextureImage.m */,
				1A20CF082A499BCF00F2EDBB /* VVMTLTextureImageDescriptor.h */,
				1A20CF092A499BCF00F2EDBB /* VVMTLTextureImageDescriptor.m */,
				1A20CF0C2A4A1A3700F2EDBB /* VVMTLPool.h */,
				1A20CF0D2A4A1A3700F2EDBB /* VVMTLPool.m */,
				1A20CF002A46213B00F2EDBB /* VVMTLRecyclingPool.h */,
				1A976B612A461D4C00C654FA /* VVMTLImage.h */,
				1A976B642A461D4C00C654FA /* VVMTLRecycleable.h */,
				1A20CF022A46225D00F2EDBB /* VVMTLRecycleableDescriptor.h */,
				1A976B662A461D4C00C654FA /* VVMTLTimestamp.h */,
				1A0FBE90260E1C2E00FF39BB /* VVMetalKit.h */,
				1ABE244D2A4DE87400317187 /* VVMTLScene.h */,
				1ABE24672A4DF47200317187 /* VVMTLScene_priv.h */,
				1ABE244E2A4DE87400317187 /* VVMTLScene.m */,
				1ABE24512A4DE88200317187 /* VVMTLComputeScene.h */,
				1ABE24522A4DE88200317187 /* VVMTLComputeScene.m */,
				1ABE24552A4DE88B00317187 /* VVMTLRenderScene.h */,
				1ABE24562A4DE88B00317187 /* VVMTLRenderScene.m */,
				1ABE24592A4DE8A500317187 /* VVMTLTextureImageRectView.h */,
				1ABE245A2A4DE8A500317187 /* VVMTLTextureImageRectView.m */,
				1ABE245D2A4DE8B400317187 /* VVMTLTextureImageView.h */,
				1ABE245E2A4DE8B400317187 /* VVMTLTextureImageView.m */,
				1ABE24612A4DE8CC00317187 /* VVMTLTextureImageRectViewShaderTypes.h */,
				1ABE24622A4DE8E600317187 /* VVMTLTextureImageRectView.metal */,
				1ABE24642A4DE90000317187 /* VVMTLTextureImageShaderTypes.h */,
				1A0FBEDD260E257600FF39BB /* RenderProperties.h */,
				1A0FBEDE260E257600FF39BB /* RenderProperties.m */,
				1A9174A92A12D7D9005274B4 /* MTLEncodedDrawObject.h */,
				1A9174AA2A12D7D9005274B4 /* MTLEncodedDrawObject.m */,
				1ADE965F26FBB12200148612 /* SwizzleMTLSceneTypes.h */,
				1ABAD0DB27CEB41100466A69 /* SwizzleMTLSceneTypes.m */,
				1A0FBED5260E243500FF39BB /* SwizzleMTLScene.h */,
				1A0FBED6260E243500FF39BB /* SwizzleMTLScene.mm */,
				1A0FBEDA260E244000FF39BB /* SwizzleMTLScene.metal */,
				1A0FBE9E260E1F4F00FF39BB /* CopierMTLScene.h */,
				1A0FBEAC260E1F5000FF39BB /* CopierMTLScene.m */,
				1A0FBEAE260E1F5000FF39BB /* CopierMTLScene.metal */,
				1A0FBEA2260E1F4F00FF39BB /* CustomMetalView.h */,
				1A0FBEAD260E1F5000FF39BB /* CustomMetalView.m */,
				1A89211D2A0BDDED00C19DE3 /* CustomMetalViewShaderTypes.h */,
				1A0FBEAA260E1F5000FF39BB /* SizingTool_metal.h */,
				1A0FBE9B260E1F4F00FF39BB /* SizingTool_metal.metal */,
				1AE5D72326165A470064DC1C /* SizingTool_c.h */,
				1A2149D7263851BA007AD273 /* SizingTool_objc.h */,
				1A0FBEA7260E1F5000FF39BB /* SizingToolTypes.h */,
				1A199DEF279F6A1F00EE9ACB /* VVColorConversions.h */,
				1A199DF1279F6A2B00EE9ACB /* VVColorConversions.metal */,
				1A4819722816C7AD00CE2D00 /* BilinearInterpolation.h */,
				1A4819752816C7C800CE2D00 /* BilinearInterpolation.metal */,
				1A4819782816C7D600CE2D00 /* BicubicInterpolation.h */,
				1A48197B2816C7E100CE2D00 /* BicubicInterpolation.metal */,
				1A0FBE91260E1C2E00FF39BB /* Info.plist */,
			);
			path = VVMetalKit;
			sourceTree = "<group>";
		};
		1A3BB7672A13E783003CDAE8 /* ISFMSLKit */ = {
			isa = PBXGroup;
			children = (
				1A3BB7822A13E94D003CDAE8 /* ISFMSLKit.h */,
				1A4D50D92A14320B008F1E7C /* ISFMSLKit.mm */,
				1A3BB7812A13E94D003CDAE8 /* ISFImage.h */,
				1A3BB7792A13E94D003CDAE8 /* ISFMSLNSStringAdditions.h */,
				1A3BB76D2A13E94C003CDAE8 /* ISFMSLNSStringAdditions.mm */,
				1A3BB76F2A13E94C003CDAE8 /* ISFMSLBinCacheObject.h */,
				1A3BB77C2A13E94D003CDAE8 /* ISFMSLBinCacheObject.mm */,
				1A3BB76E2A13E94C003CDAE8 /* ISFMSLCache.h */,
				1A3BB7712A13E94C003CDAE8 /* ISFMSLCache.mm */,
				1A3BB77A2A13E94D003CDAE8 /* ISFMSLCacheObject.h */,
				1A3BB77E2A13E94D003CDAE8 /* ISFMSLCacheObject.mm */,
				1A3BB7702A13E94C003CDAE8 /* ISFMSLScene.h */,
				1A3BB77D2A13E94D003CDAE8 /* ISFMSLScene.mm */,
				1A3BB7722A13E94C003CDAE8 /* ISFMSLSceneAttrib_priv.h */,
				1A3BB7772A13E94D003CDAE8 /* ISFMSLSceneAttrib_priv.mm */,
				1A3BB7782A13E94D003CDAE8 /* ISFMSLSceneAttrib.h */,
				1A3BB77B2A13E94D003CDAE8 /* ISFMSLSceneImgRef_priv.h */,
				1A3BB77F2A13E94D003CDAE8 /* ISFMSLSceneImgRef_priv.mm */,
				1A3BB7732A13E94C003CDAE8 /* ISFMSLSceneImgRef.h */,
				1A3BB7832A13E94D003CDAE8 /* ISFMSLScenePassTarget_priv.h */,
				1A3BB7802A13E94D003CDAE8 /* ISFMSLScenePassTarget_priv.mm */,
				1A3BB7752A13E94C003CDAE8 /* ISFMSLScenePassTarget.h */,
				1A3BB7762A13E94C003CDAE8 /* ISFMSLSceneVal_priv.h */,
				1A3BB7742A13E94C003CDAE8 /* ISFMSLSceneVal_priv.mm */,
				1A3BB7842A13E94D003CDAE8 /* ISFMSLSceneVal.h */,
				1A3BB7E62A13EBC4003CDAE8 /* libGLSLangValidatorLib.dylib */,
				1A3BB7E82A13EBC8003CDAE8 /* libSPIRVCrossLib.dylib */,
				1ADBC74F2A141CAB008FB1CA /* libISFGLSLGenerator.dylib */,
			);
			path = ISFMSLKit;
			sourceTree = "<group>";
		};
		1A3BB7A12A13EA78003CDAE8 /* Products */ = {
			isa = PBXGroup;
			children = (
				1A3BB7AB2A13EA79003CDAE8 /* PINCache.framework */,
				1A3BB7AD2A13EA79003CDAE8 /* PINCacheTests.xctest */,
				1A3BB7AF2A13EA79003CDAE8 /* PINCache.framework */,
				1A3BB7B12A13EA79003CDAE8 /* PINCache-tvOSTests.xctest */,
				1A3BB7B32A13EA79003CDAE8 /* PINCache.framework */,
				1A3BB7B52A13EA79003CDAE8 /* PINCache-macOSTests.xctest */,
				1A3BB7B72A13EA79003CDAE8 /* PINCache.framework */,
			);
			name = Products;
			sourceTree = "<group>";
		};
		1A3BB7BC2A13EACF003CDAE8 /* Products */ = {
			isa = PBXGroup;
			children = (
				1A3BB7C62A13EACF003CDAE8 /* PINOperation.framework */,
				1A3BB7C82A13EACF003CDAE8 /* PINOperationTests.xctest */,
				1A3BB7CA2A13EACF003CDAE8 /* PINOperation.framework */,
				1A3BB7CC2A13EACF003CDAE8 /* PINOperation-tvOSTests.xctest */,
				1A3BB7CE2A13EACF003CDAE8 /* PINOperation.framework */,
				1A3BB7D02A13EACF003CDAE8 /* PINOperation-macOSTests.xctest */,
				1A3BB7D22A13EACF003CDAE8 /* PINOperation.framework */,
			);
			name = Products;
			sourceTree = "<group>";
		};
		1A8C0409261631FC00038DC9 /* Frameworks */ = {
			isa = PBXGroup;
			children = (
				1AAF56CB2A14238400626430 /* Metal.framework */,
				1AAF56CA2A14238400626430 /* MetalKit.framework */,
				1AAF56C82A14237200626430 /* CoreGraphics.framework */,
			);
			name = Frameworks;
			sourceTree = "<group>";
		};
		1AED790C2A1524D6004C0126 /* MSLCompModes */ = {
			isa = PBXGroup;
			children = (
				1AED790D2A1524D6004C0126 /* MSLCompModes.h */,
				1AED791E2A152510004C0126 /* MSLCompMode.h */,
				1AED791F2A152510004C0126 /* MSLCompMode.mm */,
				1AED79222A152517004C0126 /* MSLCompModeController.h */,
				1AED79232A152517004C0126 /* MSLCompModeController.mm */,
				1A2906632A16CAB700DD24AB /* MSLCompModeControllerResource.h */,
				1A2906642A16CAB700DD24AB /* MSLCompModeControllerResource.m */,
				1AED79262A15252C004C0126 /* MSLCompModeRecipeStep.h */,
				1AED79272A15252C004C0126 /* MSLCompModeRecipeStep.m */,
				1AED792A2A152539004C0126 /* MSLCompModeRecipe.h */,
				1AED792B2A152539004C0126 /* MSLCompModeRecipe.m */,
				1A061DC12A165E6B00980D41 /* MSLCompModeScene.h */,
				1A061DC22A165E6B00980D41 /* MSLCompModeScene.m */,
				1A061DC72A165E8500980D41 /* MSLCompModeSceneShaderTypes.h */,
				1AED793A2A152BC0004C0126 /* MSLCompModeNSStringAdditions.h */,
				1AED793B2A152BC0004C0126 /* MSLCompModeNSStringAdditions.m */,
				1ABDF7A12A214E3D00EE8708 /* VVMacros.h */,
			);
			path = MSLCompModes;
			sourceTree = "<group>";
		};
/* End PBXGroup section */

/* Begin PBXHeadersBuildPhase section */
		1A0FBE88260E1C2E00FF39BB /* Headers */ = {
			isa = PBXHeadersBuildPhase;
			buildActionMask = 2147483647;
			files = (
				1ABE244F2A4DE87400317187 /* VVMTLScene.h in Headers */,
				1ABE24532A4DE88200317187 /* VVMTLComputeScene.h in Headers */,
				1ABE24572A4DE88B00317187 /* VVMTLRenderScene.h in Headers */,
				1ABE245B2A4DE8A500317187 /* VVMTLTextureImageRectView.h in Headers */,
				1ABE245F2A4DE8B400317187 /* VVMTLTextureImageView.h in Headers */,
				1ABE24662A4DE90A00317187 /* VVMTLTextureImageRectViewShaderTypes.h in Headers */,
				1ABE24652A4DE90400317187 /* VVMTLTextureImageShaderTypes.h in Headers */,
				1A4819792816C7D600CE2D00 /* BicubicInterpolation.h in Headers */,
				1A4819732816C7AD00CE2D00 /* BilinearInterpolation.h in Headers */,
				1AFBC01326FBD021002D7995 /* SwizzleMTLSceneTypes.h in Headers */,
				1A0FBEB9260E1F5000FF39BB /* CustomMetalView.h in Headers */,
				1A0FBED7260E243500FF39BB /* SwizzleMTLScene.h in Headers */,
				1A0FBEDF260E257600FF39BB /* RenderProperties.h in Headers */,
				1A0FBEB5260E1F5000FF39BB /* CopierMTLScene.h in Headers */,
				1A0FBE92260E1C2E00FF39BB /* VVMetalKit.h in Headers */,
				1A2149DA2638526B007AD273 /* SizingTool_objc.h in Headers */,
				1AE5D72526165A470064DC1C /* SizingTool_c.h in Headers */,
				1A0FBEBE260E1F5000FF39BB /* SizingToolTypes.h in Headers */,
				1A199DF0279F6A1F00EE9ACB /* VVColorConversions.h in Headers */,
				1A0FBEC1260E1F5000FF39BB /* SizingTool_metal.h in Headers */,
				1A89211E2A0BDDED00C19DE3 /* CustomMetalViewShaderTypes.h in Headers */,
				1A9174AB2A12D7D9005274B4 /* MTLEncodedDrawObject.h in Headers */,
				1A976B6F2A461D4C00C654FA /* VVMTLTimestamp.h in Headers */,
				1A976B6A2A461D4C00C654FA /* VVMTLImage.h in Headers */,
				1A976B6E2A461D4C00C654FA /* VVMTLBuffer.h in Headers */,
				1A976B6D2A461D4C00C654FA /* VVMTLRecycleable.h in Headers */,
				1A20CF012A46213B00F2EDBB /* VVMTLRecyclingPool.h in Headers */,
				1A20CF032A46225D00F2EDBB /* VVMTLRecycleableDescriptor.h in Headers */,
				1A20CF062A499BC300F2EDBB /* VVMTLBufferDescriptor.h in Headers */,
				1A976B712A461D4C00C654FA /* VVMTLTextureImage.h in Headers */,
				1A20CF0A2A499BCF00F2EDBB /* VVMTLTextureImageDescriptor.h in Headers */,
				1ABE24682A4DF47200317187 /* VVMTLScene_priv.h in Headers */,
				1A20CF0E2A4A1A3700F2EDBB /* VVMTLPool.h in Headers */,
			);
			runOnlyForDeploymentPostprocessing = 0;
		};
		1A3BB7612A13E783003CDAE8 /* Headers */ = {
			isa = PBXHeadersBuildPhase;
			buildActionMask = 2147483647;
			files = (
				1A3BB7882A13E94D003CDAE8 /* ISFMSLScene.h in Headers */,
				1A3BB7992A13E94D003CDAE8 /* ISFImage.h in Headers */,
				1A3BB79C2A13E94D003CDAE8 /* ISFMSLSceneVal.h in Headers */,
				1A3BB7922A13E94D003CDAE8 /* ISFMSLCacheObject.h in Headers */,
				1A3BB78D2A13E94D003CDAE8 /* ISFMSLScenePassTarget.h in Headers */,
				1A3BB79A2A13E94D003CDAE8 /* ISFMSLKit.h in Headers */,
				1A3BB7902A13E94D003CDAE8 /* ISFMSLSceneAttrib.h in Headers */,
				1A3BB78B2A13E94D003CDAE8 /* ISFMSLSceneImgRef.h in Headers */,
				1A3BB7862A13E94D003CDAE8 /* ISFMSLCache.h in Headers */,
				1A3BB7912A13E94D003CDAE8 /* ISFMSLNSStringAdditions.h in Headers */,
				1A3BB7872A13E94D003CDAE8 /* ISFMSLBinCacheObject.h in Headers */,
				1A3BB7932A13E94D003CDAE8 /* ISFMSLSceneImgRef_priv.h in Headers */,
				1A3BB78A2A13E94D003CDAE8 /* ISFMSLSceneAttrib_priv.h in Headers */,
				1A3BB78E2A13E94D003CDAE8 /* ISFMSLSceneVal_priv.h in Headers */,
				1A3BB79B2A13E94D003CDAE8 /* ISFMSLScenePassTarget_priv.h in Headers */,
			);
			runOnlyForDeploymentPostprocessing = 0;
		};
		1AC82CC827FF2901009A9989 /* Headers */ = {
			isa = PBXHeadersBuildPhase;
			buildActionMask = 2147483647;
			files = (
				1AC82CC927FF2901009A9989 /* SwizzleMTLSceneTypes.h in Headers */,
				1AC82CCA27FF2901009A9989 /* CustomMetalView.h in Headers */,
				1AC82CCB27FF2901009A9989 /* SwizzleMTLScene.h in Headers */,
				1A9174AC2A12D7D9005274B4 /* MTLEncodedDrawObject.h in Headers */,
				1AC82CD127FF2901009A9989 /* RenderProperties.h in Headers */,
				1AC82CD227FF2901009A9989 /* CopierMTLScene.h in Headers */,
				1AC82CD327FF2901009A9989 /* VVMetalKit.h in Headers */,
				1AC82CD427FF2901009A9989 /* SizingTool_objc.h in Headers */,
				1AC82CD827FF2901009A9989 /* SizingTool_c.h in Headers */,
				1AC82CDA27FF2901009A9989 /* SizingToolTypes.h in Headers */,
				1A48197A2816C7D600CE2D00 /* BicubicInterpolation.h in Headers */,
				1A4819742816C7AD00CE2D00 /* BilinearInterpolation.h in Headers */,
				1AC82CDB27FF2901009A9989 /* VVColorConversions.h in Headers */,
				1AC82CDC27FF2901009A9989 /* SizingTool_metal.h in Headers */,
			);
			runOnlyForDeploymentPostprocessing = 0;
		};
		1AED79062A1524D6004C0126 /* Headers */ = {
			isa = PBXHeadersBuildPhase;
			buildActionMask = 2147483647;
			files = (
				1AED790E2A1524D6004C0126 /* MSLCompModes.h in Headers */,
				1AED79202A152510004C0126 /* MSLCompMode.h in Headers */,
				1AED79242A152517004C0126 /* MSLCompModeController.h in Headers */,
				1A2906652A16CAB700DD24AB /* MSLCompModeControllerResource.h in Headers */,
				1A061DC82A165E8800980D41 /* MSLCompModeSceneShaderTypes.h in Headers */,
				1A061DC32A165E6B00980D41 /* MSLCompModeScene.h in Headers */,
				1AED793C2A152BC0004C0126 /* MSLCompModeNSStringAdditions.h in Headers */,
				1AED79282A15252C004C0126 /* MSLCompModeRecipeStep.h in Headers */,
				1AED792C2A152539004C0126 /* MSLCompModeRecipe.h in Headers */,
				1ABDF7AE2A214E3D00EE8708 /* VVMacros.h in Headers */,
			);
			runOnlyForDeploymentPostprocessing = 0;
		};
/* End PBXHeadersBuildPhase section */

/* Begin PBXLegacyTarget section */
		1A276F422A1407EF002E3795 /* ISFGLSLGenerator */ = {
			isa = PBXLegacyTarget;
			buildArgumentsString = "\"$(PROJECT_DIR)/ISFGLSLGenerator_build_script.sh\"";
			buildConfigurationList = 1A276F432A1407EF002E3795 /* Build configuration list for PBXLegacyTarget "ISFGLSLGenerator" */;
			buildPhases = (
			);
			buildToolPath = /bin/sh;
			buildWorkingDirectory = "";
			dependencies = (
			);
			name = ISFGLSLGenerator;
			passBuildSettingsInEnvironment = 1;
			productName = ISFGLSLGenerator;
		};
/* End PBXLegacyTarget section */

/* Begin PBXNativeTarget section */
		1A0FBE8C260E1C2E00FF39BB /* VVMetalKit */ = {
			isa = PBXNativeTarget;
			buildConfigurationList = 1A0FBE95260E1C2E00FF39BB /* Build configuration list for PBXNativeTarget "VVMetalKit" */;
			buildPhases = (
				1A0FBE88260E1C2E00FF39BB /* Headers */,
				1A0FBE89260E1C2E00FF39BB /* Sources */,
				1A0FBE8A260E1C2E00FF39BB /* Frameworks */,
				1A0FBE8B260E1C2E00FF39BB /* Resources */,
			);
			buildRules = (
			);
			dependencies = (
			);
			name = VVMetalKit;
			productName = VVMetalKit;
			productReference = 1A0FBE8D260E1C2E00FF39BB /* VVMetalKit.framework */;
			productType = "com.apple.product-type.framework";
		};
		1A3BB7652A13E783003CDAE8 /* ISFMSLKit */ = {
			isa = PBXNativeTarget;
			buildConfigurationList = 1A3BB76C2A13E783003CDAE8 /* Build configuration list for PBXNativeTarget "ISFMSLKit" */;
			buildPhases = (
				1A3BB7612A13E783003CDAE8 /* Headers */,
				1A3BB7622A13E783003CDAE8 /* Sources */,
				1A3BB7632A13E783003CDAE8 /* Frameworks */,
				1A3BB7642A13E783003CDAE8 /* Resources */,
				1A3BB7E42A13EB8A003CDAE8 /* Embed Frameworks */,
			);
			buildRules = (
			);
			dependencies = (
				1A276F472A1408A7002E3795 /* PBXTargetDependency */,
				1A3BB7D42A13EAE6003CDAE8 /* PBXTargetDependency */,
				1A3BB7B92A13EA8A003CDAE8 /* PBXTargetDependency */,
				1A3BB79E2A13E9E0003CDAE8 /* PBXTargetDependency */,
			);
			name = ISFMSLKit;
			productName = ISFMSLKit;
			productReference = 1A3BB7662A13E783003CDAE8 /* ISFMSLKit.framework */;
			productType = "com.apple.product-type.framework";
		};
		1AC82CC727FF2901009A9989 /* VVMetalKitTouch */ = {
			isa = PBXNativeTarget;
			buildConfigurationList = 1AC82CF527FF2901009A9989 /* Build configuration list for PBXNativeTarget "VVMetalKitTouch" */;
			buildPhases = (
				1AC82CC827FF2901009A9989 /* Headers */,
				1AC82CDF27FF2901009A9989 /* Sources */,
				1AC82CF327FF2901009A9989 /* Frameworks */,
				1AC82CF427FF2901009A9989 /* Resources */,
			);
			buildRules = (
			);
			dependencies = (
			);
			name = VVMetalKitTouch;
			productName = VVMetalKit;
			productReference = 1AC82CF827FF2901009A9989 /* VVMetalKitTouch.framework */;
			productType = "com.apple.product-type.framework";
		};
		1AED790A2A1524D6004C0126 /* MSLCompModes */ = {
			isa = PBXNativeTarget;
			buildConfigurationList = 1AED791D2A1524D6004C0126 /* Build configuration list for PBXNativeTarget "MSLCompModes" */;
			buildPhases = (
				1AED79062A1524D6004C0126 /* Headers */,
				1AED79072A1524D6004C0126 /* Sources */,
				1AED79082A1524D6004C0126 /* Frameworks */,
				1AED79092A1524D6004C0126 /* Resources */,
			);
			buildRules = (
			);
			dependencies = (
				1A061DCA2A165ED600980D41 /* PBXTargetDependency */,
			);
			name = MSLCompModes;
			productName = MSLCompModes;
			productReference = 1AED790B2A1524D6004C0126 /* MSLCompModes.framework */;
			productType = "com.apple.product-type.framework";
		};
/* End PBXNativeTarget section */

/* Begin PBXProject section */
		1A0FBE84260E1C2E00FF39BB /* Project object */ = {
			isa = PBXProject;
			attributes = {
				DefaultBuildSystemTypeForWorkspace = Original;
				LastUpgradeCheck = 1240;
				TargetAttributes = {
					1A0FBE8C260E1C2E00FF39BB = {
						CreatedOnToolsVersion = 12.4;
					};
					1A276F422A1407EF002E3795 = {
						CreatedOnToolsVersion = 13.4.1;
					};
					1A3BB7652A13E783003CDAE8 = {
						CreatedOnToolsVersion = 13.4.1;
					};
					1AED790A2A1524D6004C0126 = {
						CreatedOnToolsVersion = 13.4.1;
					};
				};
			};
			buildConfigurationList = 1A0FBE87260E1C2E00FF39BB /* Build configuration list for PBXProject "VVMetalKit" */;
			compatibilityVersion = "Xcode 9.3";
			developmentRegion = en;
			hasScannedForEncodings = 0;
			knownRegions = (
				en,
				Base,
			);
			mainGroup = 1A0FBE83260E1C2E00FF39BB;
			productRefGroup = 1A0FBE8E260E1C2E00FF39BB /* Products */;
			projectDirPath = "";
			projectReferences = (
				{
					ProductGroup = 1A3BB7A12A13EA78003CDAE8 /* Products */;
					ProjectRef = 1A3BB7A02A13EA78003CDAE8 /* PINCache.xcodeproj */;
				},
				{
					ProductGroup = 1A3BB7BC2A13EACF003CDAE8 /* Products */;
					ProjectRef = 1A3BB7BB2A13EACF003CDAE8 /* PINOperation.xcodeproj */;
				},
			);
			projectRoot = "";
			targets = (
				1A0FBE8C260E1C2E00FF39BB /* VVMetalKit */,
				1AC82CC727FF2901009A9989 /* VVMetalKitTouch */,
				1A3BB7652A13E783003CDAE8 /* ISFMSLKit */,
				1A276F422A1407EF002E3795 /* ISFGLSLGenerator */,
				1AED790A2A1524D6004C0126 /* MSLCompModes */,
			);
		};
/* End PBXProject section */

/* Begin PBXReferenceProxy section */
		1A3BB7AB2A13EA79003CDAE8 /* PINCache.framework */ = {
			isa = PBXReferenceProxy;
			fileType = wrapper.framework;
			path = PINCache.framework;
			remoteRef = 1A3BB7AA2A13EA79003CDAE8 /* PBXContainerItemProxy */;
			sourceTree = BUILT_PRODUCTS_DIR;
		};
		1A3BB7AD2A13EA79003CDAE8 /* PINCacheTests.xctest */ = {
			isa = PBXReferenceProxy;
			fileType = wrapper.cfbundle;
			path = PINCacheTests.xctest;
			remoteRef = 1A3BB7AC2A13EA79003CDAE8 /* PBXContainerItemProxy */;
			sourceTree = BUILT_PRODUCTS_DIR;
		};
		1A3BB7AF2A13EA79003CDAE8 /* PINCache.framework */ = {
			isa = PBXReferenceProxy;
			fileType = wrapper.framework;
			path = PINCache.framework;
			remoteRef = 1A3BB7AE2A13EA79003CDAE8 /* PBXContainerItemProxy */;
			sourceTree = BUILT_PRODUCTS_DIR;
		};
		1A3BB7B12A13EA79003CDAE8 /* PINCache-tvOSTests.xctest */ = {
			isa = PBXReferenceProxy;
			fileType = wrapper.cfbundle;
			path = "PINCache-tvOSTests.xctest";
			remoteRef = 1A3BB7B02A13EA79003CDAE8 /* PBXContainerItemProxy */;
			sourceTree = BUILT_PRODUCTS_DIR;
		};
		1A3BB7B32A13EA79003CDAE8 /* PINCache.framework */ = {
			isa = PBXReferenceProxy;
			fileType = wrapper.framework;
			path = PINCache.framework;
			remoteRef = 1A3BB7B22A13EA79003CDAE8 /* PBXContainerItemProxy */;
			sourceTree = BUILT_PRODUCTS_DIR;
		};
		1A3BB7B52A13EA79003CDAE8 /* PINCache-macOSTests.xctest */ = {
			isa = PBXReferenceProxy;
			fileType = wrapper.cfbundle;
			path = "PINCache-macOSTests.xctest";
			remoteRef = 1A3BB7B42A13EA79003CDAE8 /* PBXContainerItemProxy */;
			sourceTree = BUILT_PRODUCTS_DIR;
		};
		1A3BB7B72A13EA79003CDAE8 /* PINCache.framework */ = {
			isa = PBXReferenceProxy;
			fileType = wrapper.framework;
			path = PINCache.framework;
			remoteRef = 1A3BB7B62A13EA79003CDAE8 /* PBXContainerItemProxy */;
			sourceTree = BUILT_PRODUCTS_DIR;
		};
		1A3BB7C62A13EACF003CDAE8 /* PINOperation.framework */ = {
			isa = PBXReferenceProxy;
			fileType = wrapper.framework;
			path = PINOperation.framework;
			remoteRef = 1A3BB7C52A13EACF003CDAE8 /* PBXContainerItemProxy */;
			sourceTree = BUILT_PRODUCTS_DIR;
		};
		1A3BB7C82A13EACF003CDAE8 /* PINOperationTests.xctest */ = {
			isa = PBXReferenceProxy;
			fileType = wrapper.cfbundle;
			path = PINOperationTests.xctest;
			remoteRef = 1A3BB7C72A13EACF003CDAE8 /* PBXContainerItemProxy */;
			sourceTree = BUILT_PRODUCTS_DIR;
		};
		1A3BB7CA2A13EACF003CDAE8 /* PINOperation.framework */ = {
			isa = PBXReferenceProxy;
			fileType = wrapper.framework;
			path = PINOperation.framework;
			remoteRef = 1A3BB7C92A13EACF003CDAE8 /* PBXContainerItemProxy */;
			sourceTree = BUILT_PRODUCTS_DIR;
		};
		1A3BB7CC2A13EACF003CDAE8 /* PINOperation-tvOSTests.xctest */ = {
			isa = PBXReferenceProxy;
			fileType = wrapper.cfbundle;
			path = "PINOperation-tvOSTests.xctest";
			remoteRef = 1A3BB7CB2A13EACF003CDAE8 /* PBXContainerItemProxy */;
			sourceTree = BUILT_PRODUCTS_DIR;
		};
		1A3BB7CE2A13EACF003CDAE8 /* PINOperation.framework */ = {
			isa = PBXReferenceProxy;
			fileType = wrapper.framework;
			path = PINOperation.framework;
			remoteRef = 1A3BB7CD2A13EACF003CDAE8 /* PBXContainerItemProxy */;
			sourceTree = BUILT_PRODUCTS_DIR;
		};
		1A3BB7D02A13EACF003CDAE8 /* PINOperation-macOSTests.xctest */ = {
			isa = PBXReferenceProxy;
			fileType = wrapper.cfbundle;
			path = "PINOperation-macOSTests.xctest";
			remoteRef = 1A3BB7CF2A13EACF003CDAE8 /* PBXContainerItemProxy */;
			sourceTree = BUILT_PRODUCTS_DIR;
		};
		1A3BB7D22A13EACF003CDAE8 /* PINOperation.framework */ = {
			isa = PBXReferenceProxy;
			fileType = wrapper.framework;
			path = PINOperation.framework;
			remoteRef = 1A3BB7D12A13EACF003CDAE8 /* PBXContainerItemProxy */;
			sourceTree = BUILT_PRODUCTS_DIR;
		};
/* End PBXReferenceProxy section */

/* Begin PBXResourcesBuildPhase section */
		1A0FBE8B260E1C2E00FF39BB /* Resources */ = {
			isa = PBXResourcesBuildPhase;
			buildActionMask = 2147483647;
			files = (
			);
			runOnlyForDeploymentPostprocessing = 0;
		};
		1A3BB7642A13E783003CDAE8 /* Resources */ = {
			isa = PBXResourcesBuildPhase;
			buildActionMask = 2147483647;
			files = (
			);
			runOnlyForDeploymentPostprocessing = 0;
		};
		1AC82CF427FF2901009A9989 /* Resources */ = {
			isa = PBXResourcesBuildPhase;
			buildActionMask = 2147483647;
			files = (
			);
			runOnlyForDeploymentPostprocessing = 0;
		};
		1AED79092A1524D6004C0126 /* Resources */ = {
			isa = PBXResourcesBuildPhase;
			buildActionMask = 2147483647;
			files = (
			);
			runOnlyForDeploymentPostprocessing = 0;
		};
/* End PBXResourcesBuildPhase section */

/* Begin PBXSourcesBuildPhase section */
		1A0FBE89260E1C2E00FF39BB /* Sources */ = {
			isa = PBXSourcesBuildPhase;
			buildActionMask = 2147483647;
			files = (
				1A9924132A4DA43400F5094D /* VVMTLTextureImage.m in Sources */,
				1ABE24602A4DE8B400317187 /* VVMTLTextureImageView.m in Sources */,
				1ABAD0DC27CEB41100466A69 /* SwizzleMTLSceneTypes.m in Sources */,
				1A0FBEC5260E1F5000FF39BB /* CopierMTLScene.metal in Sources */,
				1A0FBEC3260E1F5000FF39BB /* CopierMTLScene.m in Sources */,
				1A0FBEB2260E1F5000FF39BB /* SizingTool_metal.metal in Sources */,
				1A9924052A4DA41F00F5094D /* VVMTLBuffer.m in Sources */,
				1ABE24502A4DE87500317187 /* VVMTLScene.m in Sources */,
				1ABE245C2A4DE8A500317187 /* VVMTLTextureImageRectView.m in Sources */,
				1ABE24542A4DE88200317187 /* VVMTLComputeScene.m in Sources */,
				1A9174AD2A12D7D9005274B4 /* MTLEncodedDrawObject.m in Sources */,
				1A0FBED8260E243500FF39BB /* SwizzleMTLScene.mm in Sources */,
				1A20CF072A499BC300F2EDBB /* VVMTLBufferDescriptor.m in Sources */,
				1A4819762816C7C800CE2D00 /* BilinearInterpolation.metal in Sources */,
				1A20CF0F2A4A1A3700F2EDBB /* VVMTLPool.m in Sources */,
				1A0FBEC4260E1F5000FF39BB /* CustomMetalView.m in Sources */,
				1A0FBEE0260E257600FF39BB /* RenderProperties.m in Sources */,
				1ABE24582A4DE88B00317187 /* VVMTLRenderScene.m in Sources */,
				1A199DF2279F6A2B00EE9ACB /* VVColorConversions.metal in Sources */,
				1A0FBEDB260E244000FF39BB /* SwizzleMTLScene.metal in Sources */,
				1A48197C2816C7E100CE2D00 /* BicubicInterpolation.metal in Sources */,
				1ABE24632A4DE8E600317187 /* VVMTLTextureImageRectView.metal in Sources */,
				1A20CF0B2A499BCF00F2EDBB /* VVMTLTextureImageDescriptor.m in Sources */,
			);
			runOnlyForDeploymentPostprocessing = 0;
		};
		1A3BB7622A13E783003CDAE8 /* Sources */ = {
			isa = PBXSourcesBuildPhase;
			buildActionMask = 2147483647;
			files = (
				1A3BB7972A13E94D003CDAE8 /* ISFMSLSceneImgRef_priv.mm in Sources */,
				1A3BB78F2A13E94D003CDAE8 /* ISFMSLSceneAttrib_priv.mm in Sources */,
				1A3BB78C2A13E94D003CDAE8 /* ISFMSLSceneVal_priv.mm in Sources */,
				1A3BB7982A13E94D003CDAE8 /* ISFMSLScenePassTarget_priv.mm in Sources */,
				1A3BB7852A13E94D003CDAE8 /* ISFMSLNSStringAdditions.mm in Sources */,
				1A3BB7952A13E94D003CDAE8 /* ISFMSLScene.mm in Sources */,
				1A3BB7892A13E94D003CDAE8 /* ISFMSLCache.mm in Sources */,
				1A3BB7962A13E94D003CDAE8 /* ISFMSLCacheObject.mm in Sources */,
				1A4D50DA2A14320B008F1E7C /* ISFMSLKit.mm in Sources */,
				1A3BB7942A13E94D003CDAE8 /* ISFMSLBinCacheObject.mm in Sources */,
			);
			runOnlyForDeploymentPostprocessing = 0;
		};
		1AC82CDF27FF2901009A9989 /* Sources */ = {
			isa = PBXSourcesBuildPhase;
			buildActionMask = 2147483647;
			files = (
				1AC82CE227FF2901009A9989 /* SwizzleMTLSceneTypes.m in Sources */,
				1AC82CE327FF2901009A9989 /* CopierMTLScene.metal in Sources */,
				1AC82CE427FF2901009A9989 /* CopierMTLScene.m in Sources */,
				1AC82CE727FF2901009A9989 /* SizingTool_metal.metal in Sources */,
				1A9174AE2A12D7D9005274B4 /* MTLEncodedDrawObject.m in Sources */,
				1AC82CE927FF2901009A9989 /* SwizzleMTLScene.mm in Sources */,
				1A4819772816C7C800CE2D00 /* BilinearInterpolation.metal in Sources */,
				1AC82CEB27FF2901009A9989 /* CustomMetalView.m in Sources */,
				1AC82CED27FF2901009A9989 /* RenderProperties.m in Sources */,
				1AC82CEE27FF2901009A9989 /* VVColorConversions.metal in Sources */,
				1AC82CEF27FF2901009A9989 /* SwizzleMTLScene.metal in Sources */,
				1A48197D2816C7E100CE2D00 /* BicubicInterpolation.metal in Sources */,
			);
			runOnlyForDeploymentPostprocessing = 0;
		};
		1AED79072A1524D6004C0126 /* Sources */ = {
			isa = PBXSourcesBuildPhase;
			buildActionMask = 2147483647;
			files = (
				1AED793D2A152BC0004C0126 /* MSLCompModeNSStringAdditions.m in Sources */,
				1AED79252A152517004C0126 /* MSLCompModeController.mm in Sources */,
				1AED79292A15252C004C0126 /* MSLCompModeRecipeStep.m in Sources */,
				1AED792D2A152539004C0126 /* MSLCompModeRecipe.m in Sources */,
				1AED79212A152510004C0126 /* MSLCompMode.mm in Sources */,
				1A2906662A16CAB700DD24AB /* MSLCompModeControllerResource.m in Sources */,
				1A061DC42A165E6B00980D41 /* MSLCompModeScene.m in Sources */,
			);
			runOnlyForDeploymentPostprocessing = 0;
		};
/* End PBXSourcesBuildPhase section */

/* Begin PBXTargetDependency section */
		1A061DCA2A165ED600980D41 /* PBXTargetDependency */ = {
			isa = PBXTargetDependency;
			target = 1A0FBE8C260E1C2E00FF39BB /* VVMetalKit */;
			targetProxy = 1A061DC92A165ED600980D41 /* PBXContainerItemProxy */;
		};
		1A276F472A1408A7002E3795 /* PBXTargetDependency */ = {
			isa = PBXTargetDependency;
			target = 1A276F422A1407EF002E3795 /* ISFGLSLGenerator */;
			targetProxy = 1A276F462A1408A7002E3795 /* PBXContainerItemProxy */;
		};
		1A3BB79E2A13E9E0003CDAE8 /* PBXTargetDependency */ = {
			isa = PBXTargetDependency;
			target = 1A0FBE8C260E1C2E00FF39BB /* VVMetalKit */;
			targetProxy = 1A3BB79D2A13E9E0003CDAE8 /* PBXContainerItemProxy */;
		};
		1A3BB7B92A13EA8A003CDAE8 /* PBXTargetDependency */ = {
			isa = PBXTargetDependency;
			name = "PINCache-macOS";
			targetProxy = 1A3BB7B82A13EA8A003CDAE8 /* PBXContainerItemProxy */;
		};
		1A3BB7D42A13EAE6003CDAE8 /* PBXTargetDependency */ = {
			isa = PBXTargetDependency;
			name = "PINOperation-macOS";
			targetProxy = 1A3BB7D32A13EAE6003CDAE8 /* PBXContainerItemProxy */;
		};
/* End PBXTargetDependency section */

/* Begin XCBuildConfiguration section */
		1A0FBE93260E1C2E00FF39BB /* Debug */ = {
			isa = XCBuildConfiguration;
			buildSettings = {
				ALWAYS_SEARCH_USER_PATHS = NO;
				CLANG_ANALYZER_NONNULL = YES;
				CLANG_ANALYZER_NUMBER_OBJECT_CONVERSION = YES_AGGRESSIVE;
				CLANG_CXX_LANGUAGE_STANDARD = "gnu++14";
				CLANG_CXX_LIBRARY = "libc++";
				CLANG_ENABLE_MODULES = YES;
				CLANG_ENABLE_OBJC_ARC = YES;
				CLANG_ENABLE_OBJC_WEAK = YES;
				CLANG_WARN_BLOCK_CAPTURE_AUTORELEASING = YES;
				CLANG_WARN_BOOL_CONVERSION = YES;
				CLANG_WARN_COMMA = YES;
				CLANG_WARN_CONSTANT_CONVERSION = YES;
				CLANG_WARN_DEPRECATED_OBJC_IMPLEMENTATIONS = YES;
				CLANG_WARN_DIRECT_OBJC_ISA_USAGE = YES_ERROR;
				CLANG_WARN_DOCUMENTATION_COMMENTS = YES;
				CLANG_WARN_EMPTY_BODY = YES;
				CLANG_WARN_ENUM_CONVERSION = YES;
				CLANG_WARN_INFINITE_RECURSION = YES;
				CLANG_WARN_INT_CONVERSION = YES;
				CLANG_WARN_NON_LITERAL_NULL_CONVERSION = YES;
				CLANG_WARN_OBJC_IMPLICIT_RETAIN_SELF = YES;
				CLANG_WARN_OBJC_LITERAL_CONVERSION = YES;
				CLANG_WARN_OBJC_ROOT_CLASS = YES_ERROR;
				CLANG_WARN_QUOTED_INCLUDE_IN_FRAMEWORK_HEADER = NO;
				CLANG_WARN_RANGE_LOOP_ANALYSIS = YES;
				CLANG_WARN_STRICT_PROTOTYPES = YES;
				CLANG_WARN_SUSPICIOUS_MOVE = YES;
				CLANG_WARN_UNGUARDED_AVAILABILITY = YES_AGGRESSIVE;
				CLANG_WARN_UNREACHABLE_CODE = YES;
				CLANG_WARN__DUPLICATE_METHOD_MATCH = YES;
				CODE_SIGN_IDENTITY = "";
				CODE_SIGN_STYLE = Manual;
				COPY_PHASE_STRIP = NO;
				CURRENT_PROJECT_VERSION = 1;
				DEBUG_INFORMATION_FORMAT = dwarf;
				ENABLE_STRICT_OBJC_MSGSEND = YES;
				ENABLE_TESTABILITY = YES;
				GCC_C_LANGUAGE_STANDARD = gnu11;
				GCC_DYNAMIC_NO_PIC = NO;
				GCC_NO_COMMON_BLOCKS = YES;
				GCC_OPTIMIZATION_LEVEL = 0;
				GCC_PREPROCESSOR_DEFINITIONS = (
					"DEBUG=1",
					"$(inherited)",
				);
				GCC_WARN_64_TO_32_BIT_CONVERSION = YES;
				GCC_WARN_ABOUT_RETURN_TYPE = YES_ERROR;
				GCC_WARN_UNDECLARED_SELECTOR = YES;
				GCC_WARN_UNINITIALIZED_AUTOS = YES_AGGRESSIVE;
				GCC_WARN_UNUSED_FUNCTION = YES;
				GCC_WARN_UNUSED_VARIABLE = YES;
				MACOSX_DEPLOYMENT_TARGET = 10.15;
				MTL_ENABLE_DEBUG_INFO = INCLUDE_SOURCE;
				MTL_FAST_MATH = YES;
				ONLY_ACTIVE_ARCH = YES;
				SDKROOT = macosx;
				VERSIONING_SYSTEM = "apple-generic";
				VERSION_INFO_PREFIX = "";
			};
			name = Debug;
		};
		1A0FBE94260E1C2E00FF39BB /* Release */ = {
			isa = XCBuildConfiguration;
			buildSettings = {
				ALWAYS_SEARCH_USER_PATHS = NO;
				CLANG_ANALYZER_NONNULL = YES;
				CLANG_ANALYZER_NUMBER_OBJECT_CONVERSION = YES_AGGRESSIVE;
				CLANG_CXX_LANGUAGE_STANDARD = "gnu++14";
				CLANG_CXX_LIBRARY = "libc++";
				CLANG_ENABLE_MODULES = YES;
				CLANG_ENABLE_OBJC_ARC = YES;
				CLANG_ENABLE_OBJC_WEAK = YES;
				CLANG_WARN_BLOCK_CAPTURE_AUTORELEASING = YES;
				CLANG_WARN_BOOL_CONVERSION = YES;
				CLANG_WARN_COMMA = YES;
				CLANG_WARN_CONSTANT_CONVERSION = YES;
				CLANG_WARN_DEPRECATED_OBJC_IMPLEMENTATIONS = YES;
				CLANG_WARN_DIRECT_OBJC_ISA_USAGE = YES_ERROR;
				CLANG_WARN_DOCUMENTATION_COMMENTS = YES;
				CLANG_WARN_EMPTY_BODY = YES;
				CLANG_WARN_ENUM_CONVERSION = YES;
				CLANG_WARN_INFINITE_RECURSION = YES;
				CLANG_WARN_INT_CONVERSION = YES;
				CLANG_WARN_NON_LITERAL_NULL_CONVERSION = YES;
				CLANG_WARN_OBJC_IMPLICIT_RETAIN_SELF = YES;
				CLANG_WARN_OBJC_LITERAL_CONVERSION = YES;
				CLANG_WARN_OBJC_ROOT_CLASS = YES_ERROR;
				CLANG_WARN_QUOTED_INCLUDE_IN_FRAMEWORK_HEADER = NO;
				CLANG_WARN_RANGE_LOOP_ANALYSIS = YES;
				CLANG_WARN_STRICT_PROTOTYPES = YES;
				CLANG_WARN_SUSPICIOUS_MOVE = YES;
				CLANG_WARN_UNGUARDED_AVAILABILITY = YES_AGGRESSIVE;
				CLANG_WARN_UNREACHABLE_CODE = YES;
				CLANG_WARN__DUPLICATE_METHOD_MATCH = YES;
				CODE_SIGN_IDENTITY = "";
				CODE_SIGN_STYLE = Manual;
				COPY_PHASE_STRIP = NO;
				CURRENT_PROJECT_VERSION = 1;
				DEBUG_INFORMATION_FORMAT = "dwarf-with-dsym";
				ENABLE_NS_ASSERTIONS = NO;
				ENABLE_STRICT_OBJC_MSGSEND = YES;
				GCC_C_LANGUAGE_STANDARD = gnu11;
				GCC_NO_COMMON_BLOCKS = YES;
				GCC_WARN_64_TO_32_BIT_CONVERSION = YES;
				GCC_WARN_ABOUT_RETURN_TYPE = YES_ERROR;
				GCC_WARN_UNDECLARED_SELECTOR = YES;
				GCC_WARN_UNINITIALIZED_AUTOS = YES_AGGRESSIVE;
				GCC_WARN_UNUSED_FUNCTION = YES;
				GCC_WARN_UNUSED_VARIABLE = YES;
				MACOSX_DEPLOYMENT_TARGET = 10.15;
				MTL_ENABLE_DEBUG_INFO = NO;
				MTL_FAST_MATH = YES;
				SDKROOT = macosx;
				VERSIONING_SYSTEM = "apple-generic";
				VERSION_INFO_PREFIX = "";
			};
			name = Release;
		};
		1A0FBE96260E1C2E00FF39BB /* Debug */ = {
			isa = XCBuildConfiguration;
			buildSettings = {
				COMBINE_HIDPI_IMAGES = YES;
				DEFINES_MODULE = YES;
				DYLIB_COMPATIBILITY_VERSION = 1;
				DYLIB_CURRENT_VERSION = 1;
				DYLIB_INSTALL_NAME_BASE = "@rpath";
				INFOPLIST_FILE = VVMetalKit/Info.plist;
				INSTALL_PATH = "$(LOCAL_LIBRARY_DIR)/Frameworks";
				LD_RUNPATH_SEARCH_PATHS = (
					"$(inherited)",
					"@executable_path/../Frameworks",
					"@loader_path/../Frameworks",
				);
				PRODUCT_BUNDLE_IDENTIFIER = com.vidvox.VVMetalKit;
				PRODUCT_NAME = "$(TARGET_NAME:c99extidentifier)";
				SKIP_INSTALL = YES;
			};
			name = Debug;
		};
		1A0FBE97260E1C2E00FF39BB /* Release */ = {
			isa = XCBuildConfiguration;
			buildSettings = {
				COMBINE_HIDPI_IMAGES = YES;
				DEFINES_MODULE = YES;
				DYLIB_COMPATIBILITY_VERSION = 1;
				DYLIB_CURRENT_VERSION = 1;
				DYLIB_INSTALL_NAME_BASE = "@rpath";
				INFOPLIST_FILE = VVMetalKit/Info.plist;
				INSTALL_PATH = "$(LOCAL_LIBRARY_DIR)/Frameworks";
				LD_RUNPATH_SEARCH_PATHS = (
					"$(inherited)",
					"@executable_path/../Frameworks",
					"@loader_path/../Frameworks",
				);
				PRODUCT_BUNDLE_IDENTIFIER = com.vidvox.VVMetalKit;
				PRODUCT_NAME = "$(TARGET_NAME:c99extidentifier)";
				SKIP_INSTALL = YES;
			};
			name = Release;
		};
		1A276F442A1407EF002E3795 /* Debug */ = {
			isa = XCBuildConfiguration;
			buildSettings = {
				CLANG_CXX_LANGUAGE_STANDARD = "gnu++17";
				CLANG_WARN_QUOTED_INCLUDE_IN_FRAMEWORK_HEADER = YES;
				CODE_SIGN_STYLE = Automatic;
				DEBUGGING_SYMBOLS = YES;
				DEBUG_INFORMATION_FORMAT = dwarf;
				DEVELOPMENT_TEAM = KH97KZU7A7;
				GCC_GENERATE_DEBUGGING_SYMBOLS = YES;
				GCC_OPTIMIZATION_LEVEL = 0;
				OTHER_CFLAGS = "";
				OTHER_LDFLAGS = "";
				PRODUCT_NAME = "$(TARGET_NAME)";
			};
			name = Debug;
		};
		1A276F452A1407EF002E3795 /* Release */ = {
			isa = XCBuildConfiguration;
			buildSettings = {
				CLANG_CXX_LANGUAGE_STANDARD = "gnu++17";
				CLANG_WARN_QUOTED_INCLUDE_IN_FRAMEWORK_HEADER = YES;
				CODE_SIGN_STYLE = Automatic;
				DEBUG_INFORMATION_FORMAT = "dwarf-with-dsym";
				DEVELOPMENT_TEAM = KH97KZU7A7;
				OTHER_CFLAGS = "";
				OTHER_LDFLAGS = "";
				PRODUCT_NAME = "$(TARGET_NAME)";
			};
			name = Release;
		};
		1A3BB76A2A13E783003CDAE8 /* Debug */ = {
			isa = XCBuildConfiguration;
			buildSettings = {
				CLANG_CXX_LANGUAGE_STANDARD = "c++20";
				COMBINE_HIDPI_IMAGES = YES;
				CURRENT_PROJECT_VERSION = 1;
				DEFINES_MODULE = YES;
				DYLIB_COMPATIBILITY_VERSION = 1;
				DYLIB_CURRENT_VERSION = 1;
				DYLIB_INSTALL_NAME_BASE = "@rpath";
				GENERATE_INFOPLIST_FILE = YES;
				HEADER_SEARCH_PATHS = (
					"\"$(PROJECT_DIR)/submodules/ISFMSLKit/extern/GLSLangValidatorLib/include\"",
					"\"$(PROJECT_DIR)/submodules/ISFMSLKit/extern/SPIRVCrossLib/include\"",
					"\"$(PROJECT_DIR)/submodules/ISFMSLKit/submodules/ISFGLSLGenerator/build/install/include\"",
				);
				INSTALL_PATH = "$(LOCAL_LIBRARY_DIR)/Frameworks";
				LD_RUNPATH_SEARCH_PATHS = (
					"$(inherited)",
					"@executable_path/../Frameworks",
					"@loader_path/Frameworks",
				);
				LIBRARY_SEARCH_PATHS = (
					"$(inherited)",
					"$(PROJECT_DIR)/submodules/ISFMSLKit/extern/GLSLangValidatorLib/bin",
					"$(PROJECT_DIR)/submodules/ISFMSLKit/extern/SPIRVCrossLib/bin",
					"$(PROJECT_DIR)/submodules/ISFMSLKit/submodules/ISFGLSLGenerator/build/install/lib",
				);
				MACOSX_DEPLOYMENT_TARGET = 11.0;
				MARKETING_VERSION = 1.0;
				PRODUCT_BUNDLE_IDENTIFIER = com.vidvox.ISFMSLKit;
				PRODUCT_NAME = "$(TARGET_NAME:c99extidentifier)";
				SKIP_INSTALL = YES;
			};
			name = Debug;
		};
		1A3BB76B2A13E783003CDAE8 /* Release */ = {
			isa = XCBuildConfiguration;
			buildSettings = {
				CLANG_CXX_LANGUAGE_STANDARD = "c++20";
				COMBINE_HIDPI_IMAGES = YES;
				CURRENT_PROJECT_VERSION = 1;
				DEFINES_MODULE = YES;
				DYLIB_COMPATIBILITY_VERSION = 1;
				DYLIB_CURRENT_VERSION = 1;
				DYLIB_INSTALL_NAME_BASE = "@rpath";
				GENERATE_INFOPLIST_FILE = YES;
				HEADER_SEARCH_PATHS = (
					"\"$(PROJECT_DIR)/submodules/ISFMSLKit/extern/GLSLangValidatorLib/include\"",
					"\"$(PROJECT_DIR)/submodules/ISFMSLKit/extern/SPIRVCrossLib/include\"",
					"\"$(PROJECT_DIR)/submodules/ISFMSLKit/submodules/ISFGLSLGenerator/build/install/include\"",
				);
				INSTALL_PATH = "$(LOCAL_LIBRARY_DIR)/Frameworks";
				LD_RUNPATH_SEARCH_PATHS = (
					"$(inherited)",
					"@executable_path/../Frameworks",
					"@loader_path/Frameworks",
				);
				LIBRARY_SEARCH_PATHS = (
					"$(inherited)",
					"$(PROJECT_DIR)/submodules/ISFMSLKit/extern/GLSLangValidatorLib/bin",
					"$(PROJECT_DIR)/submodules/ISFMSLKit/extern/SPIRVCrossLib/bin",
					"$(PROJECT_DIR)/submodules/ISFMSLKit/submodules/ISFGLSLGenerator/build/install/lib",
				);
				MACOSX_DEPLOYMENT_TARGET = 11.0;
				MARKETING_VERSION = 1.0;
				PRODUCT_BUNDLE_IDENTIFIER = com.vidvox.ISFMSLKit;
				PRODUCT_NAME = "$(TARGET_NAME:c99extidentifier)";
				SKIP_INSTALL = YES;
			};
			name = Release;
		};
		1AC82CF627FF2901009A9989 /* Debug */ = {
			isa = XCBuildConfiguration;
			buildSettings = {
				COMBINE_HIDPI_IMAGES = YES;
				DEFINES_MODULE = YES;
				DYLIB_COMPATIBILITY_VERSION = 1;
				DYLIB_CURRENT_VERSION = 1;
				DYLIB_INSTALL_NAME_BASE = "@rpath";
				INFOPLIST_FILE = VVMetalKit/Info.plist;
				INSTALL_PATH = "$(LOCAL_LIBRARY_DIR)/Frameworks";
				LD_RUNPATH_SEARCH_PATHS = (
					"$(inherited)",
					"@executable_path/../Frameworks",
					"@loader_path/../Frameworks",
				);
				PRODUCT_BUNDLE_IDENTIFIER = com.vidvox.VVMetalKit;
				PRODUCT_NAME = "$(TARGET_NAME:c99extidentifier)";
				SDKROOT = iphoneos;
				SKIP_INSTALL = YES;
			};
			name = Debug;
		};
		1AC82CF727FF2901009A9989 /* Release */ = {
			isa = XCBuildConfiguration;
			buildSettings = {
				COMBINE_HIDPI_IMAGES = YES;
				DEFINES_MODULE = YES;
				DYLIB_COMPATIBILITY_VERSION = 1;
				DYLIB_CURRENT_VERSION = 1;
				DYLIB_INSTALL_NAME_BASE = "@rpath";
				INFOPLIST_FILE = VVMetalKit/Info.plist;
				INSTALL_PATH = "$(LOCAL_LIBRARY_DIR)/Frameworks";
				LD_RUNPATH_SEARCH_PATHS = (
					"$(inherited)",
					"@executable_path/../Frameworks",
					"@loader_path/../Frameworks",
				);
				PRODUCT_BUNDLE_IDENTIFIER = com.vidvox.VVMetalKit;
				PRODUCT_NAME = "$(TARGET_NAME:c99extidentifier)";
				SDKROOT = iphoneos;
				SKIP_INSTALL = YES;
			};
			name = Release;
		};
		1AED790F2A1524D6004C0126 /* Debug */ = {
			isa = XCBuildConfiguration;
			buildSettings = {
				CLANG_CXX_LANGUAGE_STANDARD = "gnu++17";
				CLANG_WARN_QUOTED_INCLUDE_IN_FRAMEWORK_HEADER = YES;
				CODE_SIGN_STYLE = Manual;
				COMBINE_HIDPI_IMAGES = YES;
				CURRENT_PROJECT_VERSION = 1;
				DEFINES_MODULE = YES;
				DEVELOPMENT_TEAM = "";
				DYLIB_COMPATIBILITY_VERSION = 1;
				DYLIB_CURRENT_VERSION = 1;
				DYLIB_INSTALL_NAME_BASE = "@rpath";
				GENERATE_INFOPLIST_FILE = YES;
				INFOPLIST_KEY_NSHumanReadableCopyright = "";
				INSTALL_PATH = "$(LOCAL_LIBRARY_DIR)/Frameworks";
				LD_RUNPATH_SEARCH_PATHS = (
					"$(inherited)",
					"@executable_path/../Frameworks",
					"@loader_path/Frameworks",
				);
				MACOSX_DEPLOYMENT_TARGET = 12.3;
				MARKETING_VERSION = 1.0;
				PRODUCT_BUNDLE_IDENTIFIER = com.vidvox.MSLCompModes;
				PRODUCT_NAME = "$(TARGET_NAME:c99extidentifier)";
				PROVISIONING_PROFILE_SPECIFIER = "";
				SKIP_INSTALL = YES;
				SWIFT_EMIT_LOC_STRINGS = YES;
			};
			name = Debug;
		};
		1AED79102A1524D6004C0126 /* Release */ = {
			isa = XCBuildConfiguration;
			buildSettings = {
				CLANG_CXX_LANGUAGE_STANDARD = "gnu++17";
				CLANG_WARN_QUOTED_INCLUDE_IN_FRAMEWORK_HEADER = YES;
				CODE_SIGN_STYLE = Manual;
				COMBINE_HIDPI_IMAGES = YES;
				CURRENT_PROJECT_VERSION = 1;
				DEFINES_MODULE = YES;
				DEVELOPMENT_TEAM = "";
				DYLIB_COMPATIBILITY_VERSION = 1;
				DYLIB_CURRENT_VERSION = 1;
				DYLIB_INSTALL_NAME_BASE = "@rpath";
				GENERATE_INFOPLIST_FILE = YES;
				INFOPLIST_KEY_NSHumanReadableCopyright = "";
				INSTALL_PATH = "$(LOCAL_LIBRARY_DIR)/Frameworks";
				LD_RUNPATH_SEARCH_PATHS = (
					"$(inherited)",
					"@executable_path/../Frameworks",
					"@loader_path/Frameworks",
				);
				MACOSX_DEPLOYMENT_TARGET = 12.3;
				MARKETING_VERSION = 1.0;
				PRODUCT_BUNDLE_IDENTIFIER = com.vidvox.MSLCompModes;
				PRODUCT_NAME = "$(TARGET_NAME:c99extidentifier)";
				PROVISIONING_PROFILE_SPECIFIER = "";
				SKIP_INSTALL = YES;
				SWIFT_EMIT_LOC_STRINGS = YES;
			};
			name = Release;
		};
/* End XCBuildConfiguration section */

/* Begin XCConfigurationList section */
		1A0FBE87260E1C2E00FF39BB /* Build configuration list for PBXProject "VVMetalKit" */ = {
			isa = XCConfigurationList;
			buildConfigurations = (
				1A0FBE93260E1C2E00FF39BB /* Debug */,
				1A0FBE94260E1C2E00FF39BB /* Release */,
			);
			defaultConfigurationIsVisible = 0;
			defaultConfigurationName = Release;
		};
		1A0FBE95260E1C2E00FF39BB /* Build configuration list for PBXNativeTarget "VVMetalKit" */ = {
			isa = XCConfigurationList;
			buildConfigurations = (
				1A0FBE96260E1C2E00FF39BB /* Debug */,
				1A0FBE97260E1C2E00FF39BB /* Release */,
			);
			defaultConfigurationIsVisible = 0;
			defaultConfigurationName = Release;
		};
		1A276F432A1407EF002E3795 /* Build configuration list for PBXLegacyTarget "ISFGLSLGenerator" */ = {
			isa = XCConfigurationList;
			buildConfigurations = (
				1A276F442A1407EF002E3795 /* Debug */,
				1A276F452A1407EF002E3795 /* Release */,
			);
			defaultConfigurationIsVisible = 0;
			defaultConfigurationName = Release;
		};
		1A3BB76C2A13E783003CDAE8 /* Build configuration list for PBXNativeTarget "ISFMSLKit" */ = {
			isa = XCConfigurationList;
			buildConfigurations = (
				1A3BB76A2A13E783003CDAE8 /* Debug */,
				1A3BB76B2A13E783003CDAE8 /* Release */,
			);
			defaultConfigurationIsVisible = 0;
			defaultConfigurationName = Release;
		};
		1AC82CF527FF2901009A9989 /* Build configuration list for PBXNativeTarget "VVMetalKitTouch" */ = {
			isa = XCConfigurationList;
			buildConfigurations = (
				1AC82CF627FF2901009A9989 /* Debug */,
				1AC82CF727FF2901009A9989 /* Release */,
			);
			defaultConfigurationIsVisible = 0;
			defaultConfigurationName = Release;
		};
		1AED791D2A1524D6004C0126 /* Build configuration list for PBXNativeTarget "MSLCompModes" */ = {
			isa = XCConfigurationList;
			buildConfigurations = (
				1AED790F2A1524D6004C0126 /* Debug */,
				1AED79102A1524D6004C0126 /* Release */,
			);
			defaultConfigurationIsVisible = 0;
			defaultConfigurationName = Release;
		};
/* End XCConfigurationList section */
	};
	rootObject = 1A0FBE84260E1C2E00FF39BB /* Project object */;
}
