// !$*UTF8*$!
{
	archiveVersion = 1;
	classes = {
	};
	objectVersion = 50;
	objects = {

/* Begin PBXBuildFile section */
		1A061DC32A165E6B00980D41 /* MSLCompModeSceneA.h in Headers */ = {isa = PBXBuildFile; fileRef = 1A061DC12A165E6B00980D41 /* MSLCompModeSceneA.h */; settings = {ATTRIBUTES = (Public, ); }; };
		1A061DC42A165E6B00980D41 /* MSLCompModeSceneA.m in Sources */ = {isa = PBXBuildFile; fileRef = 1A061DC22A165E6B00980D41 /* MSLCompModeSceneA.m */; };
		1A061DC82A165E8800980D41 /* MSLCompModeSceneAShaderTypes.h in Headers */ = {isa = PBXBuildFile; fileRef = 1A061DC72A165E8500980D41 /* MSLCompModeSceneAShaderTypes.h */; settings = {ATTRIBUTES = (Public, ); }; };
		1A061DCB2A165EDB00980D41 /* VVMetalKit.framework in Frameworks */ = {isa = PBXBuildFile; fileRef = 1A0FBE8D260E1C2E00FF39BB /* VVMetalKit.framework */; };
		1A06925C2AF2649700A2DA9F /* VVMTLOrthoRenderScene.h in Headers */ = {isa = PBXBuildFile; fileRef = 1A06925A2AF2649700A2DA9F /* VVMTLOrthoRenderScene.h */; settings = {ATTRIBUTES = (Public, ); }; };
		1A06925D2AF2649700A2DA9F /* VVMTLOrthoRenderScene.m in Sources */ = {isa = PBXBuildFile; fileRef = 1A06925B2AF2649700A2DA9F /* VVMTLOrthoRenderScene.m */; };
		1A093A7C2AF2930C00AC3C1F /* CustomMetalView.metal in Sources */ = {isa = PBXBuildFile; fileRef = 1A093A7B2AF2930C00AC3C1F /* CustomMetalView.metal */; };
		1A0AEA982A55B6F6003BBFBE /* VVMTLUtilities.h in Headers */ = {isa = PBXBuildFile; fileRef = 1A0AEA962A55B6F6003BBFBE /* VVMTLUtilities.h */; settings = {ATTRIBUTES = (Public, ); }; };
		1A0AEA992A55B6F6003BBFBE /* VVMTLUtilities.m in Sources */ = {isa = PBXBuildFile; fileRef = 1A0AEA972A55B6F6003BBFBE /* VVMTLUtilities.m */; };
		1A0AEAA82A55D79E003BBFBE /* Metal.framework in Frameworks */ = {isa = PBXBuildFile; fileRef = 1AAF56CB2A14238400626430 /* Metal.framework */; };
		1A0AEAB52A55D7A4003BBFBE /* MetalKit.framework in Frameworks */ = {isa = PBXBuildFile; fileRef = 1AAF56CA2A14238400626430 /* MetalKit.framework */; };
		1A0AEAB62A55D7A9003BBFBE /* CoreGraphics.framework in Frameworks */ = {isa = PBXBuildFile; fileRef = 1AAF56C82A14237200626430 /* CoreGraphics.framework */; };
		1A0AEAB82A55D7BD003BBFBE /* Accelerate.framework in Frameworks */ = {isa = PBXBuildFile; fileRef = 1A0AEAB72A55D7BD003BBFBE /* Accelerate.framework */; };
		1A0FBE92260E1C2E00FF39BB /* VVMetalKit.h in Headers */ = {isa = PBXBuildFile; fileRef = 1A0FBE90260E1C2E00FF39BB /* VVMetalKit.h */; settings = {ATTRIBUTES = (Public, ); }; };
		1A0FBEB5260E1F5000FF39BB /* CopierMTLScene.h in Headers */ = {isa = PBXBuildFile; fileRef = 1A0FBE9E260E1F4F00FF39BB /* CopierMTLScene.h */; settings = {ATTRIBUTES = (Public, ); }; };
		1A0FBEB9260E1F5000FF39BB /* CustomMetalView.h in Headers */ = {isa = PBXBuildFile; fileRef = 1A0FBEA2260E1F4F00FF39BB /* CustomMetalView.h */; settings = {ATTRIBUTES = (Public, ); }; };
		1A0FBEBE260E1F5000FF39BB /* SizingToolTypes.h in Headers */ = {isa = PBXBuildFile; fileRef = 1A0FBEA7260E1F5000FF39BB /* SizingToolTypes.h */; settings = {ATTRIBUTES = (Public, ); }; };
		1A0FBEC1260E1F5000FF39BB /* SizingTool_metal.h in Headers */ = {isa = PBXBuildFile; fileRef = 1A0FBEAA260E1F5000FF39BB /* SizingTool_metal.h */; settings = {ATTRIBUTES = (Public, ); }; };
		1A0FBEC3260E1F5000FF39BB /* CopierMTLScene.m in Sources */ = {isa = PBXBuildFile; fileRef = 1A0FBEAC260E1F5000FF39BB /* CopierMTLScene.m */; };
		1A0FBEC4260E1F5000FF39BB /* CustomMetalView.m in Sources */ = {isa = PBXBuildFile; fileRef = 1A0FBEAD260E1F5000FF39BB /* CustomMetalView.m */; };
		1A0FBEC5260E1F5000FF39BB /* CopierMTLScene.metal in Sources */ = {isa = PBXBuildFile; fileRef = 1A0FBEAE260E1F5000FF39BB /* CopierMTLScene.metal */; };
		1A0FBED7260E243500FF39BB /* SwizzleMTLScene.h in Headers */ = {isa = PBXBuildFile; fileRef = 1A0FBED5260E243500FF39BB /* SwizzleMTLScene.h */; settings = {ATTRIBUTES = (Public, ); }; };
		1A0FBED8260E243500FF39BB /* SwizzleMTLScene.mm in Sources */ = {isa = PBXBuildFile; fileRef = 1A0FBED6260E243500FF39BB /* SwizzleMTLScene.mm */; };
		1A0FBEDB260E244000FF39BB /* SwizzleMTLScene.metal in Sources */ = {isa = PBXBuildFile; fileRef = 1A0FBEDA260E244000FF39BB /* SwizzleMTLScene.metal */; };
		1A0FBEDF260E257600FF39BB /* RenderProperties.h in Headers */ = {isa = PBXBuildFile; fileRef = 1A0FBEDD260E257600FF39BB /* RenderProperties.h */; settings = {ATTRIBUTES = (Public, ); }; };
		1A0FBEE0260E257600FF39BB /* RenderProperties.m in Sources */ = {isa = PBXBuildFile; fileRef = 1A0FBEDE260E257600FF39BB /* RenderProperties.m */; };
		1A199DF0279F6A1F00EE9ACB /* VVColorConversions.h in Headers */ = {isa = PBXBuildFile; fileRef = 1A199DEF279F6A1F00EE9ACB /* VVColorConversions.h */; settings = {ATTRIBUTES = (Public, ); }; };
		1A199DF2279F6A2B00EE9ACB /* VVColorConversions.metal in Sources */ = {isa = PBXBuildFile; fileRef = 1A199DF1279F6A2B00EE9ACB /* VVColorConversions.metal */; };
		1A20CF012A46213B00F2EDBB /* VVMTLRecyclingPool.h in Headers */ = {isa = PBXBuildFile; fileRef = 1A20CF002A46213B00F2EDBB /* VVMTLRecyclingPool.h */; settings = {ATTRIBUTES = (Public, ); }; };
		1A20CF032A46225D00F2EDBB /* VVMTLRecycleableDescriptor.h in Headers */ = {isa = PBXBuildFile; fileRef = 1A20CF022A46225D00F2EDBB /* VVMTLRecycleableDescriptor.h */; settings = {ATTRIBUTES = (Public, ); }; };
		1A20CF062A499BC300F2EDBB /* VVMTLBufferDescriptor.h in Headers */ = {isa = PBXBuildFile; fileRef = 1A20CF042A499BC300F2EDBB /* VVMTLBufferDescriptor.h */; settings = {ATTRIBUTES = (Public, ); }; };
		1A20CF072A499BC300F2EDBB /* VVMTLBufferDescriptor.m in Sources */ = {isa = PBXBuildFile; fileRef = 1A20CF052A499BC300F2EDBB /* VVMTLBufferDescriptor.m */; };
		1A20CF0A2A499BCF00F2EDBB /* VVMTLTextureImageDescriptor.h in Headers */ = {isa = PBXBuildFile; fileRef = 1A20CF082A499BCF00F2EDBB /* VVMTLTextureImageDescriptor.h */; settings = {ATTRIBUTES = (Public, ); }; };
		1A20CF0B2A499BCF00F2EDBB /* VVMTLTextureImageDescriptor.m in Sources */ = {isa = PBXBuildFile; fileRef = 1A20CF092A499BCF00F2EDBB /* VVMTLTextureImageDescriptor.m */; };
		1A20CF0E2A4A1A3700F2EDBB /* VVMTLPool.h in Headers */ = {isa = PBXBuildFile; fileRef = 1A20CF0C2A4A1A3700F2EDBB /* VVMTLPool.h */; settings = {ATTRIBUTES = (Public, ); }; };
		1A20CF0F2A4A1A3700F2EDBB /* VVMTLPool.m in Sources */ = {isa = PBXBuildFile; fileRef = 1A20CF0D2A4A1A3700F2EDBB /* VVMTLPool.m */; };
		1A2149DA2638526B007AD273 /* SizingTool_objc.h in Headers */ = {isa = PBXBuildFile; fileRef = 1A2149D7263851BA007AD273 /* SizingTool_objc.h */; settings = {ATTRIBUTES = (Public, ); }; };
		1A2906652A16CAB700DD24AB /* MSLCompModeResource.h in Headers */ = {isa = PBXBuildFile; fileRef = 1A2906632A16CAB700DD24AB /* MSLCompModeResource.h */; settings = {ATTRIBUTES = (Public, ); }; };
		1A2906662A16CAB700DD24AB /* MSLCompModeResource.m in Sources */ = {isa = PBXBuildFile; fileRef = 1A2906642A16CAB700DD24AB /* MSLCompModeResource.m */; };
		1A379F552C3EC78200B51B4E /* MSLCompModeResourceController.m in Sources */ = {isa = PBXBuildFile; fileRef = 1A379F542C3EC78200B51B4E /* MSLCompModeResourceController.m */; };
		1A379F562C3EC78200B51B4E /* MSLCompModeResourceController.h in Headers */ = {isa = PBXBuildFile; fileRef = 1A379F532C3EC78200B51B4E /* MSLCompModeResourceController.h */; settings = {ATTRIBUTES = (Public, ); }; };
		1A47F8452A55E30C0087942C /* CIMTLScene.m in Sources */ = {isa = PBXBuildFile; fileRef = 1A47F8372A55E30C0087942C /* CIMTLScene.m */; };
		1A47F8462A55E30C0087942C /* CIMTLScene.m in Sources */ = {isa = PBXBuildFile; fileRef = 1A47F8372A55E30C0087942C /* CIMTLScene.m */; };
		1A47F8472A55E30C0087942C /* CIMTLScene.h in Headers */ = {isa = PBXBuildFile; fileRef = 1A47F8442A55E30C0087942C /* CIMTLScene.h */; settings = {ATTRIBUTES = (Public, ); }; };
		1A47F8482A55E30C0087942C /* CIMTLScene.h in Headers */ = {isa = PBXBuildFile; fileRef = 1A47F8442A55E30C0087942C /* CIMTLScene.h */; };
		1A4819732816C7AD00CE2D00 /* BilinearInterpolation.h in Headers */ = {isa = PBXBuildFile; fileRef = 1A4819722816C7AD00CE2D00 /* BilinearInterpolation.h */; settings = {ATTRIBUTES = (Public, ); }; };
		1A4819742816C7AD00CE2D00 /* BilinearInterpolation.h in Headers */ = {isa = PBXBuildFile; fileRef = 1A4819722816C7AD00CE2D00 /* BilinearInterpolation.h */; settings = {ATTRIBUTES = (Public, ); }; };
		1A4819792816C7D600CE2D00 /* BicubicInterpolation.h in Headers */ = {isa = PBXBuildFile; fileRef = 1A4819782816C7D600CE2D00 /* BicubicInterpolation.h */; settings = {ATTRIBUTES = (Public, ); }; };
		1A48197A2816C7D600CE2D00 /* BicubicInterpolation.h in Headers */ = {isa = PBXBuildFile; fileRef = 1A4819782816C7D600CE2D00 /* BicubicInterpolation.h */; settings = {ATTRIBUTES = (Public, ); }; };
		1A6A02D82AF3DDC4003B12BF /* CMVMTLDrawObject.m in Sources */ = {isa = PBXBuildFile; fileRef = 1A6A02CA2AF3DDC4003B12BF /* CMVMTLDrawObject.m */; };
		1A6A02D92AF3DDC4003B12BF /* CMVMTLDrawObject.h in Headers */ = {isa = PBXBuildFile; fileRef = 1A6A02D72AF3DDC4003B12BF /* CMVMTLDrawObject.h */; settings = {ATTRIBUTES = (Public, ); }; };
		1A87498F2C4198BE0092F0F9 /* MSLCompModeSceneB.m in Sources */ = {isa = PBXBuildFile; fileRef = 1A87498D2C4198BE0092F0F9 /* MSLCompModeSceneB.m */; };
		1A8749902C4198BE0092F0F9 /* MSLCompModeSceneB.h in Headers */ = {isa = PBXBuildFile; fileRef = 1A87498E2C4198BE0092F0F9 /* MSLCompModeSceneB.h */; settings = {ATTRIBUTES = (Public, ); }; };
		1A8749922C419F380092F0F9 /* MSLCompModeSceneShaderTypes.h in Headers */ = {isa = PBXBuildFile; fileRef = 1A8749912C419F380092F0F9 /* MSLCompModeSceneShaderTypes.h */; settings = {ATTRIBUTES = (Public, ); }; };
		1A89211E2A0BDDED00C19DE3 /* CustomMetalViewShaderTypes.h in Headers */ = {isa = PBXBuildFile; fileRef = 1A89211D2A0BDDED00C19DE3 /* CustomMetalViewShaderTypes.h */; settings = {ATTRIBUTES = (Public, ); }; };
		1A976B6A2A461D4C00C654FA /* VVMTLImage.h in Headers */ = {isa = PBXBuildFile; fileRef = 1A976B612A461D4C00C654FA /* VVMTLImage.h */; settings = {ATTRIBUTES = (Public, ); }; };
		1A976B6D2A461D4C00C654FA /* VVMTLRecycleable.h in Headers */ = {isa = PBXBuildFile; fileRef = 1A976B642A461D4C00C654FA /* VVMTLRecycleable.h */; settings = {ATTRIBUTES = (Public, ); }; };
		1A976B6E2A461D4C00C654FA /* VVMTLBuffer.h in Headers */ = {isa = PBXBuildFile; fileRef = 1A976B652A461D4C00C654FA /* VVMTLBuffer.h */; settings = {ATTRIBUTES = (Public, ); }; };
		1A976B6F2A461D4C00C654FA /* VVMTLTimestamp.h in Headers */ = {isa = PBXBuildFile; fileRef = 1A976B662A461D4C00C654FA /* VVMTLTimestamp.h */; settings = {ATTRIBUTES = (Public, ); }; };
		1A976B712A461D4C00C654FA /* VVMTLTextureImage.h in Headers */ = {isa = PBXBuildFile; fileRef = 1A976B682A461D4C00C654FA /* VVMTLTextureImage.h */; settings = {ATTRIBUTES = (Public, ); }; };
		1A97EA4B2C3F1F0E007A47DD /* MSLCompModeSceneBShaderTypes.h in Headers */ = {isa = PBXBuildFile; fileRef = 1A97EA4A2C3F1EF4007A47DD /* MSLCompModeSceneBShaderTypes.h */; settings = {ATTRIBUTES = (Public, ); }; };
		1A9924052A4DA41F00F5094D /* VVMTLBuffer.m in Sources */ = {isa = PBXBuildFile; fileRef = 1A9924042A4DA41F00F5094D /* VVMTLBuffer.m */; };
		1A9924132A4DA43400F5094D /* VVMTLTextureImage.m in Sources */ = {isa = PBXBuildFile; fileRef = 1A9924122A4DA43400F5094D /* VVMTLTextureImage.m */; };
		1AAC5A522C3EF8AD00EC28CD /* MSLCompModeScene.h in Headers */ = {isa = PBXBuildFile; fileRef = 1AAC5A502C3EF8AD00EC28CD /* MSLCompModeScene.h */; settings = {ATTRIBUTES = (Public, ); }; };
		1AAC5A532C3EF8AD00EC28CD /* MSLCompModeScene.m in Sources */ = {isa = PBXBuildFile; fileRef = 1AAC5A512C3EF8AD00EC28CD /* MSLCompModeScene.m */; };
		1ABAD0DC27CEB41100466A69 /* SwizzleMTLSceneTypes.m in Sources */ = {isa = PBXBuildFile; fileRef = 1ABAD0DB27CEB41100466A69 /* SwizzleMTLSceneTypes.m */; };
		1ABDF7AE2A214E3D00EE8708 /* VVMacros.h in Headers */ = {isa = PBXBuildFile; fileRef = 1ABDF7A12A214E3D00EE8708 /* VVMacros.h */; };
		1ABE244F2A4DE87400317187 /* VVMTLScene.h in Headers */ = {isa = PBXBuildFile; fileRef = 1ABE244D2A4DE87400317187 /* VVMTLScene.h */; settings = {ATTRIBUTES = (Public, ); }; };
		1ABE24502A4DE87500317187 /* VVMTLScene.m in Sources */ = {isa = PBXBuildFile; fileRef = 1ABE244E2A4DE87400317187 /* VVMTLScene.m */; };
		1ABE24532A4DE88200317187 /* VVMTLComputeScene.h in Headers */ = {isa = PBXBuildFile; fileRef = 1ABE24512A4DE88200317187 /* VVMTLComputeScene.h */; settings = {ATTRIBUTES = (Public, ); }; };
		1ABE24542A4DE88200317187 /* VVMTLComputeScene.m in Sources */ = {isa = PBXBuildFile; fileRef = 1ABE24522A4DE88200317187 /* VVMTLComputeScene.m */; };
		1ABE24572A4DE88B00317187 /* VVMTLRenderScene.h in Headers */ = {isa = PBXBuildFile; fileRef = 1ABE24552A4DE88B00317187 /* VVMTLRenderScene.h */; settings = {ATTRIBUTES = (Public, ); }; };
		1ABE24582A4DE88B00317187 /* VVMTLRenderScene.m in Sources */ = {isa = PBXBuildFile; fileRef = 1ABE24562A4DE88B00317187 /* VVMTLRenderScene.m */; };
		1ABE245B2A4DE8A500317187 /* VVMTLTextureImageRectView.h in Headers */ = {isa = PBXBuildFile; fileRef = 1ABE24592A4DE8A500317187 /* VVMTLTextureImageRectView.h */; settings = {ATTRIBUTES = (Public, ); }; };
		1ABE245C2A4DE8A500317187 /* VVMTLTextureImageRectView.m in Sources */ = {isa = PBXBuildFile; fileRef = 1ABE245A2A4DE8A500317187 /* VVMTLTextureImageRectView.m */; };
		1ABE245F2A4DE8B400317187 /* VVMTLTextureImageView.h in Headers */ = {isa = PBXBuildFile; fileRef = 1ABE245D2A4DE8B400317187 /* VVMTLTextureImageView.h */; settings = {ATTRIBUTES = (Public, ); }; };
		1ABE24602A4DE8B400317187 /* VVMTLTextureImageView.m in Sources */ = {isa = PBXBuildFile; fileRef = 1ABE245E2A4DE8B400317187 /* VVMTLTextureImageView.m */; };
		1ABE24632A4DE8E600317187 /* VVMTLTextureImageRectView.metal in Sources */ = {isa = PBXBuildFile; fileRef = 1ABE24622A4DE8E600317187 /* VVMTLTextureImageRectView.metal */; };
		1ABE24652A4DE90400317187 /* VVMTLTextureImageShaderTypes.h in Headers */ = {isa = PBXBuildFile; fileRef = 1ABE24642A4DE90000317187 /* VVMTLTextureImageShaderTypes.h */; settings = {ATTRIBUTES = (Public, ); }; };
		1ABE24662A4DE90A00317187 /* VVMTLTextureImageRectViewShaderTypes.h in Headers */ = {isa = PBXBuildFile; fileRef = 1ABE24612A4DE8CC00317187 /* VVMTLTextureImageRectViewShaderTypes.h */; settings = {ATTRIBUTES = (Public, ); }; };
		1ABE24682A4DF47200317187 /* VVMTLScene_priv.h in Headers */ = {isa = PBXBuildFile; fileRef = 1ABE24672A4DF47200317187 /* VVMTLScene_priv.h */; settings = {ATTRIBUTES = (Public, ); }; };
		1AC4AC132A5EFB9D00119888 /* VVMTLLUT.h in Headers */ = {isa = PBXBuildFile; fileRef = 1AC4AC122A5EFB9D00119888 /* VVMTLLUT.h */; settings = {ATTRIBUTES = (Public, ); }; };
		1AC4AC142A5EFB9D00119888 /* VVMTLLUT.h in Headers */ = {isa = PBXBuildFile; fileRef = 1AC4AC122A5EFB9D00119888 /* VVMTLLUT.h */; };
		1AC4AC232A5EFED900119888 /* VVMTLTextureLUT.h in Headers */ = {isa = PBXBuildFile; fileRef = 1AC4AC212A5EFED900119888 /* VVMTLTextureLUT.h */; settings = {ATTRIBUTES = (Public, ); }; };
		1AC4AC242A5EFED900119888 /* VVMTLTextureLUT.m in Sources */ = {isa = PBXBuildFile; fileRef = 1AC4AC222A5EFED900119888 /* VVMTLTextureLUT.m */; };
		1AC4AC272A5EFEEA00119888 /* VVMTLTextureLUTDescriptor.h in Headers */ = {isa = PBXBuildFile; fileRef = 1AC4AC252A5EFEEA00119888 /* VVMTLTextureLUTDescriptor.h */; settings = {ATTRIBUTES = (Public, ); }; };
		1AC4AC282A5EFEEA00119888 /* VVMTLTextureLUTDescriptor.m in Sources */ = {isa = PBXBuildFile; fileRef = 1AC4AC262A5EFEEA00119888 /* VVMTLTextureLUTDescriptor.m */; };
		1AC82CC927FF2901009A9989 /* SwizzleMTLSceneTypes.h in Headers */ = {isa = PBXBuildFile; fileRef = 1ADE965F26FBB12200148612 /* SwizzleMTLSceneTypes.h */; settings = {ATTRIBUTES = (Public, ); }; };
		1AC82CCA27FF2901009A9989 /* CustomMetalView.h in Headers */ = {isa = PBXBuildFile; fileRef = 1A0FBEA2260E1F4F00FF39BB /* CustomMetalView.h */; settings = {ATTRIBUTES = (Public, ); }; };
		1AC82CCB27FF2901009A9989 /* SwizzleMTLScene.h in Headers */ = {isa = PBXBuildFile; fileRef = 1A0FBED5260E243500FF39BB /* SwizzleMTLScene.h */; settings = {ATTRIBUTES = (Public, ); }; };
		1AC82CD127FF2901009A9989 /* RenderProperties.h in Headers */ = {isa = PBXBuildFile; fileRef = 1A0FBEDD260E257600FF39BB /* RenderProperties.h */; settings = {ATTRIBUTES = (Public, ); }; };
		1AC82CD227FF2901009A9989 /* CopierMTLScene.h in Headers */ = {isa = PBXBuildFile; fileRef = 1A0FBE9E260E1F4F00FF39BB /* CopierMTLScene.h */; settings = {ATTRIBUTES = (Public, ); }; };
		1AC82CD327FF2901009A9989 /* VVMetalKit.h in Headers */ = {isa = PBXBuildFile; fileRef = 1A0FBE90260E1C2E00FF39BB /* VVMetalKit.h */; settings = {ATTRIBUTES = (Public, ); }; };
		1AC82CD427FF2901009A9989 /* SizingTool_objc.h in Headers */ = {isa = PBXBuildFile; fileRef = 1A2149D7263851BA007AD273 /* SizingTool_objc.h */; settings = {ATTRIBUTES = (Public, ); }; };
		1AC82CD827FF2901009A9989 /* SizingTool_c.h in Headers */ = {isa = PBXBuildFile; fileRef = 1AE5D72326165A470064DC1C /* SizingTool_c.h */; settings = {ATTRIBUTES = (Public, ); }; };
		1AC82CDA27FF2901009A9989 /* SizingToolTypes.h in Headers */ = {isa = PBXBuildFile; fileRef = 1A0FBEA7260E1F5000FF39BB /* SizingToolTypes.h */; settings = {ATTRIBUTES = (Public, ); }; };
		1AC82CDB27FF2901009A9989 /* VVColorConversions.h in Headers */ = {isa = PBXBuildFile; fileRef = 1A199DEF279F6A1F00EE9ACB /* VVColorConversions.h */; settings = {ATTRIBUTES = (Public, ); }; };
		1AC82CDC27FF2901009A9989 /* SizingTool_metal.h in Headers */ = {isa = PBXBuildFile; fileRef = 1A0FBEAA260E1F5000FF39BB /* SizingTool_metal.h */; settings = {ATTRIBUTES = (Public, ); }; };
		1AC82CE227FF2901009A9989 /* SwizzleMTLSceneTypes.m in Sources */ = {isa = PBXBuildFile; fileRef = 1ABAD0DB27CEB41100466A69 /* SwizzleMTLSceneTypes.m */; };
		1AC82CE327FF2901009A9989 /* CopierMTLScene.metal in Sources */ = {isa = PBXBuildFile; fileRef = 1A0FBEAE260E1F5000FF39BB /* CopierMTLScene.metal */; };
		1AC82CE427FF2901009A9989 /* CopierMTLScene.m in Sources */ = {isa = PBXBuildFile; fileRef = 1A0FBEAC260E1F5000FF39BB /* CopierMTLScene.m */; };
		1AC82CE927FF2901009A9989 /* SwizzleMTLScene.mm in Sources */ = {isa = PBXBuildFile; fileRef = 1A0FBED6260E243500FF39BB /* SwizzleMTLScene.mm */; };
		1AC82CEB27FF2901009A9989 /* CustomMetalView.m in Sources */ = {isa = PBXBuildFile; fileRef = 1A0FBEAD260E1F5000FF39BB /* CustomMetalView.m */; };
		1AC82CED27FF2901009A9989 /* RenderProperties.m in Sources */ = {isa = PBXBuildFile; fileRef = 1A0FBEDE260E257600FF39BB /* RenderProperties.m */; };
		1AC82CEE27FF2901009A9989 /* VVColorConversions.metal in Sources */ = {isa = PBXBuildFile; fileRef = 1A199DF1279F6A2B00EE9ACB /* VVColorConversions.metal */; };
		1AC82CEF27FF2901009A9989 /* SwizzleMTLScene.metal in Sources */ = {isa = PBXBuildFile; fileRef = 1A0FBEDA260E244000FF39BB /* SwizzleMTLScene.metal */; };
		1AE5D72526165A470064DC1C /* SizingTool_c.h in Headers */ = {isa = PBXBuildFile; fileRef = 1AE5D72326165A470064DC1C /* SizingTool_c.h */; settings = {ATTRIBUTES = (Public, ); }; };
		1AED790E2A1524D6004C0126 /* MSLCompModes.h in Headers */ = {isa = PBXBuildFile; fileRef = 1AED790D2A1524D6004C0126 /* MSLCompModes.h */; settings = {ATTRIBUTES = (Public, ); }; };
		1AED79202A152510004C0126 /* MSLCompMode.h in Headers */ = {isa = PBXBuildFile; fileRef = 1AED791E2A152510004C0126 /* MSLCompMode.h */; settings = {ATTRIBUTES = (Public, ); }; };
		1AED79212A152510004C0126 /* MSLCompMode.mm in Sources */ = {isa = PBXBuildFile; fileRef = 1AED791F2A152510004C0126 /* MSLCompMode.mm */; };
		1AED79242A152517004C0126 /* MSLCompModeController.h in Headers */ = {isa = PBXBuildFile; fileRef = 1AED79222A152517004C0126 /* MSLCompModeController.h */; settings = {ATTRIBUTES = (Public, ); }; };
		1AED79252A152517004C0126 /* MSLCompModeController.mm in Sources */ = {isa = PBXBuildFile; fileRef = 1AED79232A152517004C0126 /* MSLCompModeController.mm */; };
		1AED79282A15252C004C0126 /* MSLCompModeRecipeStep.h in Headers */ = {isa = PBXBuildFile; fileRef = 1AED79262A15252C004C0126 /* MSLCompModeRecipeStep.h */; settings = {ATTRIBUTES = (Public, ); }; };
		1AED79292A15252C004C0126 /* MSLCompModeRecipeStep.m in Sources */ = {isa = PBXBuildFile; fileRef = 1AED79272A15252C004C0126 /* MSLCompModeRecipeStep.m */; };
		1AED792C2A152539004C0126 /* MSLCompModeRecipe.h in Headers */ = {isa = PBXBuildFile; fileRef = 1AED792A2A152539004C0126 /* MSLCompModeRecipe.h */; settings = {ATTRIBUTES = (Public, ); }; };
		1AED792D2A152539004C0126 /* MSLCompModeRecipe.m in Sources */ = {isa = PBXBuildFile; fileRef = 1AED792B2A152539004C0126 /* MSLCompModeRecipe.m */; };
		1AED793C2A152BC0004C0126 /* MSLCompModeNSStringAdditions.h in Headers */ = {isa = PBXBuildFile; fileRef = 1AED793A2A152BC0004C0126 /* MSLCompModeNSStringAdditions.h */; };
		1AED793D2A152BC0004C0126 /* MSLCompModeNSStringAdditions.m in Sources */ = {isa = PBXBuildFile; fileRef = 1AED793B2A152BC0004C0126 /* MSLCompModeNSStringAdditions.m */; };
		1AFBC01326FBD021002D7995 /* SwizzleMTLSceneTypes.h in Headers */ = {isa = PBXBuildFile; fileRef = 1ADE965F26FBB12200148612 /* SwizzleMTLSceneTypes.h */; settings = {ATTRIBUTES = (Public, ); }; };
/* End PBXBuildFile section */

/* Begin PBXContainerItemProxy section */
		1A061DC92A165ED600980D41 /* PBXContainerItemProxy */ = {
			isa = PBXContainerItemProxy;
			containerPortal = 1A0FBE84260E1C2E00FF39BB /* Project object */;
			proxyType = 1;
			remoteGlobalIDString = 1A0FBE8C260E1C2E00FF39BB;
			remoteInfo = VVMetalKit;
		};
/* End PBXContainerItemProxy section */

/* Begin PBXFileReference section */
		1A061DC12A165E6B00980D41 /* MSLCompModeSceneA.h */ = {isa = PBXFileReference; lastKnownFileType = sourcecode.c.h; path = MSLCompModeSceneA.h; sourceTree = "<group>"; };
		1A061DC22A165E6B00980D41 /* MSLCompModeSceneA.m */ = {isa = PBXFileReference; lastKnownFileType = sourcecode.c.objc; path = MSLCompModeSceneA.m; sourceTree = "<group>"; };
		1A061DC72A165E8500980D41 /* MSLCompModeSceneAShaderTypes.h */ = {isa = PBXFileReference; lastKnownFileType = sourcecode.c.h; path = MSLCompModeSceneAShaderTypes.h; sourceTree = "<group>"; };
		1A06925A2AF2649700A2DA9F /* VVMTLOrthoRenderScene.h */ = {isa = PBXFileReference; lastKnownFileType = sourcecode.c.h; path = VVMTLOrthoRenderScene.h; sourceTree = "<group>"; };
		1A06925B2AF2649700A2DA9F /* VVMTLOrthoRenderScene.m */ = {isa = PBXFileReference; lastKnownFileType = sourcecode.c.objc; path = VVMTLOrthoRenderScene.m; sourceTree = "<group>"; };
		1A093A7B2AF2930C00AC3C1F /* CustomMetalView.metal */ = {isa = PBXFileReference; lastKnownFileType = sourcecode.metal; path = CustomMetalView.metal; sourceTree = "<group>"; };
		1A0AEA962A55B6F6003BBFBE /* VVMTLUtilities.h */ = {isa = PBXFileReference; lastKnownFileType = sourcecode.c.h; path = VVMTLUtilities.h; sourceTree = "<group>"; };
		1A0AEA972A55B6F6003BBFBE /* VVMTLUtilities.m */ = {isa = PBXFileReference; lastKnownFileType = sourcecode.c.objc; path = VVMTLUtilities.m; sourceTree = "<group>"; };
		1A0AEAB72A55D7BD003BBFBE /* Accelerate.framework */ = {isa = PBXFileReference; lastKnownFileType = wrapper.framework; name = Accelerate.framework; path = System/Library/Frameworks/Accelerate.framework; sourceTree = SDKROOT; };
		1A0FBE8D260E1C2E00FF39BB /* VVMetalKit.framework */ = {isa = PBXFileReference; explicitFileType = wrapper.framework; includeInIndex = 0; path = VVMetalKit.framework; sourceTree = BUILT_PRODUCTS_DIR; };
		1A0FBE90260E1C2E00FF39BB /* VVMetalKit.h */ = {isa = PBXFileReference; lastKnownFileType = sourcecode.c.h; path = VVMetalKit.h; sourceTree = "<group>"; };
		1A0FBE91260E1C2E00FF39BB /* Info.plist */ = {isa = PBXFileReference; lastKnownFileType = text.plist.xml; path = Info.plist; sourceTree = "<group>"; };
		1A0FBE9E260E1F4F00FF39BB /* CopierMTLScene.h */ = {isa = PBXFileReference; fileEncoding = 4; lastKnownFileType = sourcecode.c.h; path = CopierMTLScene.h; sourceTree = "<group>"; };
		1A0FBEA2260E1F4F00FF39BB /* CustomMetalView.h */ = {isa = PBXFileReference; fileEncoding = 4; lastKnownFileType = sourcecode.c.h; path = CustomMetalView.h; sourceTree = "<group>"; };
		1A0FBEA7260E1F5000FF39BB /* SizingToolTypes.h */ = {isa = PBXFileReference; fileEncoding = 4; lastKnownFileType = sourcecode.c.h; path = SizingToolTypes.h; sourceTree = "<group>"; };
		1A0FBEAA260E1F5000FF39BB /* SizingTool_metal.h */ = {isa = PBXFileReference; fileEncoding = 4; lastKnownFileType = sourcecode.c.h; path = SizingTool_metal.h; sourceTree = "<group>"; };
		1A0FBEAC260E1F5000FF39BB /* CopierMTLScene.m */ = {isa = PBXFileReference; fileEncoding = 4; lastKnownFileType = sourcecode.c.objc; path = CopierMTLScene.m; sourceTree = "<group>"; };
		1A0FBEAD260E1F5000FF39BB /* CustomMetalView.m */ = {isa = PBXFileReference; fileEncoding = 4; lastKnownFileType = sourcecode.c.objc; path = CustomMetalView.m; sourceTree = "<group>"; };
		1A0FBEAE260E1F5000FF39BB /* CopierMTLScene.metal */ = {isa = PBXFileReference; fileEncoding = 4; lastKnownFileType = sourcecode.metal; path = CopierMTLScene.metal; sourceTree = "<group>"; };
		1A0FBED5260E243500FF39BB /* SwizzleMTLScene.h */ = {isa = PBXFileReference; lastKnownFileType = sourcecode.c.h; path = SwizzleMTLScene.h; sourceTree = "<group>"; };
		1A0FBED6260E243500FF39BB /* SwizzleMTLScene.mm */ = {isa = PBXFileReference; lastKnownFileType = sourcecode.cpp.objcpp; path = SwizzleMTLScene.mm; sourceTree = "<group>"; };
		1A0FBEDA260E244000FF39BB /* SwizzleMTLScene.metal */ = {isa = PBXFileReference; lastKnownFileType = sourcecode.metal; path = SwizzleMTLScene.metal; sourceTree = "<group>"; };
		1A0FBEDD260E257600FF39BB /* RenderProperties.h */ = {isa = PBXFileReference; fileEncoding = 4; lastKnownFileType = sourcecode.c.h; path = RenderProperties.h; sourceTree = "<group>"; };
		1A0FBEDE260E257600FF39BB /* RenderProperties.m */ = {isa = PBXFileReference; fileEncoding = 4; lastKnownFileType = sourcecode.c.objc; path = RenderProperties.m; sourceTree = "<group>"; };
		1A199DEF279F6A1F00EE9ACB /* VVColorConversions.h */ = {isa = PBXFileReference; lastKnownFileType = sourcecode.c.h; path = VVColorConversions.h; sourceTree = "<group>"; };
		1A199DF1279F6A2B00EE9ACB /* VVColorConversions.metal */ = {isa = PBXFileReference; lastKnownFileType = sourcecode.metal; path = VVColorConversions.metal; sourceTree = "<group>"; };
		1A20CF002A46213B00F2EDBB /* VVMTLRecyclingPool.h */ = {isa = PBXFileReference; lastKnownFileType = sourcecode.c.h; path = VVMTLRecyclingPool.h; sourceTree = "<group>"; };
		1A20CF022A46225D00F2EDBB /* VVMTLRecycleableDescriptor.h */ = {isa = PBXFileReference; lastKnownFileType = sourcecode.c.h; path = VVMTLRecycleableDescriptor.h; sourceTree = "<group>"; };
		1A20CF042A499BC300F2EDBB /* VVMTLBufferDescriptor.h */ = {isa = PBXFileReference; lastKnownFileType = sourcecode.c.h; path = VVMTLBufferDescriptor.h; sourceTree = "<group>"; };
		1A20CF052A499BC300F2EDBB /* VVMTLBufferDescriptor.m */ = {isa = PBXFileReference; lastKnownFileType = sourcecode.c.objc; path = VVMTLBufferDescriptor.m; sourceTree = "<group>"; };
		1A20CF082A499BCF00F2EDBB /* VVMTLTextureImageDescriptor.h */ = {isa = PBXFileReference; lastKnownFileType = sourcecode.c.h; path = VVMTLTextureImageDescriptor.h; sourceTree = "<group>"; };
		1A20CF092A499BCF00F2EDBB /* VVMTLTextureImageDescriptor.m */ = {isa = PBXFileReference; lastKnownFileType = sourcecode.c.objc; path = VVMTLTextureImageDescriptor.m; sourceTree = "<group>"; };
		1A20CF0C2A4A1A3700F2EDBB /* VVMTLPool.h */ = {isa = PBXFileReference; lastKnownFileType = sourcecode.c.h; path = VVMTLPool.h; sourceTree = "<group>"; };
		1A20CF0D2A4A1A3700F2EDBB /* VVMTLPool.m */ = {isa = PBXFileReference; lastKnownFileType = sourcecode.c.objc; path = VVMTLPool.m; sourceTree = "<group>"; };
		1A2149D7263851BA007AD273 /* SizingTool_objc.h */ = {isa = PBXFileReference; lastKnownFileType = sourcecode.c.h; path = SizingTool_objc.h; sourceTree = "<group>"; };
		1A2906632A16CAB700DD24AB /* MSLCompModeResource.h */ = {isa = PBXFileReference; lastKnownFileType = sourcecode.c.h; path = MSLCompModeResource.h; sourceTree = "<group>"; };
		1A2906642A16CAB700DD24AB /* MSLCompModeResource.m */ = {isa = PBXFileReference; lastKnownFileType = sourcecode.c.objc; path = MSLCompModeResource.m; sourceTree = "<group>"; };
		1A379F532C3EC78200B51B4E /* MSLCompModeResourceController.h */ = {isa = PBXFileReference; lastKnownFileType = sourcecode.c.h; path = MSLCompModeResourceController.h; sourceTree = "<group>"; };
		1A379F542C3EC78200B51B4E /* MSLCompModeResourceController.m */ = {isa = PBXFileReference; lastKnownFileType = sourcecode.c.objc; path = MSLCompModeResourceController.m; sourceTree = "<group>"; };
		1A47F8372A55E30C0087942C /* CIMTLScene.m */ = {isa = PBXFileReference; fileEncoding = 4; lastKnownFileType = sourcecode.c.objc; path = CIMTLScene.m; sourceTree = "<group>"; };
		1A47F8442A55E30C0087942C /* CIMTLScene.h */ = {isa = PBXFileReference; fileEncoding = 4; lastKnownFileType = sourcecode.c.h; path = CIMTLScene.h; sourceTree = "<group>"; };
		1A4819722816C7AD00CE2D00 /* BilinearInterpolation.h */ = {isa = PBXFileReference; lastKnownFileType = sourcecode.c.h; path = BilinearInterpolation.h; sourceTree = "<group>"; };
		1A4819782816C7D600CE2D00 /* BicubicInterpolation.h */ = {isa = PBXFileReference; lastKnownFileType = sourcecode.c.h; path = BicubicInterpolation.h; sourceTree = "<group>"; };
		1A6A02CA2AF3DDC4003B12BF /* CMVMTLDrawObject.m */ = {isa = PBXFileReference; fileEncoding = 4; lastKnownFileType = sourcecode.c.objc; path = CMVMTLDrawObject.m; sourceTree = "<group>"; };
		1A6A02D72AF3DDC4003B12BF /* CMVMTLDrawObject.h */ = {isa = PBXFileReference; fileEncoding = 4; lastKnownFileType = sourcecode.c.h; path = CMVMTLDrawObject.h; sourceTree = "<group>"; };
		1A87498D2C4198BE0092F0F9 /* MSLCompModeSceneB.m */ = {isa = PBXFileReference; fileEncoding = 4; lastKnownFileType = sourcecode.c.objc; path = MSLCompModeSceneB.m; sourceTree = "<group>"; };
		1A87498E2C4198BE0092F0F9 /* MSLCompModeSceneB.h */ = {isa = PBXFileReference; fileEncoding = 4; lastKnownFileType = sourcecode.c.h; path = MSLCompModeSceneB.h; sourceTree = "<group>"; };
		1A8749912C419F380092F0F9 /* MSLCompModeSceneShaderTypes.h */ = {isa = PBXFileReference; lastKnownFileType = sourcecode.c.h; path = MSLCompModeSceneShaderTypes.h; sourceTree = "<group>"; };
		1A89211D2A0BDDED00C19DE3 /* CustomMetalViewShaderTypes.h */ = {isa = PBXFileReference; lastKnownFileType = sourcecode.c.h; path = CustomMetalViewShaderTypes.h; sourceTree = "<group>"; };
		1A976B612A461D4C00C654FA /* VVMTLImage.h */ = {isa = PBXFileReference; fileEncoding = 4; lastKnownFileType = sourcecode.c.h; path = VVMTLImage.h; sourceTree = "<group>"; };
		1A976B642A461D4C00C654FA /* VVMTLRecycleable.h */ = {isa = PBXFileReference; fileEncoding = 4; lastKnownFileType = sourcecode.c.h; path = VVMTLRecycleable.h; sourceTree = "<group>"; };
		1A976B652A461D4C00C654FA /* VVMTLBuffer.h */ = {isa = PBXFileReference; fileEncoding = 4; lastKnownFileType = sourcecode.c.h; path = VVMTLBuffer.h; sourceTree = "<group>"; };
		1A976B662A461D4C00C654FA /* VVMTLTimestamp.h */ = {isa = PBXFileReference; fileEncoding = 4; lastKnownFileType = sourcecode.c.h; path = VVMTLTimestamp.h; sourceTree = "<group>"; };
		1A976B682A461D4C00C654FA /* VVMTLTextureImage.h */ = {isa = PBXFileReference; fileEncoding = 4; lastKnownFileType = sourcecode.c.h; path = VVMTLTextureImage.h; sourceTree = "<group>"; };
		1A97EA4A2C3F1EF4007A47DD /* MSLCompModeSceneBShaderTypes.h */ = {isa = PBXFileReference; lastKnownFileType = sourcecode.c.h; path = MSLCompModeSceneBShaderTypes.h; sourceTree = "<group>"; };
		1A9924042A4DA41F00F5094D /* VVMTLBuffer.m */ = {isa = PBXFileReference; lastKnownFileType = sourcecode.c.objc; path = VVMTLBuffer.m; sourceTree = "<group>"; };
		1A9924122A4DA43400F5094D /* VVMTLTextureImage.m */ = {isa = PBXFileReference; lastKnownFileType = sourcecode.c.objc; path = VVMTLTextureImage.m; sourceTree = "<group>"; };
		1AAC5A502C3EF8AD00EC28CD /* MSLCompModeScene.h */ = {isa = PBXFileReference; lastKnownFileType = sourcecode.c.h; path = MSLCompModeScene.h; sourceTree = "<group>"; };
		1AAC5A512C3EF8AD00EC28CD /* MSLCompModeScene.m */ = {isa = PBXFileReference; lastKnownFileType = sourcecode.c.objc; path = MSLCompModeScene.m; sourceTree = "<group>"; };
		1AAF56C82A14237200626430 /* CoreGraphics.framework */ = {isa = PBXFileReference; lastKnownFileType = wrapper.framework; name = CoreGraphics.framework; path = System/Library/Frameworks/CoreGraphics.framework; sourceTree = SDKROOT; };
		1AAF56CA2A14238400626430 /* MetalKit.framework */ = {isa = PBXFileReference; lastKnownFileType = wrapper.framework; name = MetalKit.framework; path = System/Library/Frameworks/MetalKit.framework; sourceTree = SDKROOT; };
		1AAF56CB2A14238400626430 /* Metal.framework */ = {isa = PBXFileReference; lastKnownFileType = wrapper.framework; name = Metal.framework; path = System/Library/Frameworks/Metal.framework; sourceTree = SDKROOT; };
		1ABAD0DB27CEB41100466A69 /* SwizzleMTLSceneTypes.m */ = {isa = PBXFileReference; lastKnownFileType = sourcecode.c.objc; path = SwizzleMTLSceneTypes.m; sourceTree = "<group>"; };
		1ABDF7A12A214E3D00EE8708 /* VVMacros.h */ = {isa = PBXFileReference; fileEncoding = 4; lastKnownFileType = sourcecode.c.h; path = VVMacros.h; sourceTree = "<group>"; };
		1ABE244D2A4DE87400317187 /* VVMTLScene.h */ = {isa = PBXFileReference; lastKnownFileType = sourcecode.c.h; path = VVMTLScene.h; sourceTree = "<group>"; };
		1ABE244E2A4DE87400317187 /* VVMTLScene.m */ = {isa = PBXFileReference; lastKnownFileType = sourcecode.c.objc; path = VVMTLScene.m; sourceTree = "<group>"; };
		1ABE24512A4DE88200317187 /* VVMTLComputeScene.h */ = {isa = PBXFileReference; lastKnownFileType = sourcecode.c.h; path = VVMTLComputeScene.h; sourceTree = "<group>"; };
		1ABE24522A4DE88200317187 /* VVMTLComputeScene.m */ = {isa = PBXFileReference; lastKnownFileType = sourcecode.c.objc; path = VVMTLComputeScene.m; sourceTree = "<group>"; };
		1ABE24552A4DE88B00317187 /* VVMTLRenderScene.h */ = {isa = PBXFileReference; lastKnownFileType = sourcecode.c.h; path = VVMTLRenderScene.h; sourceTree = "<group>"; };
		1ABE24562A4DE88B00317187 /* VVMTLRenderScene.m */ = {isa = PBXFileReference; lastKnownFileType = sourcecode.c.objc; path = VVMTLRenderScene.m; sourceTree = "<group>"; };
		1ABE24592A4DE8A500317187 /* VVMTLTextureImageRectView.h */ = {isa = PBXFileReference; lastKnownFileType = sourcecode.c.h; path = VVMTLTextureImageRectView.h; sourceTree = "<group>"; };
		1ABE245A2A4DE8A500317187 /* VVMTLTextureImageRectView.m */ = {isa = PBXFileReference; lastKnownFileType = sourcecode.c.objc; path = VVMTLTextureImageRectView.m; sourceTree = "<group>"; };
		1ABE245D2A4DE8B400317187 /* VVMTLTextureImageView.h */ = {isa = PBXFileReference; lastKnownFileType = sourcecode.c.h; path = VVMTLTextureImageView.h; sourceTree = "<group>"; };
		1ABE245E2A4DE8B400317187 /* VVMTLTextureImageView.m */ = {isa = PBXFileReference; lastKnownFileType = sourcecode.c.objc; path = VVMTLTextureImageView.m; sourceTree = "<group>"; };
		1ABE24612A4DE8CC00317187 /* VVMTLTextureImageRectViewShaderTypes.h */ = {isa = PBXFileReference; lastKnownFileType = sourcecode.c.h; path = VVMTLTextureImageRectViewShaderTypes.h; sourceTree = "<group>"; };
		1ABE24622A4DE8E600317187 /* VVMTLTextureImageRectView.metal */ = {isa = PBXFileReference; lastKnownFileType = sourcecode.metal; path = VVMTLTextureImageRectView.metal; sourceTree = "<group>"; };
		1ABE24642A4DE90000317187 /* VVMTLTextureImageShaderTypes.h */ = {isa = PBXFileReference; lastKnownFileType = sourcecode.c.h; path = VVMTLTextureImageShaderTypes.h; sourceTree = "<group>"; };
		1ABE24672A4DF47200317187 /* VVMTLScene_priv.h */ = {isa = PBXFileReference; lastKnownFileType = sourcecode.c.h; path = VVMTLScene_priv.h; sourceTree = "<group>"; };
		1AC4AC122A5EFB9D00119888 /* VVMTLLUT.h */ = {isa = PBXFileReference; lastKnownFileType = sourcecode.c.h; path = VVMTLLUT.h; sourceTree = "<group>"; };
		1AC4AC212A5EFED900119888 /* VVMTLTextureLUT.h */ = {isa = PBXFileReference; lastKnownFileType = sourcecode.c.h; path = VVMTLTextureLUT.h; sourceTree = "<group>"; };
		1AC4AC222A5EFED900119888 /* VVMTLTextureLUT.m */ = {isa = PBXFileReference; lastKnownFileType = sourcecode.c.objc; path = VVMTLTextureLUT.m; sourceTree = "<group>"; };
		1AC4AC252A5EFEEA00119888 /* VVMTLTextureLUTDescriptor.h */ = {isa = PBXFileReference; lastKnownFileType = sourcecode.c.h; path = VVMTLTextureLUTDescriptor.h; sourceTree = "<group>"; };
		1AC4AC262A5EFEEA00119888 /* VVMTLTextureLUTDescriptor.m */ = {isa = PBXFileReference; lastKnownFileType = sourcecode.c.objc; path = VVMTLTextureLUTDescriptor.m; sourceTree = "<group>"; };
		1AC82CF827FF2901009A9989 /* VVMetalKitTouch.framework */ = {isa = PBXFileReference; explicitFileType = wrapper.framework; includeInIndex = 0; path = VVMetalKitTouch.framework; sourceTree = BUILT_PRODUCTS_DIR; };
		1ADE965F26FBB12200148612 /* SwizzleMTLSceneTypes.h */ = {isa = PBXFileReference; lastKnownFileType = sourcecode.c.h; path = SwizzleMTLSceneTypes.h; sourceTree = "<group>"; };
		1AE5D72326165A470064DC1C /* SizingTool_c.h */ = {isa = PBXFileReference; lastKnownFileType = sourcecode.c.h; path = SizingTool_c.h; sourceTree = "<group>"; };
		1AED790B2A1524D6004C0126 /* MSLCompModes.framework */ = {isa = PBXFileReference; explicitFileType = wrapper.framework; includeInIndex = 0; path = MSLCompModes.framework; sourceTree = BUILT_PRODUCTS_DIR; };
		1AED790D2A1524D6004C0126 /* MSLCompModes.h */ = {isa = PBXFileReference; lastKnownFileType = sourcecode.c.h; path = MSLCompModes.h; sourceTree = "<group>"; };
		1AED791E2A152510004C0126 /* MSLCompMode.h */ = {isa = PBXFileReference; lastKnownFileType = sourcecode.c.h; path = MSLCompMode.h; sourceTree = "<group>"; };
		1AED791F2A152510004C0126 /* MSLCompMode.mm */ = {isa = PBXFileReference; lastKnownFileType = sourcecode.cpp.objcpp; path = MSLCompMode.mm; sourceTree = "<group>"; };
		1AED79222A152517004C0126 /* MSLCompModeController.h */ = {isa = PBXFileReference; lastKnownFileType = sourcecode.c.h; path = MSLCompModeController.h; sourceTree = "<group>"; };
		1AED79232A152517004C0126 /* MSLCompModeController.mm */ = {isa = PBXFileReference; lastKnownFileType = sourcecode.cpp.objcpp; path = MSLCompModeController.mm; sourceTree = "<group>"; };
		1AED79262A15252C004C0126 /* MSLCompModeRecipeStep.h */ = {isa = PBXFileReference; lastKnownFileType = sourcecode.c.h; path = MSLCompModeRecipeStep.h; sourceTree = "<group>"; };
		1AED79272A15252C004C0126 /* MSLCompModeRecipeStep.m */ = {isa = PBXFileReference; lastKnownFileType = sourcecode.c.objc; path = MSLCompModeRecipeStep.m; sourceTree = "<group>"; };
		1AED792A2A152539004C0126 /* MSLCompModeRecipe.h */ = {isa = PBXFileReference; lastKnownFileType = sourcecode.c.h; path = MSLCompModeRecipe.h; sourceTree = "<group>"; };
		1AED792B2A152539004C0126 /* MSLCompModeRecipe.m */ = {isa = PBXFileReference; lastKnownFileType = sourcecode.c.objc; path = MSLCompModeRecipe.m; sourceTree = "<group>"; };
		1AED793A2A152BC0004C0126 /* MSLCompModeNSStringAdditions.h */ = {isa = PBXFileReference; lastKnownFileType = sourcecode.c.h; path = MSLCompModeNSStringAdditions.h; sourceTree = "<group>"; };
		1AED793B2A152BC0004C0126 /* MSLCompModeNSStringAdditions.m */ = {isa = PBXFileReference; lastKnownFileType = sourcecode.c.objc; path = MSLCompModeNSStringAdditions.m; sourceTree = "<group>"; };
/* End PBXFileReference section */

/* Begin PBXFrameworksBuildPhase section */
		1A0FBE8A260E1C2E00FF39BB /* Frameworks */ = {
			isa = PBXFrameworksBuildPhase;
			buildActionMask = 2147483647;
			files = (
				1A0AEAB82A55D7BD003BBFBE /* Accelerate.framework in Frameworks */,
				1A0AEAB62A55D7A9003BBFBE /* CoreGraphics.framework in Frameworks */,
				1A0AEAB52A55D7A4003BBFBE /* MetalKit.framework in Frameworks */,
				1A0AEAA82A55D79E003BBFBE /* Metal.framework in Frameworks */,
			);
			runOnlyForDeploymentPostprocessing = 0;
		};
		1AC82CF327FF2901009A9989 /* Frameworks */ = {
			isa = PBXFrameworksBuildPhase;
			buildActionMask = 2147483647;
			files = (
			);
			runOnlyForDeploymentPostprocessing = 0;
		};
		1AED79082A1524D6004C0126 /* Frameworks */ = {
			isa = PBXFrameworksBuildPhase;
			buildActionMask = 2147483647;
			files = (
				1A061DCB2A165EDB00980D41 /* VVMetalKit.framework in Frameworks */,
			);
			runOnlyForDeploymentPostprocessing = 0;
		};
/* End PBXFrameworksBuildPhase section */

/* Begin PBXGroup section */
		1A0FBE83260E1C2E00FF39BB = {
			isa = PBXGroup;
			children = (
				1A0FBE8E260E1C2E00FF39BB /* Products */,
				1A0FBE8F260E1C2E00FF39BB /* VVMetalKit */,
				1AED790C2A1524D6004C0126 /* MSLCompModes */,
				1A8C0409261631FC00038DC9 /* Frameworks */,
			);
			sourceTree = "<group>";
		};
		1A0FBE8E260E1C2E00FF39BB /* Products */ = {
			isa = PBXGroup;
			children = (
				1A0FBE8D260E1C2E00FF39BB /* VVMetalKit.framework */,
				1AC82CF827FF2901009A9989 /* VVMetalKitTouch.framework */,
				1AED790B2A1524D6004C0126 /* MSLCompModes.framework */,
			);
			name = Products;
			sourceTree = "<group>";
		};
		1A0FBE8F260E1C2E00FF39BB /* VVMetalKit */ = {
			isa = PBXGroup;
			children = (
				1A976B652A461D4C00C654FA /* VVMTLBuffer.h */,
				1A9924042A4DA41F00F5094D /* VVMTLBuffer.m */,
				1A20CF042A499BC300F2EDBB /* VVMTLBufferDescriptor.h */,
				1A20CF052A499BC300F2EDBB /* VVMTLBufferDescriptor.m */,
				1A976B682A461D4C00C654FA /* VVMTLTextureImage.h */,
				1A9924122A4DA43400F5094D /* VVMTLTextureImage.m */,
				1A20CF082A499BCF00F2EDBB /* VVMTLTextureImageDescriptor.h */,
				1A20CF092A499BCF00F2EDBB /* VVMTLTextureImageDescriptor.m */,
				1AC4AC212A5EFED900119888 /* VVMTLTextureLUT.h */,
				1AC4AC222A5EFED900119888 /* VVMTLTextureLUT.m */,
				1AC4AC252A5EFEEA00119888 /* VVMTLTextureLUTDescriptor.h */,
				1AC4AC262A5EFEEA00119888 /* VVMTLTextureLUTDescriptor.m */,
				1A20CF0C2A4A1A3700F2EDBB /* VVMTLPool.h */,
				1A20CF0D2A4A1A3700F2EDBB /* VVMTLPool.m */,
				1A20CF002A46213B00F2EDBB /* VVMTLRecyclingPool.h */,
				1AC4AC122A5EFB9D00119888 /* VVMTLLUT.h */,
				1A976B612A461D4C00C654FA /* VVMTLImage.h */,
				1A976B642A461D4C00C654FA /* VVMTLRecycleable.h */,
				1A20CF022A46225D00F2EDBB /* VVMTLRecycleableDescriptor.h */,
				1A976B662A461D4C00C654FA /* VVMTLTimestamp.h */,
				1A0FBE90260E1C2E00FF39BB /* VVMetalKit.h */,
				1A0AEA962A55B6F6003BBFBE /* VVMTLUtilities.h */,
				1A0AEA972A55B6F6003BBFBE /* VVMTLUtilities.m */,
				1ABE244D2A4DE87400317187 /* VVMTLScene.h */,
				1ABE24672A4DF47200317187 /* VVMTLScene_priv.h */,
				1ABE244E2A4DE87400317187 /* VVMTLScene.m */,
				1ABE24512A4DE88200317187 /* VVMTLComputeScene.h */,
				1ABE24522A4DE88200317187 /* VVMTLComputeScene.m */,
				1ABE24552A4DE88B00317187 /* VVMTLRenderScene.h */,
				1ABE24562A4DE88B00317187 /* VVMTLRenderScene.m */,
				1A06925A2AF2649700A2DA9F /* VVMTLOrthoRenderScene.h */,
				1A06925B2AF2649700A2DA9F /* VVMTLOrthoRenderScene.m */,
				1ABE24592A4DE8A500317187 /* VVMTLTextureImageRectView.h */,
				1ABE245A2A4DE8A500317187 /* VVMTLTextureImageRectView.m */,
				1ABE245D2A4DE8B400317187 /* VVMTLTextureImageView.h */,
				1ABE245E2A4DE8B400317187 /* VVMTLTextureImageView.m */,
				1ABE24612A4DE8CC00317187 /* VVMTLTextureImageRectViewShaderTypes.h */,
				1ABE24622A4DE8E600317187 /* VVMTLTextureImageRectView.metal */,
				1ABE24642A4DE90000317187 /* VVMTLTextureImageShaderTypes.h */,
				1A0FBEDD260E257600FF39BB /* RenderProperties.h */,
				1A0FBEDE260E257600FF39BB /* RenderProperties.m */,
				1ADE965F26FBB12200148612 /* SwizzleMTLSceneTypes.h */,
				1ABAD0DB27CEB41100466A69 /* SwizzleMTLSceneTypes.m */,
				1A0FBED5260E243500FF39BB /* SwizzleMTLScene.h */,
				1A0FBED6260E243500FF39BB /* SwizzleMTLScene.mm */,
				1A0FBEDA260E244000FF39BB /* SwizzleMTLScene.metal */,
				1A47F8442A55E30C0087942C /* CIMTLScene.h */,
				1A47F8372A55E30C0087942C /* CIMTLScene.m */,
				1A0FBE9E260E1F4F00FF39BB /* CopierMTLScene.h */,
				1A0FBEAC260E1F5000FF39BB /* CopierMTLScene.m */,
				1A0FBEAE260E1F5000FF39BB /* CopierMTLScene.metal */,
				1A0FBEA2260E1F4F00FF39BB /* CustomMetalView.h */,
				1A0FBEAD260E1F5000FF39BB /* CustomMetalView.m */,
				1A093A7B2AF2930C00AC3C1F /* CustomMetalView.metal */,
				1A89211D2A0BDDED00C19DE3 /* CustomMetalViewShaderTypes.h */,
				1A6A02D72AF3DDC4003B12BF /* CMVMTLDrawObject.h */,
				1A6A02CA2AF3DDC4003B12BF /* CMVMTLDrawObject.m */,
				1A0FBEAA260E1F5000FF39BB /* SizingTool_metal.h */,
				1AE5D72326165A470064DC1C /* SizingTool_c.h */,
				1A2149D7263851BA007AD273 /* SizingTool_objc.h */,
				1A0FBEA7260E1F5000FF39BB /* SizingToolTypes.h */,
				1A199DEF279F6A1F00EE9ACB /* VVColorConversions.h */,
				1A199DF1279F6A2B00EE9ACB /* VVColorConversions.metal */,
				1A4819722816C7AD00CE2D00 /* BilinearInterpolation.h */,
				1A4819782816C7D600CE2D00 /* BicubicInterpolation.h */,
				1A0FBE91260E1C2E00FF39BB /* Info.plist */,
			);
			path = VVMetalKit;
			sourceTree = "<group>";
		};
		1A8C0409261631FC00038DC9 /* Frameworks */ = {
			isa = PBXGroup;
			children = (
				1A0AEAB72A55D7BD003BBFBE /* Accelerate.framework */,
				1AAF56CB2A14238400626430 /* Metal.framework */,
				1AAF56CA2A14238400626430 /* MetalKit.framework */,
				1AAF56C82A14237200626430 /* CoreGraphics.framework */,
			);
			name = Frameworks;
			sourceTree = "<group>";
		};
		1AED790C2A1524D6004C0126 /* MSLCompModes */ = {
			isa = PBXGroup;
			children = (
				1AED790D2A1524D6004C0126 /* MSLCompModes.h */,
				1AED791E2A152510004C0126 /* MSLCompMode.h */,
				1AED791F2A152510004C0126 /* MSLCompMode.mm */,
				1AED79222A152517004C0126 /* MSLCompModeController.h */,
				1AED79232A152517004C0126 /* MSLCompModeController.mm */,
				1AED79262A15252C004C0126 /* MSLCompModeRecipeStep.h */,
				1AED79272A15252C004C0126 /* MSLCompModeRecipeStep.m */,
				1AED792A2A152539004C0126 /* MSLCompModeRecipe.h */,
				1AED792B2A152539004C0126 /* MSLCompModeRecipe.m */,
				1A2906632A16CAB700DD24AB /* MSLCompModeResource.h */,
				1A2906642A16CAB700DD24AB /* MSLCompModeResource.m */,
				1A379F532C3EC78200B51B4E /* MSLCompModeResourceController.h */,
				1A379F542C3EC78200B51B4E /* MSLCompModeResourceController.m */,
				1AAC5A502C3EF8AD00EC28CD /* MSLCompModeScene.h */,
				1AAC5A512C3EF8AD00EC28CD /* MSLCompModeScene.m */,
				1A8749912C419F380092F0F9 /* MSLCompModeSceneShaderTypes.h */,
				1A061DC12A165E6B00980D41 /* MSLCompModeSceneA.h */,
				1A061DC22A165E6B00980D41 /* MSLCompModeSceneA.m */,
				1A061DC72A165E8500980D41 /* MSLCompModeSceneAShaderTypes.h */,
				1A87498E2C4198BE0092F0F9 /* MSLCompModeSceneB.h */,
				1A87498D2C4198BE0092F0F9 /* MSLCompModeSceneB.m */,
				1A97EA4A2C3F1EF4007A47DD /* MSLCompModeSceneBShaderTypes.h */,
				1AED793A2A152BC0004C0126 /* MSLCompModeNSStringAdditions.h */,
				1AED793B2A152BC0004C0126 /* MSLCompModeNSStringAdditions.m */,
				1ABDF7A12A214E3D00EE8708 /* VVMacros.h */,
			);
			path = MSLCompModes;
			sourceTree = "<group>";
		};
/* End PBXGroup section */

/* Begin PBXHeadersBuildPhase section */
		1A0FBE88260E1C2E00FF39BB /* Headers */ = {
			isa = PBXHeadersBuildPhase;
			buildActionMask = 2147483647;
			files = (
				1A47F8472A55E30C0087942C /* CIMTLScene.h in Headers */,
				1ABE244F2A4DE87400317187 /* VVMTLScene.h in Headers */,
				1ABE24532A4DE88200317187 /* VVMTLComputeScene.h in Headers */,
				1ABE24572A4DE88B00317187 /* VVMTLRenderScene.h in Headers */,
				1ABE245B2A4DE8A500317187 /* VVMTLTextureImageRectView.h in Headers */,
				1ABE245F2A4DE8B400317187 /* VVMTLTextureImageView.h in Headers */,
				1ABE24662A4DE90A00317187 /* VVMTLTextureImageRectViewShaderTypes.h in Headers */,
				1ABE24652A4DE90400317187 /* VVMTLTextureImageShaderTypes.h in Headers */,
				1A4819792816C7D600CE2D00 /* BicubicInterpolation.h in Headers */,
				1A4819732816C7AD00CE2D00 /* BilinearInterpolation.h in Headers */,
				1AFBC01326FBD021002D7995 /* SwizzleMTLSceneTypes.h in Headers */,
				1A0FBEB9260E1F5000FF39BB /* CustomMetalView.h in Headers */,
				1A0FBED7260E243500FF39BB /* SwizzleMTLScene.h in Headers */,
				1A0FBEDF260E257600FF39BB /* RenderProperties.h in Headers */,
				1A0FBEB5260E1F5000FF39BB /* CopierMTLScene.h in Headers */,
				1A0FBE92260E1C2E00FF39BB /* VVMetalKit.h in Headers */,
				1A2149DA2638526B007AD273 /* SizingTool_objc.h in Headers */,
				1AE5D72526165A470064DC1C /* SizingTool_c.h in Headers */,
				1A0FBEBE260E1F5000FF39BB /* SizingToolTypes.h in Headers */,
				1A199DF0279F6A1F00EE9ACB /* VVColorConversions.h in Headers */,
				1A0FBEC1260E1F5000FF39BB /* SizingTool_metal.h in Headers */,
				1A89211E2A0BDDED00C19DE3 /* CustomMetalViewShaderTypes.h in Headers */,
				1A6A02D92AF3DDC4003B12BF /* CMVMTLDrawObject.h in Headers */,
				1A976B6F2A461D4C00C654FA /* VVMTLTimestamp.h in Headers */,
				1A976B6E2A461D4C00C654FA /* VVMTLBuffer.h in Headers */,
				1A976B6A2A461D4C00C654FA /* VVMTLImage.h in Headers */,
				1AC4AC132A5EFB9D00119888 /* VVMTLLUT.h in Headers */,
				1A06925C2AF2649700A2DA9F /* VVMTLOrthoRenderScene.h in Headers */,
				1A976B6D2A461D4C00C654FA /* VVMTLRecycleable.h in Headers */,
				1A20CF012A46213B00F2EDBB /* VVMTLRecyclingPool.h in Headers */,
				1A20CF032A46225D00F2EDBB /* VVMTLRecycleableDescriptor.h in Headers */,
				1A20CF062A499BC300F2EDBB /* VVMTLBufferDescriptor.h in Headers */,
				1A976B712A461D4C00C654FA /* VVMTLTextureImage.h in Headers */,
				1A20CF0A2A499BCF00F2EDBB /* VVMTLTextureImageDescriptor.h in Headers */,
				1AC4AC232A5EFED900119888 /* VVMTLTextureLUT.h in Headers */,
				1AC4AC272A5EFEEA00119888 /* VVMTLTextureLUTDescriptor.h in Headers */,
				1A20CF0E2A4A1A3700F2EDBB /* VVMTLPool.h in Headers */,
				1A0AEA982A55B6F6003BBFBE /* VVMTLUtilities.h in Headers */,
				1ABE24682A4DF47200317187 /* VVMTLScene_priv.h in Headers */,
			);
			runOnlyForDeploymentPostprocessing = 0;
		};
		1AC82CC827FF2901009A9989 /* Headers */ = {
			isa = PBXHeadersBuildPhase;
			buildActionMask = 2147483647;
			files = (
				1AC82CC927FF2901009A9989 /* SwizzleMTLSceneTypes.h in Headers */,
				1AC82CCA27FF2901009A9989 /* CustomMetalView.h in Headers */,
				1AC82CCB27FF2901009A9989 /* SwizzleMTLScene.h in Headers */,
				1AC82CD127FF2901009A9989 /* RenderProperties.h in Headers */,
				1AC82CD227FF2901009A9989 /* CopierMTLScene.h in Headers */,
				1AC82CD327FF2901009A9989 /* VVMetalKit.h in Headers */,
				1AC82CD427FF2901009A9989 /* SizingTool_objc.h in Headers */,
				1AC82CD827FF2901009A9989 /* SizingTool_c.h in Headers */,
				1AC82CDA27FF2901009A9989 /* SizingToolTypes.h in Headers */,
				1A48197A2816C7D600CE2D00 /* BicubicInterpolation.h in Headers */,
				1A4819742816C7AD00CE2D00 /* BilinearInterpolation.h in Headers */,
				1AC82CDB27FF2901009A9989 /* VVColorConversions.h in Headers */,
				1AC82CDC27FF2901009A9989 /* SizingTool_metal.h in Headers */,
				1AC4AC142A5EFB9D00119888 /* VVMTLLUT.h in Headers */,
				1A47F8482A55E30C0087942C /* CIMTLScene.h in Headers */,
			);
			runOnlyForDeploymentPostprocessing = 0;
		};
		1AED79062A1524D6004C0126 /* Headers */ = {
			isa = PBXHeadersBuildPhase;
			buildActionMask = 2147483647;
			files = (
				1AED79202A152510004C0126 /* MSLCompMode.h in Headers */,
				1AED79242A152517004C0126 /* MSLCompModeController.h in Headers */,
				1AED792C2A152539004C0126 /* MSLCompModeRecipe.h in Headers */,
				1AED79282A15252C004C0126 /* MSLCompModeRecipeStep.h in Headers */,
				1A2906652A16CAB700DD24AB /* MSLCompModeResource.h in Headers */,
				1A379F562C3EC78200B51B4E /* MSLCompModeResourceController.h in Headers */,
				1AED790E2A1524D6004C0126 /* MSLCompModes.h in Headers */,
				1AAC5A522C3EF8AD00EC28CD /* MSLCompModeScene.h in Headers */,
				1A8749922C419F380092F0F9 /* MSLCompModeSceneShaderTypes.h in Headers */,
				1A061DC32A165E6B00980D41 /* MSLCompModeSceneA.h in Headers */,
				1A8749902C4198BE0092F0F9 /* MSLCompModeSceneB.h in Headers */,
				1A061DC82A165E8800980D41 /* MSLCompModeSceneAShaderTypes.h in Headers */,
				1A97EA4B2C3F1F0E007A47DD /* MSLCompModeSceneBShaderTypes.h in Headers */,
				1AED793C2A152BC0004C0126 /* MSLCompModeNSStringAdditions.h in Headers */,
				1ABDF7AE2A214E3D00EE8708 /* VVMacros.h in Headers */,
			);
			runOnlyForDeploymentPostprocessing = 0;
		};
/* End PBXHeadersBuildPhase section */

/* Begin PBXNativeTarget section */
		1A0FBE8C260E1C2E00FF39BB /* VVMetalKit */ = {
			isa = PBXNativeTarget;
			buildConfigurationList = 1A0FBE95260E1C2E00FF39BB /* Build configuration list for PBXNativeTarget "VVMetalKit" */;
			buildPhases = (
				1A0FBE88260E1C2E00FF39BB /* Headers */,
				1A0FBE89260E1C2E00FF39BB /* Sources */,
				1A0FBE8A260E1C2E00FF39BB /* Frameworks */,
				1A0FBE8B260E1C2E00FF39BB /* Resources */,
			);
			buildRules = (
			);
			dependencies = (
			);
			name = VVMetalKit;
			productName = VVMetalKit;
			productReference = 1A0FBE8D260E1C2E00FF39BB /* VVMetalKit.framework */;
			productType = "com.apple.product-type.framework";
		};
		1AC82CC727FF2901009A9989 /* VVMetalKitTouch */ = {
			isa = PBXNativeTarget;
			buildConfigurationList = 1AC82CF527FF2901009A9989 /* Build configuration list for PBXNativeTarget "VVMetalKitTouch" */;
			buildPhases = (
				1AC82CC827FF2901009A9989 /* Headers */,
				1AC82CDF27FF2901009A9989 /* Sources */,
				1AC82CF327FF2901009A9989 /* Frameworks */,
				1AC82CF427FF2901009A9989 /* Resources */,
			);
			buildRules = (
			);
			dependencies = (
			);
			name = VVMetalKitTouch;
			productName = VVMetalKit;
			productReference = 1AC82CF827FF2901009A9989 /* VVMetalKitTouch.framework */;
			productType = "com.apple.product-type.framework";
		};
		1AED790A2A1524D6004C0126 /* MSLCompModes */ = {
			isa = PBXNativeTarget;
			buildConfigurationList = 1AED791D2A1524D6004C0126 /* Build configuration list for PBXNativeTarget "MSLCompModes" */;
			buildPhases = (
				1AED79062A1524D6004C0126 /* Headers */,
				1AED79072A1524D6004C0126 /* Sources */,
				1AED79082A1524D6004C0126 /* Frameworks */,
				1AED79092A1524D6004C0126 /* Resources */,
			);
			buildRules = (
			);
			dependencies = (
				1A061DCA2A165ED600980D41 /* PBXTargetDependency */,
			);
			name = MSLCompModes;
			productName = MSLCompModes;
			productReference = 1AED790B2A1524D6004C0126 /* MSLCompModes.framework */;
			productType = "com.apple.product-type.framework";
		};
/* End PBXNativeTarget section */

/* Begin PBXProject section */
		1A0FBE84260E1C2E00FF39BB /* Project object */ = {
			isa = PBXProject;
			attributes = {
				DefaultBuildSystemTypeForWorkspace = Original;
				LastUpgradeCheck = 1430;
				TargetAttributes = {
					1A0FBE8C260E1C2E00FF39BB = {
						CreatedOnToolsVersion = 12.4;
					};
					1AED790A2A1524D6004C0126 = {
						CreatedOnToolsVersion = 13.4.1;
					};
				};
			};
			buildConfigurationList = 1A0FBE87260E1C2E00FF39BB /* Build configuration list for PBXProject "VVMetalKit" */;
			compatibilityVersion = "Xcode 9.3";
			developmentRegion = en;
			hasScannedForEncodings = 0;
			knownRegions = (
				en,
				Base,
			);
			mainGroup = 1A0FBE83260E1C2E00FF39BB;
			productRefGroup = 1A0FBE8E260E1C2E00FF39BB /* Products */;
			projectDirPath = "";
			projectRoot = "";
			targets = (
				1A0FBE8C260E1C2E00FF39BB /* VVMetalKit */,
				1AC82CC727FF2901009A9989 /* VVMetalKitTouch */,
				1AED790A2A1524D6004C0126 /* MSLCompModes */,
			);
		};
/* End PBXProject section */

/* Begin PBXResourcesBuildPhase section */
		1A0FBE8B260E1C2E00FF39BB /* Resources */ = {
			isa = PBXResourcesBuildPhase;
			buildActionMask = 2147483647;
			files = (
			);
			runOnlyForDeploymentPostprocessing = 0;
		};
		1AC82CF427FF2901009A9989 /* Resources */ = {
			isa = PBXResourcesBuildPhase;
			buildActionMask = 2147483647;
			files = (
			);
			runOnlyForDeploymentPostprocessing = 0;
		};
		1AED79092A1524D6004C0126 /* Resources */ = {
			isa = PBXResourcesBuildPhase;
			buildActionMask = 2147483647;
			files = (
			);
			runOnlyForDeploymentPostprocessing = 0;
		};
/* End PBXResourcesBuildPhase section */

/* Begin PBXSourcesBuildPhase section */
		1A0FBE89260E1C2E00FF39BB /* Sources */ = {
			isa = PBXSourcesBuildPhase;
			buildActionMask = 2147483647;
			files = (
				1A9924132A4DA43400F5094D /* VVMTLTextureImage.m in Sources */,
				1ABE24602A4DE8B400317187 /* VVMTLTextureImageView.m in Sources */,
				1ABAD0DC27CEB41100466A69 /* SwizzleMTLSceneTypes.m in Sources */,
				1A0FBEC5260E1F5000FF39BB /* CopierMTLScene.metal in Sources */,
				1A6A02D82AF3DDC4003B12BF /* CMVMTLDrawObject.m in Sources */,
				1A0FBEC3260E1F5000FF39BB /* CopierMTLScene.m in Sources */,
				1A9924052A4DA41F00F5094D /* VVMTLBuffer.m in Sources */,
				1ABE24502A4DE87500317187 /* VVMTLScene.m in Sources */,
				1A06925D2AF2649700A2DA9F /* VVMTLOrthoRenderScene.m in Sources */,
				1A0AEA992A55B6F6003BBFBE /* VVMTLUtilities.m in Sources */,
				1ABE245C2A4DE8A500317187 /* VVMTLTextureImageRectView.m in Sources */,
				1ABE24542A4DE88200317187 /* VVMTLComputeScene.m in Sources */,
				1A0FBED8260E243500FF39BB /* SwizzleMTLScene.mm in Sources */,
				1A20CF072A499BC300F2EDBB /* VVMTLBufferDescriptor.m in Sources */,
				1A47F8452A55E30C0087942C /* CIMTLScene.m in Sources */,
				1AC4AC242A5EFED900119888 /* VVMTLTextureLUT.m in Sources */,
				1A20CF0F2A4A1A3700F2EDBB /* VVMTLPool.m in Sources */,
				1A0FBEC4260E1F5000FF39BB /* CustomMetalView.m in Sources */,
				1A093A7C2AF2930C00AC3C1F /* CustomMetalView.metal in Sources */,
				1A0FBEE0260E257600FF39BB /* RenderProperties.m in Sources */,
				1ABE24582A4DE88B00317187 /* VVMTLRenderScene.m in Sources */,
				1A199DF2279F6A2B00EE9ACB /* VVColorConversions.metal in Sources */,
				1A0FBEDB260E244000FF39BB /* SwizzleMTLScene.metal in Sources */,
				1AC4AC282A5EFEEA00119888 /* VVMTLTextureLUTDescriptor.m in Sources */,
				1ABE24632A4DE8E600317187 /* VVMTLTextureImageRectView.metal in Sources */,
				1A20CF0B2A499BCF00F2EDBB /* VVMTLTextureImageDescriptor.m in Sources */,
			);
			runOnlyForDeploymentPostprocessing = 0;
		};
		1AC82CDF27FF2901009A9989 /* Sources */ = {
			isa = PBXSourcesBuildPhase;
			buildActionMask = 2147483647;
			files = (
				1AC82CE227FF2901009A9989 /* SwizzleMTLSceneTypes.m in Sources */,
				1AC82CE327FF2901009A9989 /* CopierMTLScene.metal in Sources */,
				1AC82CE427FF2901009A9989 /* CopierMTLScene.m in Sources */,
				1A47F8462A55E30C0087942C /* CIMTLScene.m in Sources */,
				1AC82CE927FF2901009A9989 /* SwizzleMTLScene.mm in Sources */,
				1AC82CEB27FF2901009A9989 /* CustomMetalView.m in Sources */,
				1AC82CED27FF2901009A9989 /* RenderProperties.m in Sources */,
				1AC82CEE27FF2901009A9989 /* VVColorConversions.metal in Sources */,
				1AC82CEF27FF2901009A9989 /* SwizzleMTLScene.metal in Sources */,
			);
			runOnlyForDeploymentPostprocessing = 0;
		};
		1AED79072A1524D6004C0126 /* Sources */ = {
			isa = PBXSourcesBuildPhase;
			buildActionMask = 2147483647;
			files = (
				1AED793D2A152BC0004C0126 /* MSLCompModeNSStringAdditions.m in Sources */,
				1AED79252A152517004C0126 /* MSLCompModeController.mm in Sources */,
				1AED79292A15252C004C0126 /* MSLCompModeRecipeStep.m in Sources */,
				1AAC5A532C3EF8AD00EC28CD /* MSLCompModeScene.m in Sources */,
				1A87498F2C4198BE0092F0F9 /* MSLCompModeSceneB.m in Sources */,
				1AED792D2A152539004C0126 /* MSLCompModeRecipe.m in Sources */,
				1AED79212A152510004C0126 /* MSLCompMode.mm in Sources */,
				1A2906662A16CAB700DD24AB /* MSLCompModeResource.m in Sources */,
				1A379F552C3EC78200B51B4E /* MSLCompModeResourceController.m in Sources */,
				1A061DC42A165E6B00980D41 /* MSLCompModeSceneA.m in Sources */,
			);
			runOnlyForDeploymentPostprocessing = 0;
		};
/* End PBXSourcesBuildPhase section */

/* Begin PBXTargetDependency section */
		1A061DCA2A165ED600980D41 /* PBXTargetDependency */ = {
			isa = PBXTargetDependency;
			target = 1A0FBE8C260E1C2E00FF39BB /* VVMetalKit */;
			targetProxy = 1A061DC92A165ED600980D41 /* PBXContainerItemProxy */;
		};
/* End PBXTargetDependency section */

/* Begin XCBuildConfiguration section */
		1A0FBE93260E1C2E00FF39BB /* Debug */ = {
			isa = XCBuildConfiguration;
			buildSettings = {
				ALWAYS_SEARCH_USER_PATHS = NO;
				CLANG_ANALYZER_NONNULL = YES;
				CLANG_ANALYZER_NUMBER_OBJECT_CONVERSION = YES_AGGRESSIVE;
				CLANG_CXX_LANGUAGE_STANDARD = "gnu++14";
				CLANG_CXX_LIBRARY = "libc++";
				CLANG_ENABLE_MODULES = YES;
				CLANG_ENABLE_OBJC_ARC = YES;
				CLANG_ENABLE_OBJC_WEAK = YES;
				CLANG_WARN_BLOCK_CAPTURE_AUTORELEASING = YES;
				CLANG_WARN_BOOL_CONVERSION = YES;
				CLANG_WARN_COMMA = YES;
				CLANG_WARN_CONSTANT_CONVERSION = YES;
				CLANG_WARN_DEPRECATED_OBJC_IMPLEMENTATIONS = YES;
				CLANG_WARN_DIRECT_OBJC_ISA_USAGE = YES_ERROR;
				CLANG_WARN_DOCUMENTATION_COMMENTS = YES;
				CLANG_WARN_EMPTY_BODY = YES;
				CLANG_WARN_ENUM_CONVERSION = YES;
				CLANG_WARN_INFINITE_RECURSION = YES;
				CLANG_WARN_INT_CONVERSION = YES;
				CLANG_WARN_NON_LITERAL_NULL_CONVERSION = YES;
				CLANG_WARN_OBJC_IMPLICIT_RETAIN_SELF = YES;
				CLANG_WARN_OBJC_LITERAL_CONVERSION = YES;
				CLANG_WARN_OBJC_ROOT_CLASS = YES_ERROR;
				CLANG_WARN_QUOTED_INCLUDE_IN_FRAMEWORK_HEADER = NO;
				CLANG_WARN_RANGE_LOOP_ANALYSIS = YES;
				CLANG_WARN_STRICT_PROTOTYPES = YES;
				CLANG_WARN_SUSPICIOUS_MOVE = YES;
				CLANG_WARN_UNGUARDED_AVAILABILITY = YES_AGGRESSIVE;
				CLANG_WARN_UNREACHABLE_CODE = YES;
				CLANG_WARN__DUPLICATE_METHOD_MATCH = YES;
				CODE_SIGN_IDENTITY = "";
				CODE_SIGN_STYLE = Manual;
				COPY_PHASE_STRIP = NO;
				CURRENT_PROJECT_VERSION = 1;
				DEAD_CODE_STRIPPING = YES;
				DEBUG_INFORMATION_FORMAT = dwarf;
				ENABLE_STRICT_OBJC_MSGSEND = YES;
				ENABLE_TESTABILITY = YES;
				GCC_C_LANGUAGE_STANDARD = gnu11;
				GCC_DYNAMIC_NO_PIC = NO;
				GCC_NO_COMMON_BLOCKS = YES;
				GCC_OPTIMIZATION_LEVEL = 0;
				GCC_PREPROCESSOR_DEFINITIONS = (
					"DEBUG=1",
					"$(inherited)",
				);
				GCC_WARN_64_TO_32_BIT_CONVERSION = YES;
				GCC_WARN_ABOUT_RETURN_TYPE = YES_ERROR;
				GCC_WARN_UNDECLARED_SELECTOR = YES;
				GCC_WARN_UNINITIALIZED_AUTOS = YES_AGGRESSIVE;
				GCC_WARN_UNUSED_FUNCTION = YES;
				GCC_WARN_UNUSED_VARIABLE = YES;
				MACOSX_DEPLOYMENT_TARGET = 12.0;
				MTL_ENABLE_DEBUG_INFO = INCLUDE_SOURCE;
				MTL_FAST_MATH = YES;
				ONLY_ACTIVE_ARCH = YES;
				SDKROOT = macosx;
				STRIP_INSTALLED_PRODUCT = NO;
				VERSIONING_SYSTEM = "apple-generic";
				VERSION_INFO_PREFIX = "";
			};
			name = Debug;
		};
		1A0FBE94260E1C2E00FF39BB /* Release */ = {
			isa = XCBuildConfiguration;
			buildSettings = {
				ALWAYS_SEARCH_USER_PATHS = NO;
				CLANG_ANALYZER_NONNULL = YES;
				CLANG_ANALYZER_NUMBER_OBJECT_CONVERSION = YES_AGGRESSIVE;
				CLANG_CXX_LANGUAGE_STANDARD = "gnu++14";
				CLANG_CXX_LIBRARY = "libc++";
				CLANG_ENABLE_MODULES = YES;
				CLANG_ENABLE_OBJC_ARC = YES;
				CLANG_ENABLE_OBJC_WEAK = YES;
				CLANG_WARN_BLOCK_CAPTURE_AUTORELEASING = YES;
				CLANG_WARN_BOOL_CONVERSION = YES;
				CLANG_WARN_COMMA = YES;
				CLANG_WARN_CONSTANT_CONVERSION = YES;
				CLANG_WARN_DEPRECATED_OBJC_IMPLEMENTATIONS = YES;
				CLANG_WARN_DIRECT_OBJC_ISA_USAGE = YES_ERROR;
				CLANG_WARN_DOCUMENTATION_COMMENTS = YES;
				CLANG_WARN_EMPTY_BODY = YES;
				CLANG_WARN_ENUM_CONVERSION = YES;
				CLANG_WARN_INFINITE_RECURSION = YES;
				CLANG_WARN_INT_CONVERSION = YES;
				CLANG_WARN_NON_LITERAL_NULL_CONVERSION = YES;
				CLANG_WARN_OBJC_IMPLICIT_RETAIN_SELF = YES;
				CLANG_WARN_OBJC_LITERAL_CONVERSION = YES;
				CLANG_WARN_OBJC_ROOT_CLASS = YES_ERROR;
				CLANG_WARN_QUOTED_INCLUDE_IN_FRAMEWORK_HEADER = NO;
				CLANG_WARN_RANGE_LOOP_ANALYSIS = YES;
				CLANG_WARN_STRICT_PROTOTYPES = YES;
				CLANG_WARN_SUSPICIOUS_MOVE = YES;
				CLANG_WARN_UNGUARDED_AVAILABILITY = YES_AGGRESSIVE;
				CLANG_WARN_UNREACHABLE_CODE = YES;
				CLANG_WARN__DUPLICATE_METHOD_MATCH = YES;
				CODE_SIGN_IDENTITY = "";
				CODE_SIGN_STYLE = Manual;
				COPY_PHASE_STRIP = NO;
				CURRENT_PROJECT_VERSION = 1;
				DEAD_CODE_STRIPPING = YES;
				DEBUG_INFORMATION_FORMAT = "dwarf-with-dsym";
				ENABLE_NS_ASSERTIONS = NO;
				ENABLE_STRICT_OBJC_MSGSEND = YES;
				GCC_C_LANGUAGE_STANDARD = gnu11;
				GCC_NO_COMMON_BLOCKS = YES;
				GCC_WARN_64_TO_32_BIT_CONVERSION = YES;
				GCC_WARN_ABOUT_RETURN_TYPE = YES_ERROR;
				GCC_WARN_UNDECLARED_SELECTOR = YES;
				GCC_WARN_UNINITIALIZED_AUTOS = YES_AGGRESSIVE;
				GCC_WARN_UNUSED_FUNCTION = YES;
				GCC_WARN_UNUSED_VARIABLE = YES;
				MACOSX_DEPLOYMENT_TARGET = 12.0;
				MTL_ENABLE_DEBUG_INFO = NO;
				MTL_FAST_MATH = YES;
				SDKROOT = macosx;
				STRIP_INSTALLED_PRODUCT = NO;
				VERSIONING_SYSTEM = "apple-generic";
				VERSION_INFO_PREFIX = "";
			};
			name = Release;
		};
		1A0FBE96260E1C2E00FF39BB /* Debug */ = {
			isa = XCBuildConfiguration;
			buildSettings = {
				COMBINE_HIDPI_IMAGES = YES;
				DEAD_CODE_STRIPPING = YES;
				DEFINES_MODULE = YES;
				DYLIB_COMPATIBILITY_VERSION = 1;
				DYLIB_CURRENT_VERSION = 1;
				DYLIB_INSTALL_NAME_BASE = "@rpath";
				INFOPLIST_FILE = VVMetalKit/Info.plist;
				INSTALL_PATH = "$(LOCAL_LIBRARY_DIR)/Frameworks";
				LD_RUNPATH_SEARCH_PATHS = (
					"$(inherited)",
					"@executable_path/../Frameworks",
					"@loader_path/../Frameworks",
				);
				MODULEMAP_FILE = VVMetalKit/VVMetalKit.modulemap;
				MODULE_VERIFIER_SUPPORTED_LANGUAGES = "objective-c objective-c++";
				MODULE_VERIFIER_SUPPORTED_LANGUAGE_STANDARDS = "gnu11 gnu++14";
				PRODUCT_BUNDLE_IDENTIFIER = com.vidvox.VVMetalKit;
				PRODUCT_NAME = "$(TARGET_NAME:c99extidentifier)";
				SKIP_INSTALL = YES;
			};
			name = Debug;
		};
		1A0FBE97260E1C2E00FF39BB /* Release */ = {
			isa = XCBuildConfiguration;
			buildSettings = {
				COMBINE_HIDPI_IMAGES = YES;
				DEAD_CODE_STRIPPING = YES;
				DEFINES_MODULE = YES;
				DYLIB_COMPATIBILITY_VERSION = 1;
				DYLIB_CURRENT_VERSION = 1;
				DYLIB_INSTALL_NAME_BASE = "@rpath";
				INFOPLIST_FILE = VVMetalKit/Info.plist;
				INSTALL_PATH = "$(LOCAL_LIBRARY_DIR)/Frameworks";
				LD_RUNPATH_SEARCH_PATHS = (
					"$(inherited)",
					"@executable_path/../Frameworks",
					"@loader_path/../Frameworks",
				);
				MODULEMAP_FILE = VVMetalKit/VVMetalKit.modulemap;
				MODULE_VERIFIER_SUPPORTED_LANGUAGES = "objective-c objective-c++";
				MODULE_VERIFIER_SUPPORTED_LANGUAGE_STANDARDS = "gnu11 gnu++14";
				PRODUCT_BUNDLE_IDENTIFIER = com.vidvox.VVMetalKit;
				PRODUCT_NAME = "$(TARGET_NAME:c99extidentifier)";
				SKIP_INSTALL = YES;
			};
			name = Release;
		};
		1AC82CF627FF2901009A9989 /* Debug */ = {
			isa = XCBuildConfiguration;
			buildSettings = {
				COMBINE_HIDPI_IMAGES = YES;
				DEFINES_MODULE = YES;
				DYLIB_COMPATIBILITY_VERSION = 1;
				DYLIB_CURRENT_VERSION = 1;
				DYLIB_INSTALL_NAME_BASE = "@rpath";
				INFOPLIST_FILE = VVMetalKit/Info.plist;
				INSTALL_PATH = "$(LOCAL_LIBRARY_DIR)/Frameworks";
				LD_RUNPATH_SEARCH_PATHS = (
					"$(inherited)",
					"@executable_path/../Frameworks",
					"@loader_path/../Frameworks",
				);
				MODULE_VERIFIER_SUPPORTED_LANGUAGES = "objective-c objective-c++";
				MODULE_VERIFIER_SUPPORTED_LANGUAGE_STANDARDS = "gnu11 gnu++14";
				PRODUCT_BUNDLE_IDENTIFIER = com.vidvox.VVMetalKit;
				PRODUCT_NAME = "$(TARGET_NAME:c99extidentifier)";
				SDKROOT = iphoneos;
				SKIP_INSTALL = YES;
			};
			name = Debug;
		};
		1AC82CF727FF2901009A9989 /* Release */ = {
			isa = XCBuildConfiguration;
			buildSettings = {
				COMBINE_HIDPI_IMAGES = YES;
				DEFINES_MODULE = YES;
				DYLIB_COMPATIBILITY_VERSION = 1;
				DYLIB_CURRENT_VERSION = 1;
				DYLIB_INSTALL_NAME_BASE = "@rpath";
				INFOPLIST_FILE = VVMetalKit/Info.plist;
				INSTALL_PATH = "$(LOCAL_LIBRARY_DIR)/Frameworks";
				LD_RUNPATH_SEARCH_PATHS = (
					"$(inherited)",
					"@executable_path/../Frameworks",
					"@loader_path/../Frameworks",
				);
				MODULE_VERIFIER_SUPPORTED_LANGUAGES = "objective-c objective-c++";
				MODULE_VERIFIER_SUPPORTED_LANGUAGE_STANDARDS = "gnu11 gnu++14";
				PRODUCT_BUNDLE_IDENTIFIER = com.vidvox.VVMetalKit;
				PRODUCT_NAME = "$(TARGET_NAME:c99extidentifier)";
				SDKROOT = iphoneos;
				SKIP_INSTALL = YES;
			};
			name = Release;
		};
		1AED790F2A1524D6004C0126 /* Debug */ = {
			isa = XCBuildConfiguration;
			buildSettings = {
				CLANG_CXX_LANGUAGE_STANDARD = "gnu++17";
				CLANG_WARN_QUOTED_INCLUDE_IN_FRAMEWORK_HEADER = YES;
				CODE_SIGN_STYLE = Manual;
				COMBINE_HIDPI_IMAGES = YES;
				CURRENT_PROJECT_VERSION = 1;
				DEAD_CODE_STRIPPING = YES;
				DEFINES_MODULE = YES;
				DEVELOPMENT_TEAM = "";
				DYLIB_COMPATIBILITY_VERSION = 1;
				DYLIB_CURRENT_VERSION = 1;
				DYLIB_INSTALL_NAME_BASE = "@rpath";
				GENERATE_INFOPLIST_FILE = YES;
				INFOPLIST_KEY_NSHumanReadableCopyright = "";
				INSTALL_PATH = "$(LOCAL_LIBRARY_DIR)/Frameworks";
				LD_RUNPATH_SEARCH_PATHS = (
					"$(inherited)",
					"@executable_path/../Frameworks",
					"@loader_path/Frameworks",
				);
				MACOSX_DEPLOYMENT_TARGET = 11.0;
				MARKETING_VERSION = 1.0;
				MODULE_VERIFIER_SUPPORTED_LANGUAGES = "objective-c objective-c++";
				MODULE_VERIFIER_SUPPORTED_LANGUAGE_STANDARDS = "gnu11 gnu++17";
				PRODUCT_BUNDLE_IDENTIFIER = com.vidvox.MSLCompModes;
				PRODUCT_NAME = "$(TARGET_NAME:c99extidentifier)";
				PROVISIONING_PROFILE_SPECIFIER = "";
				SKIP_INSTALL = YES;
				SWIFT_EMIT_LOC_STRINGS = YES;
			};
			name = Debug;
		};
		1AED79102A1524D6004C0126 /* Release */ = {
			isa = XCBuildConfiguration;
			buildSettings = {
				CLANG_CXX_LANGUAGE_STANDARD = "gnu++17";
				CLANG_WARN_QUOTED_INCLUDE_IN_FRAMEWORK_HEADER = YES;
				CODE_SIGN_STYLE = Manual;
				COMBINE_HIDPI_IMAGES = YES;
				CURRENT_PROJECT_VERSION = 1;
				DEAD_CODE_STRIPPING = YES;
				DEFINES_MODULE = YES;
				DEVELOPMENT_TEAM = "";
				DYLIB_COMPATIBILITY_VERSION = 1;
				DYLIB_CURRENT_VERSION = 1;
				DYLIB_INSTALL_NAME_BASE = "@rpath";
				GENERATE_INFOPLIST_FILE = YES;
				INFOPLIST_KEY_NSHumanReadableCopyright = "";
				INSTALL_PATH = "$(LOCAL_LIBRARY_DIR)/Frameworks";
				LD_RUNPATH_SEARCH_PATHS = (
					"$(inherited)",
					"@executable_path/../Frameworks",
					"@loader_path/Frameworks",
				);
				MACOSX_DEPLOYMENT_TARGET = 11.0;
				MARKETING_VERSION = 1.0;
				MODULE_VERIFIER_SUPPORTED_LANGUAGES = "objective-c objective-c++";
				MODULE_VERIFIER_SUPPORTED_LANGUAGE_STANDARDS = "gnu11 gnu++17";
				PRODUCT_BUNDLE_IDENTIFIER = com.vidvox.MSLCompModes;
				PRODUCT_NAME = "$(TARGET_NAME:c99extidentifier)";
				PROVISIONING_PROFILE_SPECIFIER = "";
				SKIP_INSTALL = YES;
				SWIFT_EMIT_LOC_STRINGS = YES;
			};
			name = Release;
		};
/* End XCBuildConfiguration section */

/* Begin XCConfigurationList section */
		1A0FBE87260E1C2E00FF39BB /* Build configuration list for PBXProject "VVMetalKit" */ = {
			isa = XCConfigurationList;
			buildConfigurations = (
				1A0FBE93260E1C2E00FF39BB /* Debug */,
				1A0FBE94260E1C2E00FF39BB /* Release */,
			);
			defaultConfigurationIsVisible = 0;
			defaultConfigurationName = Release;
		};
		1A0FBE95260E1C2E00FF39BB /* Build configuration list for PBXNativeTarget "VVMetalKit" */ = {
			isa = XCConfigurationList;
			buildConfigurations = (
				1A0FBE96260E1C2E00FF39BB /* Debug */,
				1A0FBE97260E1C2E00FF39BB /* Release */,
			);
			defaultConfigurationIsVisible = 0;
			defaultConfigurationName = Release;
		};
		1AC82CF527FF2901009A9989 /* Build configuration list for PBXNativeTarget "VVMetalKitTouch" */ = {
			isa = XCConfigurationList;
			buildConfigurations = (
				1AC82CF627FF2901009A9989 /* Debug */,
				1AC82CF727FF2901009A9989 /* Release */,
			);
			defaultConfigurationIsVisible = 0;
			defaultConfigurationName = Release;
		};
		1AED791D2A1524D6004C0126 /* Build configuration list for PBXNativeTarget "MSLCompModes" */ = {
			isa = XCConfigurationList;
			buildConfigurations = (
				1AED790F2A1524D6004C0126 /* Debug */,
				1AED79102A1524D6004C0126 /* Release */,
			);
			defaultConfigurationIsVisible = 0;
			defaultConfigurationName = Release;
		};
/* End XCConfigurationList section */
	};
	rootObject = 1A0FBE84260E1C2E00FF39BB /* Project object */;
}
